// !$*UTF8*$!
{
	archiveVersion = 1;
	classes = {
	};
	objectVersion = 46;
	objects = {

/* Begin PBXBuildFile section */
		5D4ADC6117D565EE007A2806 /* CoreGraphics.framework in Frameworks */ = {isa = PBXBuildFile; fileRef = 5D4ADC6017D565EE007A2806 /* CoreGraphics.framework */; };
		5D4ADC6317D565EE007A2806 /* Foundation.framework in Frameworks */ = {isa = PBXBuildFile; fileRef = 5D4ADC6217D565EE007A2806 /* Foundation.framework */; };
		5D4ADC6517D565EE007A2806 /* OpenGLES.framework in Frameworks */ = {isa = PBXBuildFile; fileRef = 5D4ADC6417D565EE007A2806 /* OpenGLES.framework */; };
		5D4ADC6717D565EE007A2806 /* QuartzCore.framework in Frameworks */ = {isa = PBXBuildFile; fileRef = 5D4ADC6617D565EE007A2806 /* QuartzCore.framework */; };
		5D4ADC6917D565EE007A2806 /* UIKit.framework in Frameworks */ = {isa = PBXBuildFile; fileRef = 5D4ADC6817D565EE007A2806 /* UIKit.framework */; };
		5D4ADC7017D565EE007A2806 /* InfoPlist.strings in Resources */ = {isa = PBXBuildFile; fileRef = 5D4ADC6E17D565EE007A2806 /* InfoPlist.strings */; };
		5D4ADC7217D565EE007A2806 /* main.mm in Sources */ = {isa = PBXBuildFile; fileRef = 5D4ADC7117D565EE007A2806 /* main.mm */; };
		5D4ADC7617D565EE007A2806 /* OgreDemoApp.cpp in Sources */ = {isa = PBXBuildFile; fileRef = 5D4ADC7517D565EE007A2806 /* OgreDemoApp.cpp */; };
		5D4ADC7917D565EE007A2806 /* OgreFramework.cpp in Sources */ = {isa = PBXBuildFile; fileRef = 5D4ADC7817D565EE007A2806 /* OgreFramework.cpp */; };
		5D4ADCC217D565EE007A2806 /* ogre.cfg in Resources */ = {isa = PBXBuildFile; fileRef = 5D4ADCC117D565EE007A2806 /* ogre.cfg */; };
		5D4ADCC417D565EE007A2806 /* plugins.cfg in Resources */ = {isa = PBXBuildFile; fileRef = 5D4ADCC317D565EE007A2806 /* plugins.cfg */; };
		5D4ADCC617D565EE007A2806 /* resources.cfg in Resources */ = {isa = PBXBuildFile; fileRef = 5D4ADCC517D565EE007A2806 /* resources.cfg */; };
		5D4ADCCE17D566DA007A2806 /* Util.cpp in Sources */ = {isa = PBXBuildFile; fileRef = 5D4ADCCC17D566DA007A2806 /* Util.cpp */; };
		5D4ADCD817D56814007A2806 /* Default-568h@2x.png in Resources */ = {isa = PBXBuildFile; fileRef = 5D4ADCD717D56814007A2806 /* Default-568h@2x.png */; };
		5D4ADCDA17D56DB0007A2806 /* libPlugin_ParticleFXStatic.a in Frameworks */ = {isa = PBXBuildFile; fileRef = 5D4ADCD917D56DB0007A2806 /* libPlugin_ParticleFXStatic.a */; };
/* End PBXBuildFile section */

/* Begin PBXFileReference section */
		5D4ADC5D17D565EE007A2806 /* Space.app */ = {isa = PBXFileReference; explicitFileType = wrapper.application; includeInIndex = 0; path = Space.app; sourceTree = BUILT_PRODUCTS_DIR; };
		5D4ADC6017D565EE007A2806 /* CoreGraphics.framework */ = {isa = PBXFileReference; lastKnownFileType = wrapper.framework; name = CoreGraphics.framework; path = System/Library/Frameworks/CoreGraphics.framework; sourceTree = SDKROOT; };
		5D4ADC6217D565EE007A2806 /* Foundation.framework */ = {isa = PBXFileReference; lastKnownFileType = wrapper.framework; name = Foundation.framework; path = System/Library/Frameworks/Foundation.framework; sourceTree = SDKROOT; };
		5D4ADC6417D565EE007A2806 /* OpenGLES.framework */ = {isa = PBXFileReference; lastKnownFileType = wrapper.framework; name = OpenGLES.framework; path = System/Library/Frameworks/OpenGLES.framework; sourceTree = SDKROOT; };
		5D4ADC6617D565EE007A2806 /* QuartzCore.framework */ = {isa = PBXFileReference; lastKnownFileType = wrapper.framework; name = QuartzCore.framework; path = System/Library/Frameworks/QuartzCore.framework; sourceTree = SDKROOT; };
		5D4ADC6817D565EE007A2806 /* UIKit.framework */ = {isa = PBXFileReference; lastKnownFileType = wrapper.framework; name = UIKit.framework; path = System/Library/Frameworks/UIKit.framework; sourceTree = SDKROOT; };
		5D4ADC6C17D565EE007A2806 /* Space-Prefix.pch */ = {isa = PBXFileReference; lastKnownFileType = sourcecode.c.h; path = "Space-Prefix.pch"; sourceTree = "<group>"; };
		5D4ADC6D17D565EE007A2806 /* Space-Info.plist */ = {isa = PBXFileReference; lastKnownFileType = text.plist.xml; path = "Space-Info.plist"; sourceTree = "<group>"; };
		5D4ADC6F17D565EE007A2806 /* en */ = {isa = PBXFileReference; lastKnownFileType = text.plist.strings; name = en; path = en.lproj/InfoPlist.strings; sourceTree = "<group>"; };
		5D4ADC7117D565EE007A2806 /* main.mm */ = {isa = PBXFileReference; lastKnownFileType = sourcecode.cpp.objcpp; path = main.mm; sourceTree = "<group>"; };
		5D4ADC7417D565EE007A2806 /* AppDelegate.h */ = {isa = PBXFileReference; lastKnownFileType = sourcecode.c.h; path = AppDelegate.h; sourceTree = "<group>"; };
		5D4ADC7517D565EE007A2806 /* OgreDemoApp.cpp */ = {isa = PBXFileReference; lastKnownFileType = sourcecode.cpp.cpp; path = OgreDemoApp.cpp; sourceTree = "<group>"; };
		5D4ADC7717D565EE007A2806 /* OgreDemoApp.h */ = {isa = PBXFileReference; lastKnownFileType = sourcecode.c.h; path = OgreDemoApp.h; sourceTree = "<group>"; };
		5D4ADC7817D565EE007A2806 /* OgreFramework.cpp */ = {isa = PBXFileReference; lastKnownFileType = sourcecode.cpp.cpp; path = OgreFramework.cpp; sourceTree = "<group>"; };
		5D4ADC7A17D565EE007A2806 /* OgreFramework.h */ = {isa = PBXFileReference; lastKnownFileType = sourcecode.c.h; path = OgreFramework.h; sourceTree = "<group>"; };
		5D4ADC7B17D565EE007A2806 /* OgreStaticPluginLoader.h */ = {isa = PBXFileReference; lastKnownFileType = sourcecode.c.h; path = OgreStaticPluginLoader.h; sourceTree = "<group>"; };
		5D4ADC8017D565EE007A2806 /* Examples.material */ = {isa = PBXFileReference; lastKnownFileType = text; path = Examples.material; sourceTree = "<group>"; };
		5D4ADC8117D565EE007A2806 /* Ogre.material */ = {isa = PBXFileReference; lastKnownFileType = text; path = Ogre.material; sourceTree = "<group>"; };
		5D4ADC8317D565EE007A2806 /* GreenSkin.jpg */ = {isa = PBXFileReference; lastKnownFileType = image.jpeg; path = GreenSkin.jpg; sourceTree = "<group>"; };
		5D4ADC8417D565EE007A2806 /* spheremap.png */ = {isa = PBXFileReference; lastKnownFileType = image.png; path = spheremap.png; sourceTree = "<group>"; };
		5D4ADC8517D565EE007A2806 /* tusk.jpg */ = {isa = PBXFileReference; lastKnownFileType = image.jpeg; path = tusk.jpg; sourceTree = "<group>"; };
		5D4ADC8717D565EE007A2806 /* ogrehead.mesh */ = {isa = PBXFileReference; lastKnownFileType = file; path = ogrehead.mesh; sourceTree = "<group>"; };
		5D4ADC8917D565EE007A2806 /* cubemap.zip */ = {isa = PBXFileReference; lastKnownFileType = archive.zip; path = cubemap.zip; sourceTree = "<group>"; };
		5D4ADC8A17D565EE007A2806 /* cubemapsJS.zip */ = {isa = PBXFileReference; lastKnownFileType = archive.zip; path = cubemapsJS.zip; sourceTree = "<group>"; };
		5D4ADC8B17D565EE007A2806 /* SdkTrays.zip */ = {isa = PBXFileReference; lastKnownFileType = archive.zip; path = SdkTrays.zip; sourceTree = "<group>"; };
		5D4ADC8C17D565EE007A2806 /* skybox.zip */ = {isa = PBXFileReference; lastKnownFileType = archive.zip; path = skybox.zip; sourceTree = "<group>"; };
		5D4ADC8E17D565EE007A2806 /* FFPLib_Common.cg */ = {isa = PBXFileReference; lastKnownFileType = text; path = FFPLib_Common.cg; sourceTree = "<group>"; };
		5D4ADC8F17D565EE007A2806 /* FFPLib_Common.glsl */ = {isa = PBXFileReference; lastKnownFileType = text; path = FFPLib_Common.glsl; sourceTree = "<group>"; };
		5D4ADC9017D565EE007A2806 /* FFPLib_Common.glsles */ = {isa = PBXFileReference; lastKnownFileType = text; path = FFPLib_Common.glsles; sourceTree = "<group>"; };
		5D4ADC9117D565EE007A2806 /* FFPLib_Common.hlsl */ = {isa = PBXFileReference; lastKnownFileType = text; path = FFPLib_Common.hlsl; sourceTree = "<group>"; };
		5D4ADC9217D565EE007A2806 /* FFPLib_Fog.cg */ = {isa = PBXFileReference; lastKnownFileType = text; path = FFPLib_Fog.cg; sourceTree = "<group>"; };
		5D4ADC9317D565EE007A2806 /* FFPLib_Fog.glsl */ = {isa = PBXFileReference; lastKnownFileType = text; path = FFPLib_Fog.glsl; sourceTree = "<group>"; };
		5D4ADC9417D565EE007A2806 /* FFPLib_Fog.glsles */ = {isa = PBXFileReference; lastKnownFileType = text; path = FFPLib_Fog.glsles; sourceTree = "<group>"; };
		5D4ADC9517D565EE007A2806 /* FFPLib_Fog.hlsl */ = {isa = PBXFileReference; lastKnownFileType = text; path = FFPLib_Fog.hlsl; sourceTree = "<group>"; };
		5D4ADC9617D565EE007A2806 /* FFPLib_Lighting.cg */ = {isa = PBXFileReference; lastKnownFileType = text; path = FFPLib_Lighting.cg; sourceTree = "<group>"; };
		5D4ADC9717D565EE007A2806 /* FFPLib_Lighting.glsl */ = {isa = PBXFileReference; lastKnownFileType = text; path = FFPLib_Lighting.glsl; sourceTree = "<group>"; };
		5D4ADC9817D565EE007A2806 /* FFPLib_Lighting.glsles */ = {isa = PBXFileReference; lastKnownFileType = text; path = FFPLib_Lighting.glsles; sourceTree = "<group>"; };
		5D4ADC9917D565EE007A2806 /* FFPLib_Lighting.hlsl */ = {isa = PBXFileReference; lastKnownFileType = text; path = FFPLib_Lighting.hlsl; sourceTree = "<group>"; };
		5D4ADC9A17D565EE007A2806 /* FFPLib_Texturing.cg */ = {isa = PBXFileReference; lastKnownFileType = text; path = FFPLib_Texturing.cg; sourceTree = "<group>"; };
		5D4ADC9B17D565EE007A2806 /* FFPLib_Texturing.glsl */ = {isa = PBXFileReference; lastKnownFileType = text; path = FFPLib_Texturing.glsl; sourceTree = "<group>"; };
		5D4ADC9C17D565EE007A2806 /* FFPLib_Texturing.glsles */ = {isa = PBXFileReference; lastKnownFileType = text; path = FFPLib_Texturing.glsles; sourceTree = "<group>"; };
		5D4ADC9D17D565EE007A2806 /* FFPLib_Texturing.hlsl */ = {isa = PBXFileReference; lastKnownFileType = text; path = FFPLib_Texturing.hlsl; sourceTree = "<group>"; };
		5D4ADC9E17D565EE007A2806 /* FFPLib_Transform.cg */ = {isa = PBXFileReference; lastKnownFileType = text; path = FFPLib_Transform.cg; sourceTree = "<group>"; };
		5D4ADC9F17D565EE007A2806 /* FFPLib_Transform.glsl */ = {isa = PBXFileReference; lastKnownFileType = text; path = FFPLib_Transform.glsl; sourceTree = "<group>"; };
		5D4ADCA017D565EE007A2806 /* FFPLib_Transform.glsles */ = {isa = PBXFileReference; lastKnownFileType = text; path = FFPLib_Transform.glsles; sourceTree = "<group>"; };
		5D4ADCA117D565EE007A2806 /* FFPLib_Transform.hlsl */ = {isa = PBXFileReference; lastKnownFileType = text; path = FFPLib_Transform.hlsl; sourceTree = "<group>"; };
		5D4ADCA317D565EE007A2806 /* HardwareSkinningShadow.cg */ = {isa = PBXFileReference; lastKnownFileType = text; path = HardwareSkinningShadow.cg; sourceTree = "<group>"; };
		5D4ADCA417D565EE007A2806 /* HardwareSkinningShadow.material */ = {isa = PBXFileReference; lastKnownFileType = text; path = HardwareSkinningShadow.material; sourceTree = "<group>"; };
		5D4ADCA517D565EE007A2806 /* RTShaderSystem.material */ = {isa = PBXFileReference; lastKnownFileType = text; path = RTShaderSystem.material; sourceTree = "<group>"; };
		5D4ADCA617D565EE007A2806 /* SampleLib_InstancedViewports.cg */ = {isa = PBXFileReference; lastKnownFileType = text; path = SampleLib_InstancedViewports.cg; sourceTree = "<group>"; };
		5D4ADCA717D565EE007A2806 /* SampleLib_InstancedViewports.glsl */ = {isa = PBXFileReference; lastKnownFileType = text; path = SampleLib_InstancedViewports.glsl; sourceTree = "<group>"; };
		5D4ADCA817D565EE007A2806 /* SampleLib_InstancedViewports.hlsl */ = {isa = PBXFileReference; lastKnownFileType = text; path = SampleLib_InstancedViewports.hlsl; sourceTree = "<group>"; };
		5D4ADCA917D565EE007A2806 /* SampleLib_ReflectionMap.cg */ = {isa = PBXFileReference; lastKnownFileType = text; path = SampleLib_ReflectionMap.cg; sourceTree = "<group>"; };
		5D4ADCAA17D565EE007A2806 /* SampleLib_ReflectionMap.glsl */ = {isa = PBXFileReference; lastKnownFileType = text; path = SampleLib_ReflectionMap.glsl; sourceTree = "<group>"; };
		5D4ADCAB17D565EE007A2806 /* SampleLib_ReflectionMap.glsles */ = {isa = PBXFileReference; lastKnownFileType = text; path = SampleLib_ReflectionMap.glsles; sourceTree = "<group>"; };
		5D4ADCAC17D565EE007A2806 /* SampleLib_ReflectionMap.hlsl */ = {isa = PBXFileReference; lastKnownFileType = text; path = SampleLib_ReflectionMap.hlsl; sourceTree = "<group>"; };
		5D4ADCAD17D565EE007A2806 /* SGXLib_IntegratedPSSM.cg */ = {isa = PBXFileReference; lastKnownFileType = text; path = SGXLib_IntegratedPSSM.cg; sourceTree = "<group>"; };
		5D4ADCAE17D565EE007A2806 /* SGXLib_IntegratedPSSM.glsl */ = {isa = PBXFileReference; lastKnownFileType = text; path = SGXLib_IntegratedPSSM.glsl; sourceTree = "<group>"; };
		5D4ADCAF17D565EE007A2806 /* SGXLib_IntegratedPSSM.glsles */ = {isa = PBXFileReference; lastKnownFileType = text; path = SGXLib_IntegratedPSSM.glsles; sourceTree = "<group>"; };
		5D4ADCB017D565EE007A2806 /* SGXLib_IntegratedPSSM.hlsl */ = {isa = PBXFileReference; lastKnownFileType = text; path = SGXLib_IntegratedPSSM.hlsl; sourceTree = "<group>"; };
		5D4ADCB117D565EE007A2806 /* SGXLib_LayeredBlending.cg */ = {isa = PBXFileReference; lastKnownFileType = text; path = SGXLib_LayeredBlending.cg; sourceTree = "<group>"; };
		5D4ADCB217D565EE007A2806 /* SGXLib_LayeredBlending.glsl */ = {isa = PBXFileReference; lastKnownFileType = text; path = SGXLib_LayeredBlending.glsl; sourceTree = "<group>"; };
		5D4ADCB317D565EE007A2806 /* SGXLib_LayeredBlending.glsles */ = {isa = PBXFileReference; lastKnownFileType = text; path = SGXLib_LayeredBlending.glsles; sourceTree = "<group>"; };
		5D4ADCB417D565EE007A2806 /* SGXLib_LayeredBlending.hlsl */ = {isa = PBXFileReference; lastKnownFileType = text; path = SGXLib_LayeredBlending.hlsl; sourceTree = "<group>"; };
		5D4ADCB517D565EE007A2806 /* SGXLib_NormalMapLighting.cg */ = {isa = PBXFileReference; lastKnownFileType = text; path = SGXLib_NormalMapLighting.cg; sourceTree = "<group>"; };
		5D4ADCB617D565EE007A2806 /* SGXLib_NormalMapLighting.glsl */ = {isa = PBXFileReference; lastKnownFileType = text; path = SGXLib_NormalMapLighting.glsl; sourceTree = "<group>"; };
		5D4ADCB717D565EE007A2806 /* SGXLib_NormalMapLighting.glsles */ = {isa = PBXFileReference; lastKnownFileType = text; path = SGXLib_NormalMapLighting.glsles; sourceTree = "<group>"; };
		5D4ADCB817D565EE007A2806 /* SGXLib_NormalMapLighting.hlsl */ = {isa = PBXFileReference; lastKnownFileType = text; path = SGXLib_NormalMapLighting.hlsl; sourceTree = "<group>"; };
		5D4ADCB917D565EE007A2806 /* SGXLib_PerPixelLighting.cg */ = {isa = PBXFileReference; lastKnownFileType = text; path = SGXLib_PerPixelLighting.cg; sourceTree = "<group>"; };
		5D4ADCBA17D565EE007A2806 /* SGXLib_PerPixelLighting.glsl */ = {isa = PBXFileReference; lastKnownFileType = text; path = SGXLib_PerPixelLighting.glsl; sourceTree = "<group>"; };
		5D4ADCBB17D565EE007A2806 /* SGXLib_PerPixelLighting.glsles */ = {isa = PBXFileReference; lastKnownFileType = text; path = SGXLib_PerPixelLighting.glsles; sourceTree = "<group>"; };
		5D4ADCBC17D565EE007A2806 /* SGXLib_PerPixelLighting.hlsl */ = {isa = PBXFileReference; lastKnownFileType = text; path = SGXLib_PerPixelLighting.hlsl; sourceTree = "<group>"; };
		5D4ADCBD17D565EE007A2806 /* SGXLib_TextureAtlas.cg */ = {isa = PBXFileReference; lastKnownFileType = text; path = SGXLib_TextureAtlas.cg; sourceTree = "<group>"; };
		5D4ADCBE17D565EE007A2806 /* SGXLib_TextureAtlas.glsl */ = {isa = PBXFileReference; lastKnownFileType = text; path = SGXLib_TextureAtlas.glsl; sourceTree = "<group>"; };
		5D4ADCBF17D565EE007A2806 /* SGXLib_TextureAtlas.glsles */ = {isa = PBXFileReference; lastKnownFileType = text; path = SGXLib_TextureAtlas.glsles; sourceTree = "<group>"; };
		5D4ADCC017D565EE007A2806 /* SGXLib_TextureAtlas.hlsl */ = {isa = PBXFileReference; lastKnownFileType = folder; name = SGXLib_TextureAtlas.hlsl; path = ..; sourceTree = "<group>"; };
		5D4ADCC117D565EE007A2806 /* ogre.cfg */ = {isa = PBXFileReference; lastKnownFileType = text; path = ogre.cfg; sourceTree = "<group>"; };
		5D4ADCC317D565EE007A2806 /* plugins.cfg */ = {isa = PBXFileReference; lastKnownFileType = text; path = plugins.cfg; sourceTree = "<group>"; };
		5D4ADCC517D565EE007A2806 /* resources.cfg */ = {isa = PBXFileReference; lastKnownFileType = text; path = resources.cfg; sourceTree = "<group>"; };
		5D4ADCCC17D566DA007A2806 /* Util.cpp */ = {isa = PBXFileReference; fileEncoding = 4; lastKnownFileType = sourcecode.cpp.cpp; path = Util.cpp; sourceTree = "<group>"; };
		5D4ADCCD17D566DA007A2806 /* Util.h */ = {isa = PBXFileReference; fileEncoding = 4; lastKnownFileType = sourcecode.c.h; path = Util.h; sourceTree = "<group>"; };
		5D4ADCCF17D5678E007A2806 /* General.material */ = {isa = PBXFileReference; fileEncoding = 4; lastKnownFileType = text; path = General.material; sourceTree = "<group>"; };
		5D4ADCD017D5678E007A2806 /* Space.particle */ = {isa = PBXFileReference; fileEncoding = 4; lastKnownFileType = text; path = Space.particle; sourceTree = "<group>"; };
		5D4ADCD317D56797007A2806 /* star.png */ = {isa = PBXFileReference; lastKnownFileType = image.png; path = star.png; sourceTree = "<group>"; };
		5D4ADCD417D56797007A2806 /* star2.png */ = {isa = PBXFileReference; lastKnownFileType = image.png; path = star2.png; sourceTree = "<group>"; };
		5D4ADCD717D56814007A2806 /* Default-568h@2x.png */ = {isa = PBXFileReference; lastKnownFileType = image.png; path = "Default-568h@2x.png"; sourceTree = "<group>"; };
		5D4ADCD917D56DB0007A2806 /* libPlugin_ParticleFXStatic.a */ = {isa = PBXFileReference; lastKnownFileType = archive.ar; name = libPlugin_ParticleFXStatic.a; path = ../../../OgreSDKIOS/lib/Release/libPlugin_ParticleFXStatic.a; sourceTree = "<group>"; };
/* End PBXFileReference section */

/* Begin PBXFrameworksBuildPhase section */
		5D4ADC5917D565EE007A2806 /* Frameworks */ = {
			isa = PBXFrameworksBuildPhase;
			buildActionMask = 2147483647;
			files = (
				5D4ADC6117D565EE007A2806 /* CoreGraphics.framework in Frameworks */,
				5D4ADC6317D565EE007A2806 /* Foundation.framework in Frameworks */,
				5D4ADC6517D565EE007A2806 /* OpenGLES.framework in Frameworks */,
				5D4ADC6717D565EE007A2806 /* QuartzCore.framework in Frameworks */,
				5D4ADC6917D565EE007A2806 /* UIKit.framework in Frameworks */,
				5D4ADCDA17D56DB0007A2806 /* libPlugin_ParticleFXStatic.a in Frameworks */,
			);
			runOnlyForDeploymentPostprocessing = 0;
		};
/* End PBXFrameworksBuildPhase section */

/* Begin PBXGroup section */
		5D4ADC5317D565EE007A2806 = {
			isa = PBXGroup;
			children = (
				5D4ADCD717D56814007A2806 /* Default-568h@2x.png */,
				5D4ADC6A17D565EE007A2806 /* Space */,
				5D4ADC5F17D565EE007A2806 /* Frameworks */,
				5D4ADC5E17D565EE007A2806 /* Products */,
			);
			sourceTree = "<group>";
		};
		5D4ADC5E17D565EE007A2806 /* Products */ = {
			isa = PBXGroup;
			children = (
				5D4ADC5D17D565EE007A2806 /* Space.app */,
			);
			name = Products;
			sourceTree = "<group>";
		};
		5D4ADC5F17D565EE007A2806 /* Frameworks */ = {
			isa = PBXGroup;
			children = (
				5D4ADCD917D56DB0007A2806 /* libPlugin_ParticleFXStatic.a */,
				5D4ADC6017D565EE007A2806 /* CoreGraphics.framework */,
				5D4ADC6217D565EE007A2806 /* Foundation.framework */,
				5D4ADC6417D565EE007A2806 /* OpenGLES.framework */,
				5D4ADC6617D565EE007A2806 /* QuartzCore.framework */,
				5D4ADC6817D565EE007A2806 /* UIKit.framework */,
			);
			name = Frameworks;
			sourceTree = "<group>";
		};
		5D4ADC6A17D565EE007A2806 /* Space */ = {
			isa = PBXGroup;
			children = (
				5D4ADC6E17D565EE007A2806 /* InfoPlist.strings */,
				5D4ADC7117D565EE007A2806 /* main.mm */,
				5D4ADC7317D565EE007A2806 /* Basic Ogre Framework */,
				5D4ADC7C17D565EE007A2806 /* Resources */,
				5D4ADC6B17D565EE007A2806 /* Supporting Files */,
			);
			path = Space;
			sourceTree = "<group>";
		};
		5D4ADC6B17D565EE007A2806 /* Supporting Files */ = {
			isa = PBXGroup;
			children = (
				5D4ADC6C17D565EE007A2806 /* Space-Prefix.pch */,
				5D4ADC6D17D565EE007A2806 /* Space-Info.plist */,
			);
			name = "Supporting Files";
			sourceTree = "<group>";
		};
		5D4ADC7317D565EE007A2806 /* Basic Ogre Framework */ = {
			isa = PBXGroup;
			children = (
				5D4ADC7417D565EE007A2806 /* AppDelegate.h */,
				5D4ADC7517D565EE007A2806 /* OgreDemoApp.cpp */,
				5D4ADC7717D565EE007A2806 /* OgreDemoApp.h */,
				5D4ADC7817D565EE007A2806 /* OgreFramework.cpp */,
				5D4ADC7A17D565EE007A2806 /* OgreFramework.h */,
				5D4ADC7B17D565EE007A2806 /* OgreStaticPluginLoader.h */,
				5D4ADCCC17D566DA007A2806 /* Util.cpp */,
				5D4ADCCD17D566DA007A2806 /* Util.h */,
			);
			name = "Basic Ogre Framework";
			sourceTree = "<group>";
		};
		5D4ADC7C17D565EE007A2806 /* Resources */ = {
			isa = PBXGroup;
			children = (
				5D4ADCC117D565EE007A2806 /* ogre.cfg */,
				5D4ADCC317D565EE007A2806 /* plugins.cfg */,
				5D4ADCC517D565EE007A2806 /* resources.cfg */,
				5D4ADC7D17D565EE007A2806 /* media */,
			);
			name = Resources;
			sourceTree = "<group>";
		};
		5D4ADC7D17D565EE007A2806 /* media */ = {
			isa = PBXGroup;
			children = (
				5D4ADC7E17D565EE007A2806 /* materials */,
				5D4ADC8617D565EE007A2806 /* models */,
				5D4ADC8817D565EE007A2806 /* packs */,
				5D4ADC8D17D565EE007A2806 /* RTShaderLib */,
			);
			path = media;
			sourceTree = "<group>";
		};
		5D4ADC7E17D565EE007A2806 /* materials */ = {
			isa = PBXGroup;
			children = (
				5D4ADC7F17D565EE007A2806 /* scripts */,
				5D4ADC8217D565EE007A2806 /* textures */,
			);
			path = materials;
			sourceTree = "<group>";
		};
		5D4ADC7F17D565EE007A2806 /* scripts */ = {
			isa = PBXGroup;
			children = (
				5D4ADC8017D565EE007A2806 /* Examples.material */,
				5D4ADC8117D565EE007A2806 /* Ogre.material */,
				5D4ADCCF17D5678E007A2806 /* General.material */,
				5D4ADCD017D5678E007A2806 /* Space.particle */,
			);
			path = scripts;
			sourceTree = "<group>";
		};
		5D4ADC8217D565EE007A2806 /* textures */ = {
			isa = PBXGroup;
			children = (
				5D4ADCD317D56797007A2806 /* star.png */,
				5D4ADCD417D56797007A2806 /* star2.png */,
				5D4ADC8317D565EE007A2806 /* GreenSkin.jpg */,
				5D4ADC8417D565EE007A2806 /* spheremap.png */,
				5D4ADC8517D565EE007A2806 /* tusk.jpg */,
			);
			path = textures;
			sourceTree = "<group>";
		};
		5D4ADC8617D565EE007A2806 /* models */ = {
			isa = PBXGroup;
			children = (
				5D4ADC8717D565EE007A2806 /* ogrehead.mesh */,
			);
			path = models;
			sourceTree = "<group>";
		};
		5D4ADC8817D565EE007A2806 /* packs */ = {
			isa = PBXGroup;
			children = (
				5D4ADC8917D565EE007A2806 /* cubemap.zip */,
				5D4ADC8A17D565EE007A2806 /* cubemapsJS.zip */,
				5D4ADC8B17D565EE007A2806 /* SdkTrays.zip */,
				5D4ADC8C17D565EE007A2806 /* skybox.zip */,
			);
			path = packs;
			sourceTree = "<group>";
		};
		5D4ADC8D17D565EE007A2806 /* RTShaderLib */ = {
			isa = PBXGroup;
			children = (
				5D4ADC8E17D565EE007A2806 /* FFPLib_Common.cg */,
				5D4ADC8F17D565EE007A2806 /* FFPLib_Common.glsl */,
				5D4ADC9017D565EE007A2806 /* FFPLib_Common.glsles */,
				5D4ADC9117D565EE007A2806 /* FFPLib_Common.hlsl */,
				5D4ADC9217D565EE007A2806 /* FFPLib_Fog.cg */,
				5D4ADC9317D565EE007A2806 /* FFPLib_Fog.glsl */,
				5D4ADC9417D565EE007A2806 /* FFPLib_Fog.glsles */,
				5D4ADC9517D565EE007A2806 /* FFPLib_Fog.hlsl */,
				5D4ADC9617D565EE007A2806 /* FFPLib_Lighting.cg */,
				5D4ADC9717D565EE007A2806 /* FFPLib_Lighting.glsl */,
				5D4ADC9817D565EE007A2806 /* FFPLib_Lighting.glsles */,
				5D4ADC9917D565EE007A2806 /* FFPLib_Lighting.hlsl */,
				5D4ADC9A17D565EE007A2806 /* FFPLib_Texturing.cg */,
				5D4ADC9B17D565EE007A2806 /* FFPLib_Texturing.glsl */,
				5D4ADC9C17D565EE007A2806 /* FFPLib_Texturing.glsles */,
				5D4ADC9D17D565EE007A2806 /* FFPLib_Texturing.hlsl */,
				5D4ADC9E17D565EE007A2806 /* FFPLib_Transform.cg */,
				5D4ADC9F17D565EE007A2806 /* FFPLib_Transform.glsl */,
				5D4ADCA017D565EE007A2806 /* FFPLib_Transform.glsles */,
				5D4ADCA117D565EE007A2806 /* FFPLib_Transform.hlsl */,
				5D4ADCA217D565EE007A2806 /* materials */,
				5D4ADCA617D565EE007A2806 /* SampleLib_InstancedViewports.cg */,
				5D4ADCA717D565EE007A2806 /* SampleLib_InstancedViewports.glsl */,
				5D4ADCA817D565EE007A2806 /* SampleLib_InstancedViewports.hlsl */,
				5D4ADCA917D565EE007A2806 /* SampleLib_ReflectionMap.cg */,
				5D4ADCAA17D565EE007A2806 /* SampleLib_ReflectionMap.glsl */,
				5D4ADCAB17D565EE007A2806 /* SampleLib_ReflectionMap.glsles */,
				5D4ADCAC17D565EE007A2806 /* SampleLib_ReflectionMap.hlsl */,
				5D4ADCAD17D565EE007A2806 /* SGXLib_IntegratedPSSM.cg */,
				5D4ADCAE17D565EE007A2806 /* SGXLib_IntegratedPSSM.glsl */,
				5D4ADCAF17D565EE007A2806 /* SGXLib_IntegratedPSSM.glsles */,
				5D4ADCB017D565EE007A2806 /* SGXLib_IntegratedPSSM.hlsl */,
				5D4ADCB117D565EE007A2806 /* SGXLib_LayeredBlending.cg */,
				5D4ADCB217D565EE007A2806 /* SGXLib_LayeredBlending.glsl */,
				5D4ADCB317D565EE007A2806 /* SGXLib_LayeredBlending.glsles */,
				5D4ADCB417D565EE007A2806 /* SGXLib_LayeredBlending.hlsl */,
				5D4ADCB517D565EE007A2806 /* SGXLib_NormalMapLighting.cg */,
				5D4ADCB617D565EE007A2806 /* SGXLib_NormalMapLighting.glsl */,
				5D4ADCB717D565EE007A2806 /* SGXLib_NormalMapLighting.glsles */,
				5D4ADCB817D565EE007A2806 /* SGXLib_NormalMapLighting.hlsl */,
				5D4ADCB917D565EE007A2806 /* SGXLib_PerPixelLighting.cg */,
				5D4ADCBA17D565EE007A2806 /* SGXLib_PerPixelLighting.glsl */,
				5D4ADCBB17D565EE007A2806 /* SGXLib_PerPixelLighting.glsles */,
				5D4ADCBC17D565EE007A2806 /* SGXLib_PerPixelLighting.hlsl */,
				5D4ADCBD17D565EE007A2806 /* SGXLib_TextureAtlas.cg */,
				5D4ADCBE17D565EE007A2806 /* SGXLib_TextureAtlas.glsl */,
				5D4ADCBF17D565EE007A2806 /* SGXLib_TextureAtlas.glsles */,
				5D4ADCC017D565EE007A2806 /* SGXLib_TextureAtlas.hlsl */,
			);
			path = RTShaderLib;
			sourceTree = "<group>";
		};
		5D4ADCA217D565EE007A2806 /* materials */ = {
			isa = PBXGroup;
			children = (
				5D4ADCA317D565EE007A2806 /* HardwareSkinningShadow.cg */,
				5D4ADCA417D565EE007A2806 /* HardwareSkinningShadow.material */,
				5D4ADCA517D565EE007A2806 /* RTShaderSystem.material */,
			);
			path = materials;
			sourceTree = "<group>";
		};
/* End PBXGroup section */

/* Begin PBXNativeTarget section */
		5D4ADC5C17D565EE007A2806 /* Space */ = {
			isa = PBXNativeTarget;
			buildConfigurationList = 5D4ADCC917D565EE007A2806 /* Build configuration list for PBXNativeTarget "Space" */;
			buildPhases = (
				5D4ADC5817D565EE007A2806 /* Sources */,
				5D4ADC5917D565EE007A2806 /* Frameworks */,
				5D4ADC5A17D565EE007A2806 /* Resources */,
				5D4ADC5B17D565EE007A2806 /* ShellScript */,
			);
			buildRules = (
			);
			dependencies = (
			);
			name = Space;
			productName = Space;
			productReference = 5D4ADC5D17D565EE007A2806 /* Space.app */;
			productType = "com.apple.product-type.application";
		};
/* End PBXNativeTarget section */

/* Begin PBXProject section */
		5D4ADC5417D565EE007A2806 /* Project object */ = {
			isa = PBXProject;
			attributes = {
				LastUpgradeCheck = 0460;
			};
			buildConfigurationList = 5D4ADC5717D565EE007A2806 /* Build configuration list for PBXProject "Space" */;
			compatibilityVersion = "Xcode 3.2";
			developmentRegion = English;
			hasScannedForEncodings = 0;
			knownRegions = (
				en,
			);
			mainGroup = 5D4ADC5317D565EE007A2806;
			productRefGroup = 5D4ADC5E17D565EE007A2806 /* Products */;
			projectDirPath = "";
			projectRoot = "";
			targets = (
				5D4ADC5C17D565EE007A2806 /* Space */,
			);
		};
/* End PBXProject section */

/* Begin PBXResourcesBuildPhase section */
		5D4ADC5A17D565EE007A2806 /* Resources */ = {
			isa = PBXResourcesBuildPhase;
			buildActionMask = 2147483647;
			files = (
				5D4ADC7017D565EE007A2806 /* InfoPlist.strings in Resources */,
				5D4ADCC217D565EE007A2806 /* ogre.cfg in Resources */,
				5D4ADCC417D565EE007A2806 /* plugins.cfg in Resources */,
				5D4ADCC617D565EE007A2806 /* resources.cfg in Resources */,
				5D4ADCD817D56814007A2806 /* Default-568h@2x.png in Resources */,
			);
			runOnlyForDeploymentPostprocessing = 0;
		};
/* End PBXResourcesBuildPhase section */

/* Begin PBXShellScriptBuildPhase section */
		5D4ADC5B17D565EE007A2806 /* ShellScript */ = {
			isa = PBXShellScriptBuildPhase;
			buildActionMask = 2147483647;
			files = (
			);
			inputPaths = (
			);
			outputPaths = (
			);
			runOnlyForDeploymentPostprocessing = 0;
			shellPath = /bin/bash;
			shellScript = "# This shell script simply copies resources into their respective locations\nditto \"$PROJECT_DIR/$PROJECT_NAME/media/\" \"$BUILT_PRODUCTS_DIR/Space.app/media/\"\nditto $PROJECT_DIR/$PROJECT_NAME/*.cfg \"$BUILT_PRODUCTS_DIR/Space.app/\"\n";
		};
/* End PBXShellScriptBuildPhase section */

/* Begin PBXSourcesBuildPhase section */
		5D4ADC5817D565EE007A2806 /* Sources */ = {
			isa = PBXSourcesBuildPhase;
			buildActionMask = 2147483647;
			files = (
				5D4ADC7217D565EE007A2806 /* main.mm in Sources */,
				5D4ADC7617D565EE007A2806 /* OgreDemoApp.cpp in Sources */,
				5D4ADC7917D565EE007A2806 /* OgreFramework.cpp in Sources */,
				5D4ADCCE17D566DA007A2806 /* Util.cpp in Sources */,
			);
			runOnlyForDeploymentPostprocessing = 0;
		};
/* End PBXSourcesBuildPhase section */

/* Begin PBXVariantGroup section */
		5D4ADC6E17D565EE007A2806 /* InfoPlist.strings */ = {
			isa = PBXVariantGroup;
			children = (
				5D4ADC6F17D565EE007A2806 /* en */,
			);
			name = InfoPlist.strings;
			sourceTree = "<group>";
		};
/* End PBXVariantGroup section */

/* Begin XCBuildConfiguration section */
		5D4ADCC717D565EE007A2806 /* Debug */ = {
			isa = XCBuildConfiguration;
			buildSettings = {
				ARCHS = "$(ARCHS_STANDARD_32_BIT)";
				CODE_SIGN_IDENTITY = "iPhone Developer: Calvin Phung (2TNR965ZR8)";
				"CODE_SIGN_IDENTITY[sdk=iphoneos*]" = "iPhone Developer: Calvin Phung (2TNR965ZR8)";
				COPY_PHASE_STRIP = NO;
				GCC_INLINES_ARE_PRIVATE_EXTERN = No;
				GCC_PRECOMPILE_PREFIX_HEADER = YES;
				GCC_PREFIX_HEADER = "Space/Space-Prefix.pch";
				GCC_SYMBOLS_PRIVATE_EXTERN = No;
				GCC_THUMB_SUPPORT = "";
				INFOPLIST_FILE = "Space/Space-Info.plist";
				IPHONEOS_DEPLOYMENT_TARGET = 6.1;
				LIBRARY_SEARCH_PATHS = (
					"\"$(OGRE_SDK_ROOT)/lib/Release\"",
					"\"$(OGRE_SDK_ROOT)/iOSDependencies/lib/release\"",
					"\"$(OGRE_SDK_ROOT)/iOSDependencies/lib\"",
				);
				OGRE_SDK_ROOT = /Users/phungc/OgreSDKIOS;
				PRODUCT_NAME = "$(TARGET_NAME)";
				PROVISIONING_PROFILE = "B69FC644-376A-4173-8139-52C874CFEB44";
				"PROVISIONING_PROFILE[sdk=iphoneos*]" = "B69FC644-376A-4173-8139-52C874CFEB44";
				SDKROOT = iphoneos;
				TARGETED_DEVICE_FAMILY = "1,2";
				WRAPPER_EXTENSION = app;
			};
			name = Debug;
		};
		5D4ADCC817D565EE007A2806 /* Release */ = {
			isa = XCBuildConfiguration;
			buildSettings = {
				ARCHS = "$(ARCHS_STANDARD_32_BIT)";
				CODE_SIGN_IDENTITY = "iPhone Developer: Calvin Phung (2TNR965ZR8)";
				"CODE_SIGN_IDENTITY[sdk=iphoneos*]" = "iPhone Developer: Calvin Phung (2TNR965ZR8)";
				COPY_PHASE_STRIP = YES;
				DEBUG_INFORMATION_FORMAT = "dwarf-with-dsym";
				GCC_INLINES_ARE_PRIVATE_EXTERN = No;
				GCC_PRECOMPILE_PREFIX_HEADER = YES;
				GCC_PREFIX_HEADER = "Space/Space-Prefix.pch";
				GCC_SYMBOLS_PRIVATE_EXTERN = No;
				GCC_THUMB_SUPPORT = "";
				INFOPLIST_FILE = "Space/Space-Info.plist";
				IPHONEOS_DEPLOYMENT_TARGET = 6.1;
				LIBRARY_SEARCH_PATHS = (
					"\"$(OGRE_SDK_ROOT)/lib/Release\"",
					"\"$(OGRE_SDK_ROOT)/iOSDependencies/lib/release\"",
					"\"$(OGRE_SDK_ROOT)/iOSDependencies/lib\"",
				);
				OGRE_SDK_ROOT = /Users/phungc/OgreSDKIOS;
				PRODUCT_NAME = "$(TARGET_NAME)";
				PROVISIONING_PROFILE = "B69FC644-376A-4173-8139-52C874CFEB44";
				"PROVISIONING_PROFILE[sdk=iphoneos*]" = "B69FC644-376A-4173-8139-52C874CFEB44";
				SDKROOT = iphoneos;
				TARGETED_DEVICE_FAMILY = "1,2";
				WRAPPER_EXTENSION = app;
			};
			name = Release;
		};
		5D4ADCCA17D565EE007A2806 /* Debug */ = {
			isa = XCBuildConfiguration;
			buildSettings = {
				HEADER_SEARCH_PATHS = (
					"\"$(OGRE_SDK_ROOT)/include/OGRE\"",
					"\"$(OGRE_SDK_ROOT)/include/OGRE/RenderSystems/GLES2\"",
					"\"$(OGRE_SDK_ROOT)/include/OGRE/RTShaderSystem\"",
					"\"$(OGRE_SDK_ROOT)/include/OGRE/iOS\"",
					"\"$(OGRE_SDK_ROOT)/include\"",
					"\"$(OGRE_SDK_ROOT)/include/OIS\"",
					"\"$(OGRE_SDK_ROOT)/iOSDependencies/include\"",
					"\"$(OGRE_SDK_ROOT)/include/OGRE/Plugins/ParticleFX\"",
				);
				LIBRARY_SEARCH_PATHS = (
					"$(inherited)",
					"\"$(SRCROOT)/../../../OgreSDKIOS/lib/Release\"",
				);
				OTHER_CFLAGS = "-DOGRE_USE_GLES2=1";
				OTHER_LDFLAGS = (
					"-lOIS",
					"-lOgreMainStatic",
					"-lRenderSystem_GLES2Static",
					"-lOgreRTShaderSystemStatic",
					"-lmesaglsl2",
					"-lboost_system",
					"-lboost_chrono",
					"-lboost_date_time",
					"-lboost_thread",
					"-lFreeType",
					"-lFreeImage",
					"-lzzip",
					"-lz",
				);
			};
			name = Debug;
		};
		5D4ADCCB17D565EE007A2806 /* Release */ = {
			isa = XCBuildConfiguration;
			buildSettings = {
				HEADER_SEARCH_PATHS = (
					"\"$(OGRE_SDK_ROOT)/include/OGRE\"",
					"\"$(OGRE_SDK_ROOT)/include/OGRE/RenderSystems/GLES2\"",
					"\"$(OGRE_SDK_ROOT)/include/OGRE/RTShaderSystem\"",
					"\"$(OGRE_SDK_ROOT)/include/OGRE/iOS\"",
					"\"$(OGRE_SDK_ROOT)/include\"",
					"\"$(OGRE_SDK_ROOT)/include/OIS\"",
					"\"$(OGRE_SDK_ROOT)/iOSDependencies/include\"",
					"\"$(OGRE_SDK_ROOT)/include/OGRE/Plugins/ParticleFX\"",
				);
				LIBRARY_SEARCH_PATHS = (
					"$(inherited)",
					"\"$(SRCROOT)/../../../OgreSDKIOS/lib/Release\"",
				);
				OTHER_CFLAGS = "-DOGRE_USE_GLES2=1";
				OTHER_LDFLAGS = (
					"-lOIS",
					"-lOgreMainStatic",
					"-lRenderSystem_GLES2Static",
					"-lOgreRTShaderSystemStatic",
					"-lmesaglsl2",
					"-lboost_system",
					"-lboost_chrono",
					"-lboost_date_time",
					"-lboost_thread",
					"-lFreeType",
					"-lFreeImage",
					"-lzzip",
					"-lz",
				);
			};
			name = Release;
		};
/* End XCBuildConfiguration section */

/* Begin XCConfigurationList section */
		5D4ADC5717D565EE007A2806 /* Build configuration list for PBXProject "Space" */ = {
			isa = XCConfigurationList;
			buildConfigurations = (
				5D4ADCC717D565EE007A2806 /* Debug */,
				5D4ADCC817D565EE007A2806 /* Release */,
			);
			defaultConfigurationIsVisible = 0;
			defaultConfigurationName = Release;
		};
		5D4ADCC917D565EE007A2806 /* Build configuration list for PBXNativeTarget "Space" */ = {
			isa = XCConfigurationList;
			buildConfigurations = (
				5D4ADCCA17D565EE007A2806 /* Debug */,
				5D4ADCCB17D565EE007A2806 /* Release */,
			);
			defaultConfigurationIsVisible = 0;
			defaultConfigurationName = Release;
		};
/* End XCConfigurationList section */
	};
	rootObject = 5D4ADC5417D565EE007A2806 /* Project object */;
}
