// !$*UTF8*$!
{
	archiveVersion = 1;
	classes = {
	};
	objectVersion = 46;
	objects = {

/* Begin PBXBuildFile section */
		3EFFC0211AA9256300A97B13 /* Plugin_ParticleFX.framework in Frameworks */ = {isa = PBXBuildFile; fileRef = 3EFFC0201AA9256300A97B13 /* Plugin_ParticleFX.framework */; };
		3EFFC0221AA9256300A97B13 /* Plugin_ParticleFX.framework in CopyFiles */ = {isa = PBXBuildFile; fileRef = 3EFFC0201AA9256300A97B13 /* Plugin_ParticleFX.framework */; settings = {ATTRIBUTES = (CodeSignOnCopy, RemoveHeadersOnCopy, ); }; };
		3EFFC0261AA925AC00A97B13 /* Ogre.framework in Frameworks */ = {isa = PBXBuildFile; fileRef = 3EFFC0231AA925AC00A97B13 /* Ogre.framework */; };
		3EFFC0271AA925AC00A97B13 /* Ogre.framework in CopyFiles */ = {isa = PBXBuildFile; fileRef = 3EFFC0231AA925AC00A97B13 /* Ogre.framework */; settings = {ATTRIBUTES = (CodeSignOnCopy, RemoveHeadersOnCopy, ); }; };
		3EFFC0281AA925AC00A97B13 /* OgreOverlay.framework in Frameworks */ = {isa = PBXBuildFile; fileRef = 3EFFC0241AA925AC00A97B13 /* OgreOverlay.framework */; };
		3EFFC0291AA925AC00A97B13 /* OgreOverlay.framework in CopyFiles */ = {isa = PBXBuildFile; fileRef = 3EFFC0241AA925AC00A97B13 /* OgreOverlay.framework */; settings = {ATTRIBUTES = (CodeSignOnCopy, RemoveHeadersOnCopy, ); }; };
		3EFFC02A1AA925AC00A97B13 /* RenderSystem_GL.framework in Frameworks */ = {isa = PBXBuildFile; fileRef = 3EFFC0251AA925AC00A97B13 /* RenderSystem_GL.framework */; };
		3EFFC02B1AA925AC00A97B13 /* RenderSystem_GL.framework in CopyFiles */ = {isa = PBXBuildFile; fileRef = 3EFFC0251AA925AC00A97B13 /* RenderSystem_GL.framework */; settings = {ATTRIBUTES = (CodeSignOnCopy, RemoveHeadersOnCopy, ); }; };
		3EFFC02D1AA925E200A97B13 /* libOgreOggSound.dylib in CopyFiles */ = {isa = PBXBuildFile; fileRef = 3EFFC02C1AA925E200A97B13 /* libOgreOggSound.dylib */; settings = {ATTRIBUTES = (CodeSignOnCopy, ); }; };
		5D04AD2919003C4900E0A98B /* Engine.cpp in Sources */ = {isa = PBXBuildFile; fileRef = 5D04AD2719003C4900E0A98B /* Engine.cpp */; };
		5D04AD2C1900523200E0A98B /* HudStage.cpp in Sources */ = {isa = PBXBuildFile; fileRef = 5D04AD2A1900523200E0A98B /* HudStage.cpp */; };
		5D04AD301900543500E0A98B /* HudLevelSelection.cpp in Sources */ = {isa = PBXBuildFile; fileRef = 5D04AD2E1900543500E0A98B /* HudLevelSelection.cpp */; };
		5D04AD391900B05100E0A98B /* EngineLevelSelection.cpp in Sources */ = {isa = PBXBuildFile; fileRef = 5D04AD371900B05100E0A98B /* EngineLevelSelection.cpp */; };
		5D04AD431900D01400E0A98B /* EngineStateManager.cpp in Sources */ = {isa = PBXBuildFile; fileRef = 5D04AD411900D01400E0A98B /* EngineStateManager.cpp */; };
		5D04AD4A1901147900E0A98B /* HudMainMenu.cpp in Sources */ = {isa = PBXBuildFile; fileRef = 5D04AD481901147900E0A98B /* HudMainMenu.cpp */; };
		5D04AD4D1901148300E0A98B /* EngineMainMenu.cpp in Sources */ = {isa = PBXBuildFile; fileRef = 5D04AD4B1901148300E0A98B /* EngineMainMenu.cpp */; };
		5D04AD51190121B000E0A98B /* HudCredits.cpp in Sources */ = {isa = PBXBuildFile; fileRef = 5D04AD4F190121B000E0A98B /* HudCredits.cpp */; };
		5D04AD54190122F100E0A98B /* EngineCredits.cpp in Sources */ = {isa = PBXBuildFile; fileRef = 5D04AD52190122F100E0A98B /* EngineCredits.cpp */; };
		5D04AD571901331600E0A98B /* Powerup.cpp in Sources */ = {isa = PBXBuildFile; fileRef = 5D04AD551901331600E0A98B /* Powerup.cpp */; };
		5D1EFEB4190B2B1100E865D6 /* LevelSet.cpp in Sources */ = {isa = PBXBuildFile; fileRef = 5D1EFEB2190B2B1100E865D6 /* LevelSet.cpp */; };
		5D2D423518CE497F0035786C /* Score.cpp in Sources */ = {isa = PBXBuildFile; fileRef = 5D2D423318CE497F0035786C /* Score.cpp */; };
		5D3041C518431C3800BD26C0 /* Hud.cpp in Sources */ = {isa = PBXBuildFile; fileRef = 5D3041C318431C3800BD26C0 /* Hud.cpp */; };
		5D4B5090195CE63F00912FC9 /* EngineControlsSettings.cpp in Sources */ = {isa = PBXBuildFile; fileRef = 5D4B5089195CE63F00912FC9 /* EngineControlsSettings.cpp */; };
		5D4B5091195CE63F00912FC9 /* EngineMainSettings.cpp in Sources */ = {isa = PBXBuildFile; fileRef = 5D4B508A195CE63F00912FC9 /* EngineMainSettings.cpp */; };
		5D4B5092195CE63F00912FC9 /* HudControlSettings.cpp in Sources */ = {isa = PBXBuildFile; fileRef = 5D4B508C195CE63F00912FC9 /* HudControlSettings.cpp */; };
		5D4B5093195CE63F00912FC9 /* HudMainSettings.cpp in Sources */ = {isa = PBXBuildFile; fileRef = 5D4B508E195CE63F00912FC9 /* HudMainSettings.cpp */; };
		5DA3B27418BB10E4001BFBB9 /* Networking.mm in Sources */ = {isa = PBXBuildFile; fileRef = 5DA3B27318BB10E4001BFBB9 /* Networking.mm */; };
		5DA8045119E4C6BD001E0928 /* EngineSchedulerMenu.cpp in Sources */ = {isa = PBXBuildFile; fileRef = 5DA8044B19E4C6BD001E0928 /* EngineSchedulerMenu.cpp */; };
		5DA8045219E4C6BD001E0928 /* HudSchedulerMenu.cpp in Sources */ = {isa = PBXBuildFile; fileRef = 5DA8044D19E4C6BD001E0928 /* HudSchedulerMenu.cpp */; };
		5DA8045319E4C6BD001E0928 /* LevelScheduler.cpp in Sources */ = {isa = PBXBuildFile; fileRef = 5DA8044F19E4C6BD001E0928 /* LevelScheduler.cpp */; };
		5DB6BF0219941428002CA3F3 /* GeneralGate.material in Resources */ = {isa = PBXBuildFile; fileRef = 5DB6BF0019941428002CA3F3 /* GeneralGate.material */; };
		5DB6BF0319941428002CA3F3 /* GeneralTutorial.material in Resources */ = {isa = PBXBuildFile; fileRef = 5DB6BF0119941428002CA3F3 /* GeneralTutorial.material */; };
		5DC3698C19256B3600E5A53D /* TutorialManager.cpp in Sources */ = {isa = PBXBuildFile; fileRef = 5DC3698A19256B3600E5A53D /* TutorialManager.cpp */; };
		5DC3698F1926097600E5A53D /* HudElements.cpp in Sources */ = {isa = PBXBuildFile; fileRef = 5DC3698D1926097600E5A53D /* HudElements.cpp */; };
		5DCDDD8B191062EC00CF67F1 /* PlayerLevel.cpp in Sources */ = {isa = PBXBuildFile; fileRef = 5DCDDD89191062EC00CF67F1 /* PlayerLevel.cpp */; };
		5DCDDD8E1910637800CF67F1 /* PlayerProgress.cpp in Sources */ = {isa = PBXBuildFile; fileRef = 5DCDDD8C1910637800CF67F1 /* PlayerProgress.cpp */; };
		5DD5E04C18FF7EAD0063491A /* EngineStage.cpp in Sources */ = {isa = PBXBuildFile; fileRef = 5DD5E04A18FF7EAD0063491A /* EngineStage.cpp */; };
		5DE122DC17F0DC6700E49916 /* Player.cpp in Sources */ = {isa = PBXBuildFile; fileRef = 5DE122D917F0DC6700E49916 /* Player.cpp */; };
		5DE122DD17F0DC6700E49916 /* Tunnel.cpp in Sources */ = {isa = PBXBuildFile; fileRef = 5DE122DB17F0DC6700E49916 /* Tunnel.cpp */; };
		5DE122E317F0DC7B00E49916 /* TunnelSlice.cpp in Sources */ = {isa = PBXBuildFile; fileRef = 5DE122DF17F0DC7B00E49916 /* TunnelSlice.cpp */; };
		5DE122E417F0DC7B00E49916 /* Vine.cpp in Sources */ = {isa = PBXBuildFile; fileRef = 5DE122E117F0DC7B00E49916 /* Vine.cpp */; };
		5DEB28601899AECB003A90EB /* OgreApp.cpp in Sources */ = {isa = PBXBuildFile; fileRef = 5DEB285E1899AECB003A90EB /* OgreApp.cpp */; };
		B63D37F617DE87EB001A7191 /* Carbon.framework in Frameworks */ = {isa = PBXBuildFile; fileRef = B63D37F517DE87EB001A7191 /* Carbon.framework */; };
		B63D37F817DE87EB001A7191 /* Cocoa.framework in Frameworks */ = {isa = PBXBuildFile; fileRef = B63D37F717DE87EB001A7191 /* Cocoa.framework */; };
		B63D37FA17DE87EB001A7191 /* IOKit.framework in Frameworks */ = {isa = PBXBuildFile; fileRef = B63D37F917DE87EB001A7191 /* IOKit.framework */; };
		B63D37FC17DE87EB001A7191 /* OpenGL.framework in Frameworks */ = {isa = PBXBuildFile; fileRef = B63D37FB17DE87EB001A7191 /* OpenGL.framework */; };
		B63D37FE17DE87EB001A7191 /* QuartzCore.framework in Frameworks */ = {isa = PBXBuildFile; fileRef = B63D37FD17DE87EB001A7191 /* QuartzCore.framework */; };
		B6C64C2217DE8C5B0092CA8E /* InfoPlist.strings in Resources */ = {isa = PBXBuildFile; fileRef = B6C64BEA17DE8C5B0092CA8E /* InfoPlist.strings */; };
		B6C64C2317DE8C5B0092CA8E /* main.mm in Sources */ = {isa = PBXBuildFile; fileRef = B6C64BED17DE8C5B0092CA8E /* main.mm */; };
		B6C64C4417DE8C5B0092CA8E /* ogre.cfg in Resources */ = {isa = PBXBuildFile; fileRef = B6C64C1517DE8C5B0092CA8E /* ogre.cfg */; };
		B6C64C4617DE8C5B0092CA8E /* OgreFramework.cpp in Sources */ = {isa = PBXBuildFile; fileRef = B6C64C1817DE8C5B0092CA8E /* OgreFramework.cpp */; };
		B6C64C4717DE8C5B0092CA8E /* plugins.cfg in Resources */ = {isa = PBXBuildFile; fileRef = B6C64C1A17DE8C5B0092CA8E /* plugins.cfg */; };
		B6C64C4817DE8C5B0092CA8E /* Pod.cpp in Sources */ = {isa = PBXBuildFile; fileRef = B6C64C1B17DE8C5B0092CA8E /* Pod.cpp */; };
		B6C64C4917DE8C5B0092CA8E /* resources.cfg in Resources */ = {isa = PBXBuildFile; fileRef = B6C64C1D17DE8C5B0092CA8E /* resources.cfg */; };
		B6C64C4A17DE8C5B0092CA8E /* Util.cpp in Sources */ = {isa = PBXBuildFile; fileRef = B6C64C1E17DE8C5B0092CA8E /* Util.cpp */; };
/* End PBXBuildFile section */

/* Begin PBXCopyFilesBuildPhase section */
		B6C64C4C17DE8C740092CA8E /* CopyFiles */ = {
			isa = PBXCopyFilesBuildPhase;
			buildActionMask = 2147483647;
			dstPath = "";
			dstSubfolderSpec = 10;
			files = (
				3EFFC0221AA9256300A97B13 /* Plugin_ParticleFX.framework in CopyFiles */,
				3EFFC0271AA925AC00A97B13 /* Ogre.framework in CopyFiles */,
				3EFFC0291AA925AC00A97B13 /* OgreOverlay.framework in CopyFiles */,
				3EFFC02B1AA925AC00A97B13 /* RenderSystem_GL.framework in CopyFiles */,
			);
			runOnlyForDeploymentPostprocessing = 0;
		};
		B6C64C4D17DE8C750092CA8E /* CopyFiles */ = {
			isa = PBXCopyFilesBuildPhase;
			buildActionMask = 2147483647;
			dstPath = "";
			dstSubfolderSpec = 13;
			files = (
				3EFFC02D1AA925E200A97B13 /* libOgreOggSound.dylib in CopyFiles */,
			);
			runOnlyForDeploymentPostprocessing = 0;
		};
		B6C64C4E17DE8C760092CA8E /* Copy Files */ = {
			isa = PBXCopyFilesBuildPhase;
			buildActionMask = 2147483647;
			dstPath = ../Components;
			dstSubfolderSpec = 10;
			files = (
			);
			name = "Copy Files";
			runOnlyForDeploymentPostprocessing = 0;
		};
/* End PBXCopyFilesBuildPhase section */

/* Begin PBXFileReference section */
		3EFFC0201AA9256300A97B13 /* Plugin_ParticleFX.framework */ = {isa = PBXFileReference; lastKnownFileType = wrapper.framework; name = Plugin_ParticleFX.framework; path = ../../OgreSDKOSX/lib/macosx/Release/Plugin_ParticleFX.framework; sourceTree = "<group>"; };
		3EFFC0231AA925AC00A97B13 /* Ogre.framework */ = {isa = PBXFileReference; lastKnownFileType = wrapper.framework; name = Ogre.framework; path = ../../OgreSDKOSX/lib/macosx/Release/Ogre.framework; sourceTree = "<group>"; };
		3EFFC0241AA925AC00A97B13 /* OgreOverlay.framework */ = {isa = PBXFileReference; lastKnownFileType = wrapper.framework; name = OgreOverlay.framework; path = ../../OgreSDKOSX/lib/macosx/Release/OgreOverlay.framework; sourceTree = "<group>"; };
		3EFFC0251AA925AC00A97B13 /* RenderSystem_GL.framework */ = {isa = PBXFileReference; lastKnownFileType = wrapper.framework; name = RenderSystem_GL.framework; path = ../../OgreSDKOSX/lib/macosx/Release/RenderSystem_GL.framework; sourceTree = "<group>"; };
		3EFFC02C1AA925E200A97B13 /* libOgreOggSound.dylib */ = {isa = PBXFileReference; lastKnownFileType = "compiled.mach-o.dylib"; name = libOgreOggSound.dylib; path = "../../OgreOggSound-v1.26/build/Release/libOgreOggSound.dylib"; sourceTree = "<group>"; };
		5D04AD2719003C4900E0A98B /* Engine.cpp */ = {isa = PBXFileReference; fileEncoding = 4; lastKnownFileType = sourcecode.cpp.cpp; path = Engine.cpp; sourceTree = "<group>"; };
		5D04AD2819003C4900E0A98B /* Engine.h */ = {isa = PBXFileReference; fileEncoding = 4; lastKnownFileType = sourcecode.c.h; path = Engine.h; sourceTree = "<group>"; };
		5D04AD2A1900523200E0A98B /* HudStage.cpp */ = {isa = PBXFileReference; fileEncoding = 4; lastKnownFileType = sourcecode.cpp.cpp; path = HudStage.cpp; sourceTree = "<group>"; };
		5D04AD2B1900523200E0A98B /* HudStage.h */ = {isa = PBXFileReference; fileEncoding = 4; lastKnownFileType = sourcecode.c.h; path = HudStage.h; sourceTree = "<group>"; };
		5D04AD2E1900543500E0A98B /* HudLevelSelection.cpp */ = {isa = PBXFileReference; fileEncoding = 4; lastKnownFileType = sourcecode.cpp.cpp; path = HudLevelSelection.cpp; sourceTree = "<group>"; };
		5D04AD2F1900543500E0A98B /* HudLevelSelection.h */ = {isa = PBXFileReference; fileEncoding = 4; lastKnownFileType = sourcecode.c.h; path = HudLevelSelection.h; sourceTree = "<group>"; };
		5D04AD371900B05100E0A98B /* EngineLevelSelection.cpp */ = {isa = PBXFileReference; fileEncoding = 4; lastKnownFileType = sourcecode.cpp.cpp; path = EngineLevelSelection.cpp; sourceTree = "<group>"; };
		5D04AD381900B05100E0A98B /* EngineLevelSelection.h */ = {isa = PBXFileReference; fileEncoding = 4; lastKnownFileType = sourcecode.c.h; path = EngineLevelSelection.h; sourceTree = "<group>"; };
		5D04AD411900D01400E0A98B /* EngineStateManager.cpp */ = {isa = PBXFileReference; fileEncoding = 4; lastKnownFileType = sourcecode.cpp.cpp; path = EngineStateManager.cpp; sourceTree = "<group>"; };
		5D04AD421900D01400E0A98B /* EngineStateManager.h */ = {isa = PBXFileReference; fileEncoding = 4; lastKnownFileType = sourcecode.c.h; path = EngineStateManager.h; sourceTree = "<group>"; };
		5D04AD481901147900E0A98B /* HudMainMenu.cpp */ = {isa = PBXFileReference; fileEncoding = 4; lastKnownFileType = sourcecode.cpp.cpp; path = HudMainMenu.cpp; sourceTree = "<group>"; };
		5D04AD491901147900E0A98B /* HudMainMenu.h */ = {isa = PBXFileReference; fileEncoding = 4; lastKnownFileType = sourcecode.c.h; path = HudMainMenu.h; sourceTree = "<group>"; };
		5D04AD4B1901148300E0A98B /* EngineMainMenu.cpp */ = {isa = PBXFileReference; fileEncoding = 4; lastKnownFileType = sourcecode.cpp.cpp; path = EngineMainMenu.cpp; sourceTree = "<group>"; };
		5D04AD4C1901148300E0A98B /* EngineMainMenu.h */ = {isa = PBXFileReference; fileEncoding = 4; lastKnownFileType = sourcecode.c.h; path = EngineMainMenu.h; sourceTree = "<group>"; };
		5D04AD4F190121B000E0A98B /* HudCredits.cpp */ = {isa = PBXFileReference; fileEncoding = 4; lastKnownFileType = sourcecode.cpp.cpp; path = HudCredits.cpp; sourceTree = "<group>"; };
		5D04AD50190121B000E0A98B /* HudCredits.h */ = {isa = PBXFileReference; fileEncoding = 4; lastKnownFileType = sourcecode.c.h; path = HudCredits.h; sourceTree = "<group>"; };
		5D04AD52190122F100E0A98B /* EngineCredits.cpp */ = {isa = PBXFileReference; fileEncoding = 4; lastKnownFileType = sourcecode.cpp.cpp; path = EngineCredits.cpp; sourceTree = "<group>"; };
		5D04AD53190122F100E0A98B /* EngineCredits.h */ = {isa = PBXFileReference; fileEncoding = 4; lastKnownFileType = sourcecode.c.h; path = EngineCredits.h; sourceTree = "<group>"; };
		5D04AD551901331600E0A98B /* Powerup.cpp */ = {isa = PBXFileReference; fileEncoding = 4; lastKnownFileType = sourcecode.cpp.cpp; path = Powerup.cpp; sourceTree = "<group>"; };
		5D04AD561901331600E0A98B /* Powerup.h */ = {isa = PBXFileReference; fileEncoding = 4; lastKnownFileType = sourcecode.c.h; path = Powerup.h; sourceTree = "<group>"; };
		5D1EFEB2190B2B1100E865D6 /* LevelSet.cpp */ = {isa = PBXFileReference; fileEncoding = 4; lastKnownFileType = sourcecode.cpp.cpp; path = LevelSet.cpp; sourceTree = "<group>"; };
		5D1EFEB3190B2B1100E865D6 /* LevelSet.h */ = {isa = PBXFileReference; fileEncoding = 4; lastKnownFileType = sourcecode.c.h; path = LevelSet.h; sourceTree = "<group>"; };
		5D299E3B18A01EE00014CFA9 /* General.particle */ = {isa = PBXFileReference; fileEncoding = 4; lastKnownFileType = text; path = General.particle; sourceTree = "<group>"; };
		5D2D423318CE497F0035786C /* Score.cpp */ = {isa = PBXFileReference; fileEncoding = 4; lastKnownFileType = sourcecode.cpp.cpp; path = Score.cpp; sourceTree = "<group>"; };
		5D2D423418CE497F0035786C /* Score.h */ = {isa = PBXFileReference; fileEncoding = 4; lastKnownFileType = sourcecode.c.h; path = Score.h; sourceTree = "<group>"; };
		5D3041C318431C3800BD26C0 /* Hud.cpp */ = {isa = PBXFileReference; fileEncoding = 4; lastKnownFileType = sourcecode.cpp.cpp; path = Hud.cpp; sourceTree = "<group>"; };
		5D3041C418431C3800BD26C0 /* Hud.h */ = {isa = PBXFileReference; fileEncoding = 4; lastKnownFileType = sourcecode.c.h; path = Hud.h; sourceTree = "<group>"; };
		5D4B5088195CE63F00912FC9 /* EngineControlSettings.h */ = {isa = PBXFileReference; fileEncoding = 4; lastKnownFileType = sourcecode.c.h; path = EngineControlSettings.h; sourceTree = "<group>"; };
		5D4B5089195CE63F00912FC9 /* EngineControlsSettings.cpp */ = {isa = PBXFileReference; fileEncoding = 4; lastKnownFileType = sourcecode.cpp.cpp; path = EngineControlsSettings.cpp; sourceTree = "<group>"; };
		5D4B508A195CE63F00912FC9 /* EngineMainSettings.cpp */ = {isa = PBXFileReference; fileEncoding = 4; lastKnownFileType = sourcecode.cpp.cpp; path = EngineMainSettings.cpp; sourceTree = "<group>"; };
		5D4B508B195CE63F00912FC9 /* EngineMainSettings.h */ = {isa = PBXFileReference; fileEncoding = 4; lastKnownFileType = sourcecode.c.h; path = EngineMainSettings.h; sourceTree = "<group>"; };
		5D4B508C195CE63F00912FC9 /* HudControlSettings.cpp */ = {isa = PBXFileReference; fileEncoding = 4; lastKnownFileType = sourcecode.cpp.cpp; path = HudControlSettings.cpp; sourceTree = "<group>"; };
		5D4B508D195CE63F00912FC9 /* HudControlSettings.h */ = {isa = PBXFileReference; fileEncoding = 4; lastKnownFileType = sourcecode.c.h; path = HudControlSettings.h; sourceTree = "<group>"; };
		5D4B508E195CE63F00912FC9 /* HudMainSettings.cpp */ = {isa = PBXFileReference; fileEncoding = 4; lastKnownFileType = sourcecode.cpp.cpp; path = HudMainSettings.cpp; sourceTree = "<group>"; };
		5D4B508F195CE63F00912FC9 /* HudMainSettings.h */ = {isa = PBXFileReference; fileEncoding = 4; lastKnownFileType = sourcecode.c.h; path = HudMainSettings.h; sourceTree = "<group>"; };
		5D6511901A9FB60F00FE4091 /* OgreOverlay.framework */ = {isa = PBXFileReference; lastKnownFileType = wrapper.framework; name = OgreOverlay.framework; path = ../../../../OgreSDKOSX/lib/macosx/Release/OgreOverlay.framework; sourceTree = "<group>"; };
		5DA3B27218BB10E4001BFBB9 /* Networking.h */ = {isa = PBXFileReference; fileEncoding = 4; lastKnownFileType = sourcecode.c.h; path = Networking.h; sourceTree = "<group>"; };
		5DA3B27318BB10E4001BFBB9 /* Networking.mm */ = {isa = PBXFileReference; fileEncoding = 4; lastKnownFileType = sourcecode.cpp.objcpp; path = Networking.mm; sourceTree = "<group>"; };
		5DA8044B19E4C6BD001E0928 /* EngineSchedulerMenu.cpp */ = {isa = PBXFileReference; fileEncoding = 4; lastKnownFileType = sourcecode.cpp.cpp; path = EngineSchedulerMenu.cpp; sourceTree = "<group>"; };
		5DA8044C19E4C6BD001E0928 /* EngineSchedulerMenu.h */ = {isa = PBXFileReference; fileEncoding = 4; lastKnownFileType = sourcecode.c.h; path = EngineSchedulerMenu.h; sourceTree = "<group>"; };
		5DA8044D19E4C6BD001E0928 /* HudSchedulerMenu.cpp */ = {isa = PBXFileReference; fileEncoding = 4; lastKnownFileType = sourcecode.cpp.cpp; path = HudSchedulerMenu.cpp; sourceTree = "<group>"; };
		5DA8044E19E4C6BD001E0928 /* HudSchedulerMenu.h */ = {isa = PBXFileReference; fileEncoding = 4; lastKnownFileType = sourcecode.c.h; path = HudSchedulerMenu.h; sourceTree = "<group>"; };
		5DA8044F19E4C6BD001E0928 /* LevelScheduler.cpp */ = {isa = PBXFileReference; fileEncoding = 4; lastKnownFileType = sourcecode.cpp.cpp; path = LevelScheduler.cpp; sourceTree = "<group>"; };
		5DA8045019E4C6BD001E0928 /* LevelScheduler.h */ = {isa = PBXFileReference; fileEncoding = 4; lastKnownFileType = sourcecode.c.h; path = LevelScheduler.h; sourceTree = "<group>"; };
		5DB6BF0019941428002CA3F3 /* GeneralGate.material */ = {isa = PBXFileReference; fileEncoding = 4; lastKnownFileType = text; path = GeneralGate.material; sourceTree = "<group>"; };
		5DB6BF0119941428002CA3F3 /* GeneralTutorial.material */ = {isa = PBXFileReference; fileEncoding = 4; lastKnownFileType = text; path = GeneralTutorial.material; sourceTree = "<group>"; };
		5DC3698A19256B3600E5A53D /* TutorialManager.cpp */ = {isa = PBXFileReference; fileEncoding = 4; lastKnownFileType = sourcecode.cpp.cpp; path = TutorialManager.cpp; sourceTree = "<group>"; };
		5DC3698B19256B3600E5A53D /* TutorialManager.h */ = {isa = PBXFileReference; fileEncoding = 4; lastKnownFileType = sourcecode.c.h; path = TutorialManager.h; sourceTree = "<group>"; };
		5DC3698D1926097600E5A53D /* HudElements.cpp */ = {isa = PBXFileReference; fileEncoding = 4; lastKnownFileType = sourcecode.cpp.cpp; path = HudElements.cpp; sourceTree = "<group>"; };
		5DC3698E1926097600E5A53D /* HudElements.h */ = {isa = PBXFileReference; fileEncoding = 4; lastKnownFileType = sourcecode.c.h; path = HudElements.h; sourceTree = "<group>"; };
		5DCDDD801910136E00CF67F1 /* GeneralGUI.material */ = {isa = PBXFileReference; fileEncoding = 4; lastKnownFileType = text; path = GeneralGUI.material; sourceTree = "<group>"; };
		5DCDDD811910136E00CF67F1 /* GeneralPod.material */ = {isa = PBXFileReference; fileEncoding = 4; lastKnownFileType = text; path = GeneralPod.material; sourceTree = "<group>"; };
		5DCDDD821910136E00CF67F1 /* GeneralSkyplane.material */ = {isa = PBXFileReference; fileEncoding = 4; lastKnownFileType = text; path = GeneralSkyplane.material; sourceTree = "<group>"; };
		5DCDDD831910136E00CF67F1 /* GeneralTunnelTiles.material */ = {isa = PBXFileReference; fileEncoding = 4; lastKnownFileType = text; path = GeneralTunnelTiles.material; sourceTree = "<group>"; };
		5DCDDD89191062EC00CF67F1 /* PlayerLevel.cpp */ = {isa = PBXFileReference; fileEncoding = 4; lastKnownFileType = sourcecode.cpp.cpp; path = PlayerLevel.cpp; sourceTree = "<group>"; };
		5DCDDD8A191062EC00CF67F1 /* PlayerLevel.h */ = {isa = PBXFileReference; fileEncoding = 4; lastKnownFileType = sourcecode.c.h; path = PlayerLevel.h; sourceTree = "<group>"; };
		5DCDDD8C1910637800CF67F1 /* PlayerProgress.cpp */ = {isa = PBXFileReference; fileEncoding = 4; lastKnownFileType = sourcecode.cpp.cpp; path = PlayerProgress.cpp; sourceTree = "<group>"; };
		5DCDDD8D1910637800CF67F1 /* PlayerProgress.h */ = {isa = PBXFileReference; fileEncoding = 4; lastKnownFileType = sourcecode.c.h; path = PlayerProgress.h; sourceTree = "<group>"; };
		5DD5E04A18FF7EAD0063491A /* EngineStage.cpp */ = {isa = PBXFileReference; fileEncoding = 4; lastKnownFileType = sourcecode.cpp.cpp; path = EngineStage.cpp; sourceTree = "<group>"; };
		5DD5E04B18FF7EAD0063491A /* EngineStage.h */ = {isa = PBXFileReference; fileEncoding = 4; lastKnownFileType = sourcecode.c.h; path = EngineStage.h; sourceTree = "<group>"; };
		5DE1229617F0DA8200E49916 /* General.material */ = {isa = PBXFileReference; fileEncoding = 4; lastKnownFileType = text; path = General.material; sourceTree = "<group>"; };
		5DE122D917F0DC6700E49916 /* Player.cpp */ = {isa = PBXFileReference; fileEncoding = 4; lastKnownFileType = sourcecode.cpp.cpp; path = Player.cpp; sourceTree = "<group>"; };
		5DE122DA17F0DC6700E49916 /* Player.h */ = {isa = PBXFileReference; fileEncoding = 4; lastKnownFileType = sourcecode.c.h; path = Player.h; sourceTree = "<group>"; };
		5DE122DB17F0DC6700E49916 /* Tunnel.cpp */ = {isa = PBXFileReference; fileEncoding = 4; lastKnownFileType = sourcecode.cpp.cpp; path = Tunnel.cpp; sourceTree = "<group>"; };
		5DE122DE17F0DC7B00E49916 /* Tunnel.h */ = {isa = PBXFileReference; fileEncoding = 4; lastKnownFileType = sourcecode.c.h; path = Tunnel.h; sourceTree = "<group>"; };
		5DE122DF17F0DC7B00E49916 /* TunnelSlice.cpp */ = {isa = PBXFileReference; fileEncoding = 4; lastKnownFileType = sourcecode.cpp.cpp; path = TunnelSlice.cpp; sourceTree = "<group>"; };
		5DE122E017F0DC7B00E49916 /* TunnelSlice.h */ = {isa = PBXFileReference; fileEncoding = 4; lastKnownFileType = sourcecode.c.h; path = TunnelSlice.h; sourceTree = "<group>"; };
		5DE122E117F0DC7B00E49916 /* Vine.cpp */ = {isa = PBXFileReference; fileEncoding = 4; lastKnownFileType = sourcecode.cpp.cpp; path = Vine.cpp; sourceTree = "<group>"; };
		5DE122E217F0DC7B00E49916 /* Vine.h */ = {isa = PBXFileReference; fileEncoding = 4; lastKnownFileType = sourcecode.c.h; path = Vine.h; sourceTree = "<group>"; };
		5DEB285E1899AECB003A90EB /* OgreApp.cpp */ = {isa = PBXFileReference; fileEncoding = 4; lastKnownFileType = sourcecode.cpp.cpp; path = OgreApp.cpp; sourceTree = "<group>"; };
		5DEB285F1899AECB003A90EB /* OgreApp.h */ = {isa = PBXFileReference; fileEncoding = 4; lastKnownFileType = sourcecode.c.h; path = OgreApp.h; sourceTree = "<group>"; };
		5DF9414617F4D4E70082C239 /* OgrePaging.framework */ = {isa = PBXFileReference; lastKnownFileType = wrapper.framework; name = OgrePaging.framework; path = ../../../../OgreSDKOSX/lib/macosx/Release/OgrePaging.framework; sourceTree = "<group>"; };
		5DF9414717F4D4E70082C239 /* OgreProperty.framework */ = {isa = PBXFileReference; lastKnownFileType = wrapper.framework; name = OgreProperty.framework; path = ../../../../OgreSDKOSX/lib/macosx/Release/OgreProperty.framework; sourceTree = "<group>"; };
		5DF9414817F4D4E70082C239 /* OgreRTShaderSystem.framework */ = {isa = PBXFileReference; lastKnownFileType = wrapper.framework; name = OgreRTShaderSystem.framework; path = ../../../../OgreSDKOSX/lib/macosx/Release/OgreRTShaderSystem.framework; sourceTree = "<group>"; };
		5DF9414917F4D4E70082C239 /* OgreTerrain.framework */ = {isa = PBXFileReference; lastKnownFileType = wrapper.framework; name = OgreTerrain.framework; path = ../../../../OgreSDKOSX/lib/macosx/Release/OgreTerrain.framework; sourceTree = "<group>"; };
		5DF9414A17F4D4E70082C239 /* Plugin_BSPSceneManager.framework */ = {isa = PBXFileReference; lastKnownFileType = wrapper.framework; name = Plugin_BSPSceneManager.framework; path = ../../../../OgreSDKOSX/lib/macosx/Release/Plugin_BSPSceneManager.framework; sourceTree = "<group>"; };
		5DF9414B17F4D4E70082C239 /* Plugin_CgProgramManager.framework */ = {isa = PBXFileReference; lastKnownFileType = wrapper.framework; name = Plugin_CgProgramManager.framework; path = ../../../../OgreSDKOSX/lib/macosx/Release/Plugin_CgProgramManager.framework; sourceTree = "<group>"; };
		5DF9414C17F4D4E70082C239 /* Plugin_OctreeSceneManager.framework */ = {isa = PBXFileReference; lastKnownFileType = wrapper.framework; name = Plugin_OctreeSceneManager.framework; path = ../../../../OgreSDKOSX/lib/macosx/Release/Plugin_OctreeSceneManager.framework; sourceTree = "<group>"; };
		5DF9414D17F4D4E70082C239 /* Plugin_OctreeZone.framework */ = {isa = PBXFileReference; lastKnownFileType = wrapper.framework; name = Plugin_OctreeZone.framework; path = ../../../../OgreSDKOSX/lib/macosx/Release/Plugin_OctreeZone.framework; sourceTree = "<group>"; };
		5DF9414E17F4D4E70082C239 /* Plugin_ParticleFX.framework */ = {isa = PBXFileReference; lastKnownFileType = wrapper.framework; name = Plugin_ParticleFX.framework; path = ../../../../OgreSDKOSX/lib/macosx/Release/Plugin_ParticleFX.framework; sourceTree = "<group>"; };
		5DF9414F17F4D4E70082C239 /* Plugin_PCZSceneManager.framework */ = {isa = PBXFileReference; lastKnownFileType = wrapper.framework; name = Plugin_PCZSceneManager.framework; path = ../../../../OgreSDKOSX/lib/macosx/Release/Plugin_PCZSceneManager.framework; sourceTree = "<group>"; };
		5DF9415017F4D4E70082C239 /* RenderSystem_GL.framework */ = {isa = PBXFileReference; lastKnownFileType = wrapper.framework; name = RenderSystem_GL.framework; path = ../../../../OgreSDKOSX/lib/macosx/Release/RenderSystem_GL.framework; sourceTree = "<group>"; };
		5DF9415C17F4D4FC0082C239 /* Ogre.framework */ = {isa = PBXFileReference; lastKnownFileType = wrapper.framework; name = Ogre.framework; path = ../../../../OgreSDKOSX/lib/macosx/Release/Ogre.framework; sourceTree = "<group>"; };
		5DF9416A17F4D5720082C239 /* libOgreOggSound.dylib */ = {isa = PBXFileReference; lastKnownFileType = "compiled.mach-o.dylib"; name = libOgreOggSound.dylib; path = ../../../../ogreoggsound/build/Release/libOgreOggSound.dylib; sourceTree = "<group>"; };
		B63D37F217DE87EB001A7191 /* Vinezors2.0.app */ = {isa = PBXFileReference; explicitFileType = wrapper.application; includeInIndex = 0; path = Vinezors2.0.app; sourceTree = BUILT_PRODUCTS_DIR; };
		B63D37F517DE87EB001A7191 /* Carbon.framework */ = {isa = PBXFileReference; lastKnownFileType = wrapper.framework; name = Carbon.framework; path = System/Library/Frameworks/Carbon.framework; sourceTree = SDKROOT; };
		B63D37F717DE87EB001A7191 /* Cocoa.framework */ = {isa = PBXFileReference; lastKnownFileType = wrapper.framework; name = Cocoa.framework; path = System/Library/Frameworks/Cocoa.framework; sourceTree = SDKROOT; };
		B63D37F917DE87EB001A7191 /* IOKit.framework */ = {isa = PBXFileReference; lastKnownFileType = wrapper.framework; name = IOKit.framework; path = System/Library/Frameworks/IOKit.framework; sourceTree = SDKROOT; };
		B63D37FB17DE87EB001A7191 /* OpenGL.framework */ = {isa = PBXFileReference; lastKnownFileType = wrapper.framework; name = OpenGL.framework; path = System/Library/Frameworks/OpenGL.framework; sourceTree = SDKROOT; };
		B63D37FD17DE87EB001A7191 /* QuartzCore.framework */ = {isa = PBXFileReference; lastKnownFileType = wrapper.framework; name = QuartzCore.framework; path = System/Library/Frameworks/QuartzCore.framework; sourceTree = SDKROOT; };
		B6C64BE917DE8C5B0092CA8E /* AppDelegate.h */ = {isa = PBXFileReference; fileEncoding = 4; lastKnownFileType = sourcecode.c.h; path = AppDelegate.h; sourceTree = "<group>"; };
		B6C64BEB17DE8C5B0092CA8E /* en */ = {isa = PBXFileReference; lastKnownFileType = text.plist.strings; name = en; path = en.lproj/InfoPlist.strings; sourceTree = "<group>"; };
		B6C64BED17DE8C5B0092CA8E /* main.mm */ = {isa = PBXFileReference; fileEncoding = 4; lastKnownFileType = sourcecode.cpp.objcpp; path = main.mm; sourceTree = "<group>"; };
		B6C64C1517DE8C5B0092CA8E /* ogre.cfg */ = {isa = PBXFileReference; fileEncoding = 4; lastKnownFileType = text; path = ogre.cfg; sourceTree = "<group>"; };
		B6C64C1817DE8C5B0092CA8E /* OgreFramework.cpp */ = {isa = PBXFileReference; fileEncoding = 4; lastKnownFileType = sourcecode.cpp.cpp; path = OgreFramework.cpp; sourceTree = "<group>"; };
		B6C64C1917DE8C5B0092CA8E /* OgreFramework.h */ = {isa = PBXFileReference; fileEncoding = 4; lastKnownFileType = sourcecode.c.h; path = OgreFramework.h; sourceTree = "<group>"; };
		B6C64C1A17DE8C5B0092CA8E /* plugins.cfg */ = {isa = PBXFileReference; fileEncoding = 4; lastKnownFileType = text; path = plugins.cfg; sourceTree = "<group>"; };
		B6C64C1B17DE8C5B0092CA8E /* Pod.cpp */ = {isa = PBXFileReference; fileEncoding = 4; lastKnownFileType = sourcecode.cpp.cpp; path = Pod.cpp; sourceTree = "<group>"; };
		B6C64C1C17DE8C5B0092CA8E /* Pod.h */ = {isa = PBXFileReference; fileEncoding = 4; lastKnownFileType = sourcecode.c.h; path = Pod.h; sourceTree = "<group>"; };
		B6C64C1D17DE8C5B0092CA8E /* resources.cfg */ = {isa = PBXFileReference; fileEncoding = 4; lastKnownFileType = text; path = resources.cfg; sourceTree = "<group>"; };
		B6C64C1E17DE8C5B0092CA8E /* Util.cpp */ = {isa = PBXFileReference; fileEncoding = 4; lastKnownFileType = sourcecode.cpp.cpp; path = Util.cpp; sourceTree = "<group>"; };
		B6C64C1F17DE8C5B0092CA8E /* Util.h */ = {isa = PBXFileReference; fileEncoding = 4; lastKnownFileType = sourcecode.c.h; path = Util.h; sourceTree = "<group>"; };
		B6C64C2017DE8C5B0092CA8E /* Vinezors2.0-Info.plist */ = {isa = PBXFileReference; fileEncoding = 4; lastKnownFileType = text.plist.xml; path = "Vinezors2.0-Info.plist"; sourceTree = "<group>"; };
		B6C64C2117DE8C5B0092CA8E /* Vinezors2.0-Prefix.pch */ = {isa = PBXFileReference; fileEncoding = 4; lastKnownFileType = sourcecode.c.h; path = "Vinezors2.0-Prefix.pch"; sourceTree = "<group>"; };
/* End PBXFileReference section */

/* Begin PBXFrameworksBuildPhase section */
		B63D37EE17DE87EB001A7191 /* Frameworks */ = {
			isa = PBXFrameworksBuildPhase;
			buildActionMask = 2147483647;
			files = (
				3EFFC02A1AA925AC00A97B13 /* RenderSystem_GL.framework in Frameworks */,
				3EFFC0281AA925AC00A97B13 /* OgreOverlay.framework in Frameworks */,
				B63D37F617DE87EB001A7191 /* Carbon.framework in Frameworks */,
				3EFFC0211AA9256300A97B13 /* Plugin_ParticleFX.framework in Frameworks */,
				B63D37F817DE87EB001A7191 /* Cocoa.framework in Frameworks */,
				3EFFC0261AA925AC00A97B13 /* Ogre.framework in Frameworks */,
				B63D37FA17DE87EB001A7191 /* IOKit.framework in Frameworks */,
				B63D37FC17DE87EB001A7191 /* OpenGL.framework in Frameworks */,
				B63D37FE17DE87EB001A7191 /* QuartzCore.framework in Frameworks */,
			);
			runOnlyForDeploymentPostprocessing = 0;
		};
/* End PBXFrameworksBuildPhase section */

/* Begin PBXGroup section */
		5D04AD2D190052E300E0A98B /* LevelSelection */ = {
			isa = PBXGroup;
			children = (
				5D04AD2E1900543500E0A98B /* HudLevelSelection.cpp */,
				5D04AD2F1900543500E0A98B /* HudLevelSelection.h */,
				5D04AD371900B05100E0A98B /* EngineLevelSelection.cpp */,
				5D04AD381900B05100E0A98B /* EngineLevelSelection.h */,
			);
			name = LevelSelection;
			sourceTree = "<group>";
		};
		5D04AD3119006BF800E0A98B /* GameEngineStates */ = {
			isa = PBXGroup;
			children = (
				5D04AD411900D01400E0A98B /* EngineStateManager.cpp */,
				5D04AD421900D01400E0A98B /* EngineStateManager.h */,
				5D04AD3319006C2600E0A98B /* BaseClasses */,
				5DD5E04918FDA65F0063491A /* Stage */,
				5D29449419FA06E2002950C7 /* LevelScheduler */,
				5D04AD2D190052E300E0A98B /* LevelSelection */,
				5D04AD471901142800E0A98B /* MainMenu */,
				5D04AD4E1901218D00E0A98B /* Credits */,
				5DC16B71193CCCEE007E8EFD /* MainSettings */,
				5D4B5087195CE62300912FC9 /* ControlSettings */,
			);
			name = GameEngineStates;
			sourceTree = "<group>";
		};
		5D04AD3219006C0900E0A98B /* Player */ = {
			isa = PBXGroup;
			children = (
				5D2D423318CE497F0035786C /* Score.cpp */,
				5D2D423418CE497F0035786C /* Score.h */,
				5DE122D917F0DC6700E49916 /* Player.cpp */,
				5DE122DA17F0DC6700E49916 /* Player.h */,
				5DCDDD89191062EC00CF67F1 /* PlayerLevel.cpp */,
				5DCDDD8A191062EC00CF67F1 /* PlayerLevel.h */,
				5DCDDD8C1910637800CF67F1 /* PlayerProgress.cpp */,
				5DCDDD8D1910637800CF67F1 /* PlayerProgress.h */,
				5DC3698A19256B3600E5A53D /* TutorialManager.cpp */,
				5DC3698B19256B3600E5A53D /* TutorialManager.h */,
			);
			name = Player;
			sourceTree = "<group>";
		};
		5D04AD3319006C2600E0A98B /* BaseClasses */ = {
			isa = PBXGroup;
			children = (
				5DC3698D1926097600E5A53D /* HudElements.cpp */,
				5DC3698E1926097600E5A53D /* HudElements.h */,
				5D3041C318431C3800BD26C0 /* Hud.cpp */,
				5D3041C418431C3800BD26C0 /* Hud.h */,
				5D04AD2719003C4900E0A98B /* Engine.cpp */,
				5D04AD2819003C4900E0A98B /* Engine.h */,
			);
			name = BaseClasses;
			sourceTree = "<group>";
		};
		5D04AD3A1900CA8B00E0A98B /* GameObjects */ = {
			isa = PBXGroup;
			children = (
				5DE122DF17F0DC7B00E49916 /* TunnelSlice.cpp */,
				5DE122E017F0DC7B00E49916 /* TunnelSlice.h */,
				5DE122DB17F0DC6700E49916 /* Tunnel.cpp */,
				5DE122DE17F0DC7B00E49916 /* Tunnel.h */,
				5DE122E117F0DC7B00E49916 /* Vine.cpp */,
				5DE122E217F0DC7B00E49916 /* Vine.h */,
				B6C64C1B17DE8C5B0092CA8E /* Pod.cpp */,
				B6C64C1C17DE8C5B0092CA8E /* Pod.h */,
				5D04AD551901331600E0A98B /* Powerup.cpp */,
				5D04AD561901331600E0A98B /* Powerup.h */,
			);
			name = GameObjects;
			sourceTree = "<group>";
		};
		5D04AD471901142800E0A98B /* MainMenu */ = {
			isa = PBXGroup;
			children = (
				5D04AD481901147900E0A98B /* HudMainMenu.cpp */,
				5D04AD491901147900E0A98B /* HudMainMenu.h */,
				5D04AD4B1901148300E0A98B /* EngineMainMenu.cpp */,
				5D04AD4C1901148300E0A98B /* EngineMainMenu.h */,
			);
			name = MainMenu;
			sourceTree = "<group>";
		};
		5D04AD4E1901218D00E0A98B /* Credits */ = {
			isa = PBXGroup;
			children = (
				5D04AD4F190121B000E0A98B /* HudCredits.cpp */,
				5D04AD50190121B000E0A98B /* HudCredits.h */,
				5D04AD52190122F100E0A98B /* EngineCredits.cpp */,
				5D04AD53190122F100E0A98B /* EngineCredits.h */,
			);
			name = Credits;
			sourceTree = "<group>";
		};
		5D29449419FA06E2002950C7 /* LevelScheduler */ = {
			isa = PBXGroup;
			children = (
				5DA8044D19E4C6BD001E0928 /* HudSchedulerMenu.cpp */,
				5DA8044E19E4C6BD001E0928 /* HudSchedulerMenu.h */,
				5DA8044B19E4C6BD001E0928 /* EngineSchedulerMenu.cpp */,
				5DA8044C19E4C6BD001E0928 /* EngineSchedulerMenu.h */,
			);
			name = LevelScheduler;
			sourceTree = "<group>";
		};
		5D4B5087195CE62300912FC9 /* ControlSettings */ = {
			isa = PBXGroup;
			children = (
				5D4B508C195CE63F00912FC9 /* HudControlSettings.cpp */,
				5D4B508D195CE63F00912FC9 /* HudControlSettings.h */,
				5D4B5089195CE63F00912FC9 /* EngineControlsSettings.cpp */,
				5D4B5088195CE63F00912FC9 /* EngineControlSettings.h */,
			);
			name = ControlSettings;
			sourceTree = "<group>";
		};
		5DC16B71193CCCEE007E8EFD /* MainSettings */ = {
			isa = PBXGroup;
			children = (
				5D4B508E195CE63F00912FC9 /* HudMainSettings.cpp */,
				5D4B508F195CE63F00912FC9 /* HudMainSettings.h */,
				5D4B508A195CE63F00912FC9 /* EngineMainSettings.cpp */,
				5D4B508B195CE63F00912FC9 /* EngineMainSettings.h */,
			);
			name = MainSettings;
			sourceTree = "<group>";
		};
		5DD5E04918FDA65F0063491A /* Stage */ = {
			isa = PBXGroup;
			children = (
				5D04AD3A1900CA8B00E0A98B /* GameObjects */,
				5D04AD2A1900523200E0A98B /* HudStage.cpp */,
				5D04AD2B1900523200E0A98B /* HudStage.h */,
				5DD5E04A18FF7EAD0063491A /* EngineStage.cpp */,
				5DD5E04B18FF7EAD0063491A /* EngineStage.h */,
			);
			name = Stage;
			sourceTree = "<group>";
		};
		5DE1227F17F0DA8200E49916 /* media */ = {
			isa = PBXGroup;
			children = (
				5DE1229317F0DA8200E49916 /* materials */,
			);
			path = media;
			sourceTree = "<group>";
		};
		5DE1229317F0DA8200E49916 /* materials */ = {
			isa = PBXGroup;
			children = (
				5DE1229417F0DA8200E49916 /* scripts */,
			);
			path = materials;
			sourceTree = "<group>";
		};
		5DE1229417F0DA8200E49916 /* scripts */ = {
			isa = PBXGroup;
			children = (
				5D299E3B18A01EE00014CFA9 /* General.particle */,
				5DE1229617F0DA8200E49916 /* General.material */,
				5DCDDD801910136E00CF67F1 /* GeneralGUI.material */,
				5DCDDD811910136E00CF67F1 /* GeneralPod.material */,
				5DCDDD821910136E00CF67F1 /* GeneralSkyplane.material */,
				5DCDDD831910136E00CF67F1 /* GeneralTunnelTiles.material */,
				5DB6BF0019941428002CA3F3 /* GeneralGate.material */,
				5DB6BF0119941428002CA3F3 /* GeneralTutorial.material */,
			);
			path = scripts;
			sourceTree = "<group>";
		};
		5DE122E517F0DC8400E49916 /* source */ = {
			isa = PBXGroup;
			children = (
				5D04AD3219006C0900E0A98B /* Player */,
				5D04AD3119006BF800E0A98B /* GameEngineStates */,
				5DA3B27318BB10E4001BFBB9 /* Networking.mm */,
				5DA3B27218BB10E4001BFBB9 /* Networking.h */,
				5DEB285E1899AECB003A90EB /* OgreApp.cpp */,
				5DEB285F1899AECB003A90EB /* OgreApp.h */,
				B6C64C1817DE8C5B0092CA8E /* OgreFramework.cpp */,
				B6C64C1917DE8C5B0092CA8E /* OgreFramework.h */,
				B6C64C1E17DE8C5B0092CA8E /* Util.cpp */,
				B6C64C1F17DE8C5B0092CA8E /* Util.h */,
				5D1EFEB2190B2B1100E865D6 /* LevelSet.cpp */,
				5D1EFEB3190B2B1100E865D6 /* LevelSet.h */,
				5DA8044F19E4C6BD001E0928 /* LevelScheduler.cpp */,
				5DA8045019E4C6BD001E0928 /* LevelScheduler.h */,
			);
			name = source;
			sourceTree = "<group>";
		};
		5DF9414517F4D4BC0082C239 /* lib */ = {
			isa = PBXGroup;
			children = (
				5DF9416A17F4D5720082C239 /* libOgreOggSound.dylib */,
				5DF9414617F4D4E70082C239 /* OgrePaging.framework */,
				5D6511901A9FB60F00FE4091 /* OgreOverlay.framework */,
				5DF9414717F4D4E70082C239 /* OgreProperty.framework */,
				5DF9414817F4D4E70082C239 /* OgreRTShaderSystem.framework */,
				5DF9414917F4D4E70082C239 /* OgreTerrain.framework */,
				5DF9414A17F4D4E70082C239 /* Plugin_BSPSceneManager.framework */,
				5DF9414B17F4D4E70082C239 /* Plugin_CgProgramManager.framework */,
				5DF9414C17F4D4E70082C239 /* Plugin_OctreeSceneManager.framework */,
				5DF9414D17F4D4E70082C239 /* Plugin_OctreeZone.framework */,
				5DF9414E17F4D4E70082C239 /* Plugin_ParticleFX.framework */,
				5DF9414F17F4D4E70082C239 /* Plugin_PCZSceneManager.framework */,
				5DF9415017F4D4E70082C239 /* RenderSystem_GL.framework */,
				5DF9415C17F4D4FC0082C239 /* Ogre.framework */,
			);
			name = lib;
			path = Vinezors2.0/lib;
			sourceTree = "<group>";
		};
		B63D37E817DE87EB001A7191 = {
			isa = PBXGroup;
			children = (
				3EFFC02C1AA925E200A97B13 /* libOgreOggSound.dylib */,
				3EFFC0231AA925AC00A97B13 /* Ogre.framework */,
				3EFFC0241AA925AC00A97B13 /* OgreOverlay.framework */,
				3EFFC0251AA925AC00A97B13 /* RenderSystem_GL.framework */,
				3EFFC0201AA9256300A97B13 /* Plugin_ParticleFX.framework */,
				5DF9414517F4D4BC0082C239 /* lib */,
				B6C64BE817DE8C5B0092CA8E /* Vinezors2.0 */,
				B63D37F417DE87EB001A7191 /* Frameworks */,
				B63D37F317DE87EB001A7191 /* Products */,
			);
			sourceTree = "<group>";
		};
		B63D37F317DE87EB001A7191 /* Products */ = {
			isa = PBXGroup;
			children = (
				B63D37F217DE87EB001A7191 /* Vinezors2.0.app */,
			);
			name = Products;
			sourceTree = "<group>";
		};
		B63D37F417DE87EB001A7191 /* Frameworks */ = {
			isa = PBXGroup;
			children = (
				B63D37F517DE87EB001A7191 /* Carbon.framework */,
				B63D37F717DE87EB001A7191 /* Cocoa.framework */,
				B63D37F917DE87EB001A7191 /* IOKit.framework */,
				B63D37FB17DE87EB001A7191 /* OpenGL.framework */,
				B63D37FD17DE87EB001A7191 /* QuartzCore.framework */,
			);
			name = Frameworks;
			sourceTree = "<group>";
		};
		B6C64BE817DE8C5B0092CA8E /* Vinezors2.0 */ = {
			isa = PBXGroup;
			children = (
				B6C64BED17DE8C5B0092CA8E /* main.mm */,
				5DE122E517F0DC8400E49916 /* source */,
				5DE1227F17F0DA8200E49916 /* media */,
				B6C64BE917DE8C5B0092CA8E /* AppDelegate.h */,
				B6C64BEA17DE8C5B0092CA8E /* InfoPlist.strings */,
				B6C64C1517DE8C5B0092CA8E /* ogre.cfg */,
				B6C64C1A17DE8C5B0092CA8E /* plugins.cfg */,
				B6C64C1D17DE8C5B0092CA8E /* resources.cfg */,
				B6C64C2017DE8C5B0092CA8E /* Vinezors2.0-Info.plist */,
				B6C64C2117DE8C5B0092CA8E /* Vinezors2.0-Prefix.pch */,
			);
			path = Vinezors2.0;
			sourceTree = "<group>";
		};
/* End PBXGroup section */

/* Begin PBXNativeTarget section */
		B63D37F117DE87EB001A7191 /* Vinezors2.0 */ = {
			isa = PBXNativeTarget;
			buildConfigurationList = B63D382917DE87EB001A7191 /* Build configuration list for PBXNativeTarget "Vinezors2.0" */;
			buildPhases = (
				B63D37ED17DE87EB001A7191 /* Sources */,
				B63D37EE17DE87EB001A7191 /* Frameworks */,
				B63D37EF17DE87EB001A7191 /* Resources */,
				B63D37F017DE87EB001A7191 /* ShellScript */,
				B6C64C4C17DE8C740092CA8E /* CopyFiles */,
				B6C64C4D17DE8C750092CA8E /* CopyFiles */,
				B6C64C4E17DE8C760092CA8E /* Copy Files */,
			);
			buildRules = (
			);
			dependencies = (
			);
			name = Vinezors2.0;
			productName = Vinezors2.0;
			productReference = B63D37F217DE87EB001A7191 /* Vinezors2.0.app */;
			productType = "com.apple.product-type.application";
		};
/* End PBXNativeTarget section */

/* Begin PBXProject section */
		B63D37E917DE87EB001A7191 /* Project object */ = {
			isa = PBXProject;
			attributes = {
				LastUpgradeCheck = 0510;
			};
			buildConfigurationList = B63D37EC17DE87EB001A7191 /* Build configuration list for PBXProject "Vinezors2.0" */;
			compatibilityVersion = "Xcode 3.2";
			developmentRegion = English;
			hasScannedForEncodings = 0;
			knownRegions = (
				en,
			);
			mainGroup = B63D37E817DE87EB001A7191;
			productRefGroup = B63D37F317DE87EB001A7191 /* Products */;
			projectDirPath = "";
			projectRoot = "";
			targets = (
				B63D37F117DE87EB001A7191 /* Vinezors2.0 */,
			);
		};
/* End PBXProject section */

/* Begin PBXResourcesBuildPhase section */
		B63D37EF17DE87EB001A7191 /* Resources */ = {
			isa = PBXResourcesBuildPhase;
			buildActionMask = 2147483647;
			files = (
				B6C64C2217DE8C5B0092CA8E /* InfoPlist.strings in Resources */,
				B6C64C4417DE8C5B0092CA8E /* ogre.cfg in Resources */,
				B6C64C4717DE8C5B0092CA8E /* plugins.cfg in Resources */,
				5DB6BF0319941428002CA3F3 /* GeneralTutorial.material in Resources */,
				B6C64C4917DE8C5B0092CA8E /* resources.cfg in Resources */,
				5DB6BF0219941428002CA3F3 /* GeneralGate.material in Resources */,
			);
			runOnlyForDeploymentPostprocessing = 0;
		};
/* End PBXResourcesBuildPhase section */

/* Begin PBXShellScriptBuildPhase section */
		B63D37F017DE87EB001A7191 /* ShellScript */ = {
			isa = PBXShellScriptBuildPhase;
			buildActionMask = 2147483647;
			files = (
			);
			inputPaths = (
			);
			outputPaths = (
			);
			runOnlyForDeploymentPostprocessing = 0;
			shellPath = /bin/bash;
			shellScript = "# This shell script simply copies resources into their respective locations\nmkdir -p \"$BUILT_PRODUCTS_DIR/Vinezors2.0.app/Contents/Frameworks\"\nmkdir -p \"$BUILT_PRODUCTS_DIR/Vinezors2.0.app/Contents/Plugins\"\nditto \"$OGRE_SDK_ROOT/lib/release/Ogre.framework\" \"$BUILT_PRODUCTS_DIR/Vinezors2.0.app/Contents/Frameworks/Ogre.framework\"\nditto \"$OGRE_SDK_ROOT/lib/RenderSystem_GL.dylib\" \"$BUILT_PRODUCTS_DIR/Vinezors2.0.app/Contents/Plugins/\"\nditto \"$PROJECT_DIR/$PROJECT_NAME/media/\" \"$BUILT_PRODUCTS_DIR/Vinezors2.0.app/Contents/Resources/media/\"\nditto $PROJECT_DIR/$PROJECT_NAME/*.cfg \"$BUILT_PRODUCTS_DIR/Vinezors2.0.app/Contents/Resources/\"\n";
		};
/* End PBXShellScriptBuildPhase section */

/* Begin PBXSourcesBuildPhase section */
		B63D37ED17DE87EB001A7191 /* Sources */ = {
			isa = PBXSourcesBuildPhase;
			buildActionMask = 2147483647;
			files = (
				5DD5E04C18FF7EAD0063491A /* EngineStage.cpp in Sources */,
				5D04AD431900D01400E0A98B /* EngineStateManager.cpp in Sources */,
				B6C64C2317DE8C5B0092CA8E /* main.mm in Sources */,
				5D04AD54190122F100E0A98B /* EngineCredits.cpp in Sources */,
				5D04AD2C1900523200E0A98B /* HudStage.cpp in Sources */,
				5D04AD51190121B000E0A98B /* HudCredits.cpp in Sources */,
				5DA8045319E4C6BD001E0928 /* LevelScheduler.cpp in Sources */,
				5D4B5090195CE63F00912FC9 /* EngineControlsSettings.cpp in Sources */,
				B6C64C4617DE8C5B0092CA8E /* OgreFramework.cpp in Sources */,
				5DA8045219E4C6BD001E0928 /* HudSchedulerMenu.cpp in Sources */,
				5D3041C518431C3800BD26C0 /* Hud.cpp in Sources */,
				5D04AD391900B05100E0A98B /* EngineLevelSelection.cpp in Sources */,
				5D04AD2919003C4900E0A98B /* Engine.cpp in Sources */,
				5DC3698F1926097600E5A53D /* HudElements.cpp in Sources */,
				B6C64C4817DE8C5B0092CA8E /* Pod.cpp in Sources */,
				5D1EFEB4190B2B1100E865D6 /* LevelSet.cpp in Sources */,
				5DA8045119E4C6BD001E0928 /* EngineSchedulerMenu.cpp in Sources */,
				5D04AD4D1901148300E0A98B /* EngineMainMenu.cpp in Sources */,
				5DA3B27418BB10E4001BFBB9 /* Networking.mm in Sources */,
				B6C64C4A17DE8C5B0092CA8E /* Util.cpp in Sources */,
				5D4B5092195CE63F00912FC9 /* HudControlSettings.cpp in Sources */,
				5DCDDD8B191062EC00CF67F1 /* PlayerLevel.cpp in Sources */,
				5D4B5093195CE63F00912FC9 /* HudMainSettings.cpp in Sources */,
				5D04AD4A1901147900E0A98B /* HudMainMenu.cpp in Sources */,
				5D04AD301900543500E0A98B /* HudLevelSelection.cpp in Sources */,
				5D2D423518CE497F0035786C /* Score.cpp in Sources */,
				5DC3698C19256B3600E5A53D /* TutorialManager.cpp in Sources */,
				5DE122DC17F0DC6700E49916 /* Player.cpp in Sources */,
				5D4B5091195CE63F00912FC9 /* EngineMainSettings.cpp in Sources */,
				5DE122DD17F0DC6700E49916 /* Tunnel.cpp in Sources */,
				5DE122E317F0DC7B00E49916 /* TunnelSlice.cpp in Sources */,
				5DCDDD8E1910637800CF67F1 /* PlayerProgress.cpp in Sources */,
				5DE122E417F0DC7B00E49916 /* Vine.cpp in Sources */,
				5D04AD571901331600E0A98B /* Powerup.cpp in Sources */,
				5DEB28601899AECB003A90EB /* OgreApp.cpp in Sources */,
			);
			runOnlyForDeploymentPostprocessing = 0;
		};
/* End PBXSourcesBuildPhase section */

/* Begin PBXVariantGroup section */
		B6C64BEA17DE8C5B0092CA8E /* InfoPlist.strings */ = {
			isa = PBXVariantGroup;
			children = (
				B6C64BEB17DE8C5B0092CA8E /* en */,
			);
			name = InfoPlist.strings;
			sourceTree = "<group>";
		};
/* End PBXVariantGroup section */

/* Begin XCBuildConfiguration section */
		B63D382717DE87EB001A7191 /* Debug */ = {
			isa = XCBuildConfiguration;
			buildSettings = {
				CLANG_CXX_LANGUAGE_STANDARD = "c++0x";
				CLANG_CXX_LIBRARY = "libc++";
				COPY_PHASE_STRIP = NO;
				FRAMEWORK_SEARCH_PATHS = (
					"\"$(OGRE_SDK_ROOT)/lib/macosx/Release\"",
					"\"$(OGRE_SDK_ROOT)/Dependencies\"",
				);
				GCC_PRECOMPILE_PREFIX_HEADER = YES;
				GCC_PREFIX_HEADER = "Vinezors2.0/Vinezors2.0-Prefix.pch";
				HEADER_SEARCH_PATHS = (
					"\"$(OGRE_SDK_ROOT)/include/OGRE\"",
					"\"$(OGRE_SDK_ROOT)/include/OGRE/OSX\"",
					"\"$(OGRE_SDK_ROOT)/include/OGRE/Overlay\"",
					"\"$(OGRE_SDK_ROOT)/include/OIS\"",
					"\"$(OGRE_SDK_ROOT)/Dependencies/include\"",
					"\"$(OGRE_SDK_ROOT)/boost\"",
					"\"$(OGGSOUND_SDK_ROOT)\"",
					"\"$(OGGSOUND_SDK_ROOT)/include\"",
				);
				INFOPLIST_FILE = "Vinezors2.0/Vinezors2.0-Info.plist";
				INSTALL_PATH = "";
				LIBRARY_SEARCH_PATHS = (
					"\"$(OGRE_SDK_ROOT)/lib/macosx/Release\"",
					"\"$(OGRE_SDK_ROOT)/lib\"",
					"\"$(OGRE_SDK_ROOT)/Dependencies/lib\"",
					"\"$(OGRE_SDK_ROOT)/Dependencies/lib/Release\"",
					"\"$(OGGSOUND_SDK_ROOT)/build/Release\"",
				);
				MACOSX_DEPLOYMENT_TARGET = 10.8;
				OGGSOUND_SDK_ROOT = "~/OgreOggSound-v1.26";
				OGRE_SDK_ROOT = "~/OgreSDKOSX";
				ONLY_ACTIVE_ARCH = YES;
				OTHER_LDFLAGS = (
					"-lOIS",
					"-lboost_system",
					"-framework",
					Ogre,
					"-framework",
					OgreOverlay,
					"-lOgreOggSound",
				);
				PRODUCT_NAME = "$(TARGET_NAME)";
				SDKROOT = macosx;
				WRAPPER_EXTENSION = app;
			};
			name = Debug;
		};
		B63D382817DE87EB001A7191 /* Release */ = {
			isa = XCBuildConfiguration;
			buildSettings = {
				CLANG_CXX_LANGUAGE_STANDARD = "c++0x";
				CLANG_CXX_LIBRARY = "libc++";
				COPY_PHASE_STRIP = YES;
				DEBUG_INFORMATION_FORMAT = "dwarf-with-dsym";
				FRAMEWORK_SEARCH_PATHS = (
					"\"$(OGRE_SDK_ROOT)/lib/macosx/Release\"",
					"\"$(OGRE_SDK_ROOT)/Dependencies\"",
				);
				GCC_PRECOMPILE_PREFIX_HEADER = YES;
				GCC_PREFIX_HEADER = "Vinezors2.0/Vinezors2.0-Prefix.pch";
				HEADER_SEARCH_PATHS = (
					"\"$(OGRE_SDK_ROOT)/include/OGRE\"",
					"\"$(OGRE_SDK_ROOT)/include/OGRE/OSX\"",
					"\"$(OGRE_SDK_ROOT)/include/OGRE/Overlay\"",
					"\"$(OGRE_SDK_ROOT)/include/OIS\"",
					"\"$(OGRE_SDK_ROOT)/Dependencies/include\"",
					"\"$(OGRE_SDK_ROOT)/boost\"",
					"\"$(OGGSOUND_SDK_ROOT)\"",
					"\"$(OGGSOUND_SDK_ROOT)/include\"",
				);
				INFOPLIST_FILE = "Vinezors2.0/Vinezors2.0-Info.plist";
				INSTALL_PATH = "";
				LIBRARY_SEARCH_PATHS = (
					"\"$(OGRE_SDK_ROOT)/lib/macosx/Release\"",
					"\"$(OGRE_SDK_ROOT)/lib\"",
					"\"$(OGRE_SDK_ROOT)/Dependencies/lib\"",
					"\"$(OGRE_SDK_ROOT)/Dependencies/lib/Release\"",
					"\"$(OGGSOUND_SDK_ROOT)/build/Release\"",
				);
				MACOSX_DEPLOYMENT_TARGET = 10.8;
				OGGSOUND_SDK_ROOT = "~/OgreOggSound-v1.26";
				OGRE_SDK_ROOT = "~/OgreSDKOSX";
				OTHER_LDFLAGS = (
					"-lOIS",
					"-lboost_system",
					"-framework",
					Ogre,
					"-framework",
					OgreOverlay,
					"-lOgreOggSound",
				);
				PRODUCT_NAME = "$(TARGET_NAME)";
				SDKROOT = macosx;
				WRAPPER_EXTENSION = app;
			};
			name = Release;
		};
		B63D382A17DE87EB001A7191 /* Debug */ = {
			isa = XCBuildConfiguration;
			buildSettings = {
				COMBINE_HIDPI_IMAGES = YES;
				FRAMEWORK_SEARCH_PATHS = (
					"$(inherited)",
					/Users/phungc/OgreSDKOSX/lib/macosx/Release,
					/Users/Lin/OgreSDKOSX/lib/macosx/Release,
				);
				HEADER_SEARCH_PATHS = "$(inherited)";
				LD_RUNPATH_SEARCH_PATHS = "$(inherited) @executable_path/../Frameworks";
				LIBRARY_SEARCH_PATHS = "$(inherited)";
				OGGSOUND_SDK_ROOT = "~/OgreOggSound-v1.26";
				OGRE_SDK_ROOT = "~/OgreSDKOSX";
				OTHER_LDFLAGS = "$(inherited)";
			};
			name = Debug;
		};
		B63D382B17DE87EB001A7191 /* Release */ = {
			isa = XCBuildConfiguration;
			buildSettings = {
				COMBINE_HIDPI_IMAGES = YES;
				FRAMEWORK_SEARCH_PATHS = (
					"$(inherited)",
					/Users/phungc/OgreSDKOSX/lib/macosx/Release,
					/Users/Lin/OgreSDKOSX/lib/macosx/Release,
				);
				HEADER_SEARCH_PATHS = "$(inherited)";
				LD_RUNPATH_SEARCH_PATHS = "$(inherited) @executable_path/../Frameworks";
				LIBRARY_SEARCH_PATHS = "$(inherited)";
				OGGSOUND_SDK_ROOT = "~/OgreOggSound-v1.26";
				OGRE_SDK_ROOT = "~/OgreSDKOSX";
				OTHER_LDFLAGS = "$(inherited)";
			};
			name = Release;
		};
/* End XCBuildConfiguration section */

/* Begin XCConfigurationList section */
		B63D37EC17DE87EB001A7191 /* Build configuration list for PBXProject "Vinezors2.0" */ = {
			isa = XCConfigurationList;
			buildConfigurations = (
				B63D382717DE87EB001A7191 /* Debug */,
				B63D382817DE87EB001A7191 /* Release */,
			);
			defaultConfigurationIsVisible = 0;
			defaultConfigurationName = Release;
		};
		B63D382917DE87EB001A7191 /* Build configuration list for PBXNativeTarget "Vinezors2.0" */ = {
			isa = XCConfigurationList;
			buildConfigurations = (
				B63D382A17DE87EB001A7191 /* Debug */,
				B63D382B17DE87EB001A7191 /* Release */,
			);
			defaultConfigurationIsVisible = 0;
			defaultConfigurationName = Release;
		};
/* End XCConfigurationList section */
	};
	rootObject = B63D37E917DE87EB001A7191 /* Project object */;
}
