// !$*UTF8*$!
{
	archiveVersion = 1;
	classes = {
	};
	objectVersion = 46;
	objects = {

/* Begin PBXBuildFile section */
		5DBCC46117F9E87C00DC9022 /* libOgreOggSound.dylib in Copy Files */ = {isa = PBXBuildFile; fileRef = 5DBCC45F17F9E86C00DC9022 /* libOgreOggSound.dylib */; };
		5DBCC46717FA24BC00DC9022 /* floop.wav in Resources */ = {isa = PBXBuildFile; fileRef = 5DBCC46617FA24BC00DC9022 /* floop.wav */; };
		5DD4D6D718079A14009C4190 /* Object.cpp in Sources */ = {isa = PBXBuildFile; fileRef = 5DD4D6D518079A14009C4190 /* Object.cpp */; };
		5DE84B0B18048ADF003E31B8 /* PotPattern.mm in Sources */ = {isa = PBXBuildFile; fileRef = 5DE84B0A18048ADF003E31B8 /* PotPattern.mm */; };
		B63D37A417DE8616001A7191 /* InfoPlist.strings in Resources */ = {isa = PBXBuildFile; fileRef = B63D376017DE8616001A7191 /* InfoPlist.strings */; };
		B63D37B117DE8616001A7191 /* main.mm in Sources */ = {isa = PBXBuildFile; fileRef = B63D376F17DE8616001A7191 /* main.mm */; };
		B63D37D217DE8616001A7191 /* ogre.cfg in Resources */ = {isa = PBXBuildFile; fileRef = B63D379717DE8616001A7191 /* ogre.cfg */; };
		B63D37D317DE8616001A7191 /* OgreDemoApp.cpp in Sources */ = {isa = PBXBuildFile; fileRef = B63D379817DE8616001A7191 /* OgreDemoApp.cpp */; };
		B63D37D417DE8616001A7191 /* OgreFramework.cpp in Sources */ = {isa = PBXBuildFile; fileRef = B63D379A17DE8616001A7191 /* OgreFramework.cpp */; };
		B63D37D517DE8616001A7191 /* plugins.cfg in Resources */ = {isa = PBXBuildFile; fileRef = B63D379C17DE8616001A7191 /* plugins.cfg */; };
		B63D37D817DE8616001A7191 /* resources.cfg in Resources */ = {isa = PBXBuildFile; fileRef = B63D37A117DE8616001A7191 /* resources.cfg */; };
		B63D37D917DE8616001A7191 /* Util.cpp in Sources */ = {isa = PBXBuildFile; fileRef = B63D37A217DE8616001A7191 /* Util.cpp */; };
		B63D389417DE8948001A7191 /* Ogre.framework in CopyFiles */ = {isa = PBXBuildFile; fileRef = B63D389117DE8901001A7191 /* Ogre.framework */; };
		B63D38AB17DE8969001A7191 /* Plugin_BSPSceneManager.dylib in CopyFiles */ = {isa = PBXBuildFile; fileRef = B63D389917DE895F001A7191 /* Plugin_BSPSceneManager.dylib */; };
		B63D38AC17DE8969001A7191 /* Plugin_CgProgramManager.dylib in CopyFiles */ = {isa = PBXBuildFile; fileRef = B63D389A17DE895F001A7191 /* Plugin_CgProgramManager.dylib */; };
		B63D38AD17DE8969001A7191 /* Plugin_OctreeSceneManager.dylib in CopyFiles */ = {isa = PBXBuildFile; fileRef = B63D389B17DE895F001A7191 /* Plugin_OctreeSceneManager.dylib */; };
		B63D38AE17DE8969001A7191 /* Plugin_OctreeZone.dylib in CopyFiles */ = {isa = PBXBuildFile; fileRef = B63D389C17DE895F001A7191 /* Plugin_OctreeZone.dylib */; };
		B63D38AF17DE8969001A7191 /* Plugin_ParticleFX.dylib in CopyFiles */ = {isa = PBXBuildFile; fileRef = B63D389D17DE895F001A7191 /* Plugin_ParticleFX.dylib */; };
		B63D38B017DE8969001A7191 /* Plugin_PCZSceneManager.dylib in CopyFiles */ = {isa = PBXBuildFile; fileRef = B63D389E17DE895F001A7191 /* Plugin_PCZSceneManager.dylib */; };
		B63D38B117DE8969001A7191 /* RenderSystem_GL.dylib in CopyFiles */ = {isa = PBXBuildFile; fileRef = B63D389F17DE895F001A7191 /* RenderSystem_GL.dylib */; };
		B63D38B317DE8995001A7191 /* libOgrePaging.dylib in Copy Files */ = {isa = PBXBuildFile; fileRef = B63D389517DE895F001A7191 /* libOgrePaging.dylib */; };
		B63D38B417DE8995001A7191 /* libOgreProperty.dylib in Copy Files */ = {isa = PBXBuildFile; fileRef = B63D389617DE895F001A7191 /* libOgreProperty.dylib */; };
		B63D38B517DE8995001A7191 /* libOgreRTShaderSystem.dylib in Copy Files */ = {isa = PBXBuildFile; fileRef = B63D389717DE895F001A7191 /* libOgreRTShaderSystem.dylib */; };
		B63D38B617DE8995001A7191 /* libOgreTerrain.dylib in Copy Files */ = {isa = PBXBuildFile; fileRef = B63D389817DE895F001A7191 /* libOgreTerrain.dylib */; };
		B66E71F717DE6B9F0098046E /* Carbon.framework in Frameworks */ = {isa = PBXBuildFile; fileRef = B66E71F617DE6B9F0098046E /* Carbon.framework */; };
		B66E71F917DE6B9F0098046E /* Cocoa.framework in Frameworks */ = {isa = PBXBuildFile; fileRef = B66E71F817DE6B9F0098046E /* Cocoa.framework */; };
		B66E71FB17DE6B9F0098046E /* IOKit.framework in Frameworks */ = {isa = PBXBuildFile; fileRef = B66E71FA17DE6B9F0098046E /* IOKit.framework */; };
		B66E71FD17DE6B9F0098046E /* OpenGL.framework in Frameworks */ = {isa = PBXBuildFile; fileRef = B66E71FC17DE6B9F0098046E /* OpenGL.framework */; };
		B66E71FF17DE6B9F0098046E /* QuartzCore.framework in Frameworks */ = {isa = PBXBuildFile; fileRef = B66E71FE17DE6B9F0098046E /* QuartzCore.framework */; };
		B675CFB917E1BF910076BC73 /* Pch.cpp in Sources */ = {isa = PBXBuildFile; fileRef = B675CFB817E1BF910076BC73 /* Pch.cpp */; };
		B675CFBE17E1C6600076BC73 /* Ground.cpp in Sources */ = {isa = PBXBuildFile; fileRef = B675CFBD17E1C6600076BC73 /* Ground.cpp */; };
		B675CFC317E1C6A40076BC73 /* Blinkable.cpp in Sources */ = {isa = PBXBuildFile; fileRef = B675CFC017E1C6A40076BC73 /* Blinkable.cpp */; };
		B675CFC417E1C6A40076BC73 /* Selectable.cpp in Sources */ = {isa = PBXBuildFile; fileRef = B675CFC217E1C6A40076BC73 /* Selectable.cpp */; };
		B68EF29917E26AF3001E5950 /* Poppy.cpp in Sources */ = {isa = PBXBuildFile; fileRef = B68EF29817E26AF3001E5950 /* Poppy.cpp */; };
		B6DBD06417F4B54500CFDB08 /* Stage.cpp in Sources */ = {isa = PBXBuildFile; fileRef = B6DBD06317F4B54500CFDB08 /* Stage.cpp */; };
		B6DBD06717F4BE5300CFDB08 /* Player.cpp in Sources */ = {isa = PBXBuildFile; fileRef = B6DBD06617F4BE5300CFDB08 /* Player.cpp */; };
		B6DBD06B17F4BFBC00CFDB08 /* Pattern.cpp in Sources */ = {isa = PBXBuildFile; fileRef = B6DBD06A17F4BFBC00CFDB08 /* Pattern.cpp */; };
		B6DBD06E17F4C08500CFDB08 /* BaselinePattern.cpp in Sources */ = {isa = PBXBuildFile; fileRef = B6DBD06D17F4C08500CFDB08 /* BaselinePattern.cpp */; };
		B6E0947117E50B87003F63BE /* Pot.cpp in Sources */ = {isa = PBXBuildFile; fileRef = B6E0947017E50B87003F63BE /* Pot.cpp */; };
/* End PBXBuildFile section */

/* Begin PBXCopyFilesBuildPhase section */
		B63D38B217DE8989001A7191 /* Copy Files */ = {
			isa = PBXCopyFilesBuildPhase;
			buildActionMask = 2147483647;
			dstPath = ../Components;
			dstSubfolderSpec = 10;
			files = (
				5DBCC46117F9E87C00DC9022 /* libOgreOggSound.dylib in Copy Files */,
				B63D38B317DE8995001A7191 /* libOgrePaging.dylib in Copy Files */,
				B63D38B417DE8995001A7191 /* libOgreProperty.dylib in Copy Files */,
				B63D38B517DE8995001A7191 /* libOgreRTShaderSystem.dylib in Copy Files */,
				B63D38B617DE8995001A7191 /* libOgreTerrain.dylib in Copy Files */,
			);
			name = "Copy Files";
			runOnlyForDeploymentPostprocessing = 0;
		};
		B649C79717DE71DB00908625 /* CopyFiles */ = {
			isa = PBXCopyFilesBuildPhase;
			buildActionMask = 2147483647;
			dstPath = "";
			dstSubfolderSpec = 10;
			files = (
				B63D389417DE8948001A7191 /* Ogre.framework in CopyFiles */,
			);
			runOnlyForDeploymentPostprocessing = 0;
		};
		B649C79817DE71DE00908625 /* CopyFiles */ = {
			isa = PBXCopyFilesBuildPhase;
			buildActionMask = 2147483647;
			dstPath = "";
			dstSubfolderSpec = 13;
			files = (
				B63D38AB17DE8969001A7191 /* Plugin_BSPSceneManager.dylib in CopyFiles */,
				B63D38AC17DE8969001A7191 /* Plugin_CgProgramManager.dylib in CopyFiles */,
				B63D38AD17DE8969001A7191 /* Plugin_OctreeSceneManager.dylib in CopyFiles */,
				B63D38AE17DE8969001A7191 /* Plugin_OctreeZone.dylib in CopyFiles */,
				B63D38AF17DE8969001A7191 /* Plugin_ParticleFX.dylib in CopyFiles */,
				B63D38B017DE8969001A7191 /* Plugin_PCZSceneManager.dylib in CopyFiles */,
				B63D38B117DE8969001A7191 /* RenderSystem_GL.dylib in CopyFiles */,
			);
			runOnlyForDeploymentPostprocessing = 0;
		};
/* End PBXCopyFilesBuildPhase section */

/* Begin PBXFileReference section */
		5DBCC45F17F9E86C00DC9022 /* libOgreOggSound.dylib */ = {isa = PBXFileReference; lastKnownFileType = "compiled.mach-o.dylib"; name = libOgreOggSound.dylib; path = ../../../../ogreoggsound/build/Release/libOgreOggSound.dylib; sourceTree = "<group>"; };
		5DBCC46617FA24BC00DC9022 /* floop.wav */ = {isa = PBXFileReference; lastKnownFileType = audio.wav; path = floop.wav; sourceTree = "<group>"; };
		5DD4D6D518079A14009C4190 /* Object.cpp */ = {isa = PBXFileReference; fileEncoding = 4; lastKnownFileType = sourcecode.cpp.cpp; path = Object.cpp; sourceTree = "<group>"; };
		5DD4D6D618079A14009C4190 /* Object.h */ = {isa = PBXFileReference; fileEncoding = 4; lastKnownFileType = sourcecode.c.h; path = Object.h; sourceTree = "<group>"; };
		5DE84B0918048ADF003E31B8 /* PotPattern.h */ = {isa = PBXFileReference; fileEncoding = 4; lastKnownFileType = sourcecode.c.h; name = PotPattern.h; path = Popzors2.0/PotPattern.h; sourceTree = "<group>"; };
		5DE84B0A18048ADF003E31B8 /* PotPattern.mm */ = {isa = PBXFileReference; fileEncoding = 4; lastKnownFileType = sourcecode.cpp.objcpp; name = PotPattern.mm; path = Popzors2.0/PotPattern.mm; sourceTree = "<group>"; };
		B63D375E17DE8616001A7191 /* AppDelegate.h */ = {isa = PBXFileReference; fileEncoding = 4; lastKnownFileType = sourcecode.c.h; name = AppDelegate.h; path = Popzors2.0/AppDelegate.h; sourceTree = "<group>"; };
		B63D376117DE8616001A7191 /* en */ = {isa = PBXFileReference; lastKnownFileType = text.plist.strings; name = en; path = InfoPlist.strings; sourceTree = "<group>"; };
		B63D376F17DE8616001A7191 /* main.mm */ = {isa = PBXFileReference; fileEncoding = 4; lastKnownFileType = sourcecode.cpp.objcpp; name = main.mm; path = Popzors2.0/main.mm; sourceTree = "<group>"; };
		B63D377217DE8616001A7191 /* C64_Elite_Mono_v1.0-STYLE.eot */ = {isa = PBXFileReference; lastKnownFileType = file; path = "C64_Elite_Mono_v1.0-STYLE.eot"; sourceTree = "<group>"; };
		B63D377317DE8616001A7191 /* C64_Elite_Mono_v1.0-STYLE.ttf */ = {isa = PBXFileReference; lastKnownFileType = file; path = "C64_Elite_Mono_v1.0-STYLE.ttf"; sourceTree = "<group>"; };
		B63D377417DE8616001A7191 /* C64_Elite_Mono_v1.0-STYLE.woff */ = {isa = PBXFileReference; lastKnownFileType = file; path = "C64_Elite_Mono_v1.0-STYLE.woff"; sourceTree = "<group>"; };
		B63D377517DE8616001A7191 /* C64_Pro_Mono_v1.0-STYLE.eot */ = {isa = PBXFileReference; lastKnownFileType = file; path = "C64_Pro_Mono_v1.0-STYLE.eot"; sourceTree = "<group>"; };
		B63D377617DE8616001A7191 /* C64_Pro_Mono_v1.0-STYLE.ttf */ = {isa = PBXFileReference; lastKnownFileType = file; path = "C64_Pro_Mono_v1.0-STYLE.ttf"; sourceTree = "<group>"; };
		B63D377717DE8616001A7191 /* C64_Pro_Mono_v1.0-STYLE.woff */ = {isa = PBXFileReference; lastKnownFileType = file; path = "C64_Pro_Mono_v1.0-STYLE.woff"; sourceTree = "<group>"; };
		B63D377817DE8616001A7191 /* C64_Pro_v1.0-STYLE.eot */ = {isa = PBXFileReference; lastKnownFileType = file; path = "C64_Pro_v1.0-STYLE.eot"; sourceTree = "<group>"; };
		B63D377917DE8616001A7191 /* C64_Pro_v1.0-STYLE.ttf */ = {isa = PBXFileReference; lastKnownFileType = file; path = "C64_Pro_v1.0-STYLE.ttf"; sourceTree = "<group>"; };
		B63D377A17DE8616001A7191 /* C64_Pro_v1.0-STYLE.woff */ = {isa = PBXFileReference; lastKnownFileType = file; path = "C64_Pro_v1.0-STYLE.woff"; sourceTree = "<group>"; };
		B63D377B17DE8616001A7191 /* C64_User_Mono_v1.0-STYLE.eot */ = {isa = PBXFileReference; lastKnownFileType = file; path = "C64_User_Mono_v1.0-STYLE.eot"; sourceTree = "<group>"; };
		B63D377C17DE8616001A7191 /* C64_User_Mono_v1.0-STYLE.ttf */ = {isa = PBXFileReference; lastKnownFileType = file; path = "C64_User_Mono_v1.0-STYLE.ttf"; sourceTree = "<group>"; };
		B63D377D17DE8616001A7191 /* C64_User_Mono_v1.0-STYLE.woff */ = {isa = PBXFileReference; lastKnownFileType = file; path = "C64_User_Mono_v1.0-STYLE.woff"; sourceTree = "<group>"; };
		B63D377E17DE8616001A7191 /* C64_User_v1.0-STYLE.eot */ = {isa = PBXFileReference; lastKnownFileType = file; path = "C64_User_v1.0-STYLE.eot"; sourceTree = "<group>"; };
		B63D377F17DE8616001A7191 /* C64_User_v1.0-STYLE.ttf */ = {isa = PBXFileReference; lastKnownFileType = file; path = "C64_User_v1.0-STYLE.ttf"; sourceTree = "<group>"; };
		B63D378017DE8616001A7191 /* C64_User_v1.0-STYLE.woff */ = {isa = PBXFileReference; lastKnownFileType = file; path = "C64_User_v1.0-STYLE.woff"; sourceTree = "<group>"; };
		B63D378117DE8616001A7191 /* test-eot.html */ = {isa = PBXFileReference; fileEncoding = 4; lastKnownFileType = text.html; path = "test-eot.html"; sourceTree = "<group>"; };
		B63D378217DE8616001A7191 /* test-ttf.html */ = {isa = PBXFileReference; fileEncoding = 4; lastKnownFileType = text.html; path = "test-ttf.html"; sourceTree = "<group>"; };
		B63D378317DE8616001A7191 /* test-woff.html */ = {isa = PBXFileReference; fileEncoding = 4; lastKnownFileType = text.html; path = "test-woff.html"; sourceTree = "<group>"; };
		B63D378617DE8616001A7191 /* Examples.material */ = {isa = PBXFileReference; fileEncoding = 4; lastKnownFileType = text; path = Examples.material; sourceTree = "<group>"; };
		B63D378717DE8616001A7191 /* General.material */ = {isa = PBXFileReference; fileEncoding = 4; lastKnownFileType = text; path = General.material; sourceTree = "<group>"; };
		B63D378817DE8616001A7191 /* Ogre.material */ = {isa = PBXFileReference; fileEncoding = 4; lastKnownFileType = text; path = Ogre.material; sourceTree = "<group>"; };
		B63D378917DE8616001A7191 /* Space.particle */ = {isa = PBXFileReference; fileEncoding = 4; lastKnownFileType = text; path = Space.particle; sourceTree = "<group>"; };
		B63D378B17DE8616001A7191 /* GreenSkin.jpg */ = {isa = PBXFileReference; lastKnownFileType = image.jpeg; path = GreenSkin.jpg; sourceTree = "<group>"; };
		B63D378C17DE8616001A7191 /* spheremap.png */ = {isa = PBXFileReference; lastKnownFileType = image.png; path = spheremap.png; sourceTree = "<group>"; };
		B63D378D17DE8616001A7191 /* star.png */ = {isa = PBXFileReference; lastKnownFileType = image.png; path = star.png; sourceTree = "<group>"; };
		B63D378E17DE8616001A7191 /* star2.png */ = {isa = PBXFileReference; lastKnownFileType = image.png; path = star2.png; sourceTree = "<group>"; };
		B63D378F17DE8616001A7191 /* tusk.jpg */ = {isa = PBXFileReference; lastKnownFileType = image.jpeg; path = tusk.jpg; sourceTree = "<group>"; };
		B63D379117DE8616001A7191 /* ogrehead.mesh */ = {isa = PBXFileReference; lastKnownFileType = file; path = ogrehead.mesh; sourceTree = "<group>"; };
		B63D379317DE8616001A7191 /* cubemap.zip */ = {isa = PBXFileReference; lastKnownFileType = archive.zip; path = cubemap.zip; sourceTree = "<group>"; };
		B63D379417DE8616001A7191 /* cubemapsJS.zip */ = {isa = PBXFileReference; lastKnownFileType = archive.zip; path = cubemapsJS.zip; sourceTree = "<group>"; };
		B63D379517DE8616001A7191 /* SdkTrays.zip */ = {isa = PBXFileReference; lastKnownFileType = archive.zip; path = SdkTrays.zip; sourceTree = "<group>"; };
		B63D379617DE8616001A7191 /* skybox.zip */ = {isa = PBXFileReference; lastKnownFileType = archive.zip; path = skybox.zip; sourceTree = "<group>"; };
		B63D379717DE8616001A7191 /* ogre.cfg */ = {isa = PBXFileReference; fileEncoding = 4; lastKnownFileType = text; name = ogre.cfg; path = Popzors2.0/ogre.cfg; sourceTree = "<group>"; };
		B63D379817DE8616001A7191 /* OgreDemoApp.cpp */ = {isa = PBXFileReference; fileEncoding = 4; lastKnownFileType = sourcecode.cpp.cpp; name = OgreDemoApp.cpp; path = Popzors2.0/OgreDemoApp.cpp; sourceTree = "<group>"; };
		B63D379917DE8616001A7191 /* OgreDemoApp.h */ = {isa = PBXFileReference; fileEncoding = 4; lastKnownFileType = sourcecode.c.h; name = OgreDemoApp.h; path = Popzors2.0/OgreDemoApp.h; sourceTree = "<group>"; };
		B63D379A17DE8616001A7191 /* OgreFramework.cpp */ = {isa = PBXFileReference; fileEncoding = 4; lastKnownFileType = sourcecode.cpp.cpp; name = OgreFramework.cpp; path = Popzors2.0/OgreFramework.cpp; sourceTree = "<group>"; };
		B63D379B17DE8616001A7191 /* OgreFramework.h */ = {isa = PBXFileReference; fileEncoding = 4; lastKnownFileType = sourcecode.c.h; name = OgreFramework.h; path = Popzors2.0/OgreFramework.h; sourceTree = "<group>"; };
		B63D379C17DE8616001A7191 /* plugins.cfg */ = {isa = PBXFileReference; fileEncoding = 4; lastKnownFileType = text; name = plugins.cfg; path = Popzors2.0/plugins.cfg; sourceTree = "<group>"; };
		B63D379F17DE8616001A7191 /* Popzors2.0-Info.plist */ = {isa = PBXFileReference; fileEncoding = 4; lastKnownFileType = text.plist.xml; name = "Popzors2.0-Info.plist"; path = "Popzors2.0/Popzors2.0-Info.plist"; sourceTree = "<group>"; };
		B63D37A017DE8616001A7191 /* Popzors2.0-Prefix.pch */ = {isa = PBXFileReference; fileEncoding = 4; lastKnownFileType = sourcecode.c.h; name = "Popzors2.0-Prefix.pch"; path = "Popzors2.0/Popzors2.0-Prefix.pch"; sourceTree = "<group>"; };
		B63D37A117DE8616001A7191 /* resources.cfg */ = {isa = PBXFileReference; fileEncoding = 4; lastKnownFileType = text; name = resources.cfg; path = Popzors2.0/resources.cfg; sourceTree = "<group>"; };
		B63D37A217DE8616001A7191 /* Util.cpp */ = {isa = PBXFileReference; fileEncoding = 4; lastKnownFileType = sourcecode.cpp.cpp; name = Util.cpp; path = Popzors2.0/Util.cpp; sourceTree = "<group>"; };
		B63D37A317DE8616001A7191 /* Util.h */ = {isa = PBXFileReference; fileEncoding = 4; lastKnownFileType = sourcecode.c.h; name = Util.h; path = Popzors2.0/Util.h; sourceTree = "<group>"; };
		B63D389117DE8901001A7191 /* Ogre.framework */ = {isa = PBXFileReference; lastKnownFileType = wrapper.framework; name = Ogre.framework; path = ../../../../OgreSDKOSX/lib/release/Ogre.framework; sourceTree = "<group>"; };
		B63D389517DE895F001A7191 /* libOgrePaging.dylib */ = {isa = PBXFileReference; lastKnownFileType = "compiled.mach-o.dylib"; name = libOgrePaging.dylib; path = ../../../../OgreSDKOSX/lib/libOgrePaging.dylib; sourceTree = "<group>"; };
		B63D389617DE895F001A7191 /* libOgreProperty.dylib */ = {isa = PBXFileReference; lastKnownFileType = "compiled.mach-o.dylib"; name = libOgreProperty.dylib; path = ../../../../OgreSDKOSX/lib/libOgreProperty.dylib; sourceTree = "<group>"; };
		B63D389717DE895F001A7191 /* libOgreRTShaderSystem.dylib */ = {isa = PBXFileReference; lastKnownFileType = "compiled.mach-o.dylib"; name = libOgreRTShaderSystem.dylib; path = ../../../../OgreSDKOSX/lib/libOgreRTShaderSystem.dylib; sourceTree = "<group>"; };
		B63D389817DE895F001A7191 /* libOgreTerrain.dylib */ = {isa = PBXFileReference; lastKnownFileType = "compiled.mach-o.dylib"; name = libOgreTerrain.dylib; path = ../../../../OgreSDKOSX/lib/libOgreTerrain.dylib; sourceTree = "<group>"; };
		B63D389917DE895F001A7191 /* Plugin_BSPSceneManager.dylib */ = {isa = PBXFileReference; lastKnownFileType = "compiled.mach-o.dylib"; name = Plugin_BSPSceneManager.dylib; path = ../../../../OgreSDKOSX/lib/Plugin_BSPSceneManager.dylib; sourceTree = "<group>"; };
		B63D389A17DE895F001A7191 /* Plugin_CgProgramManager.dylib */ = {isa = PBXFileReference; lastKnownFileType = "compiled.mach-o.dylib"; name = Plugin_CgProgramManager.dylib; path = ../../../../OgreSDKOSX/lib/Plugin_CgProgramManager.dylib; sourceTree = "<group>"; };
		B63D389B17DE895F001A7191 /* Plugin_OctreeSceneManager.dylib */ = {isa = PBXFileReference; lastKnownFileType = "compiled.mach-o.dylib"; name = Plugin_OctreeSceneManager.dylib; path = ../../../../OgreSDKOSX/lib/Plugin_OctreeSceneManager.dylib; sourceTree = "<group>"; };
		B63D389C17DE895F001A7191 /* Plugin_OctreeZone.dylib */ = {isa = PBXFileReference; lastKnownFileType = "compiled.mach-o.dylib"; name = Plugin_OctreeZone.dylib; path = ../../../../OgreSDKOSX/lib/Plugin_OctreeZone.dylib; sourceTree = "<group>"; };
		B63D389D17DE895F001A7191 /* Plugin_ParticleFX.dylib */ = {isa = PBXFileReference; lastKnownFileType = "compiled.mach-o.dylib"; name = Plugin_ParticleFX.dylib; path = ../../../../OgreSDKOSX/lib/Plugin_ParticleFX.dylib; sourceTree = "<group>"; };
		B63D389E17DE895F001A7191 /* Plugin_PCZSceneManager.dylib */ = {isa = PBXFileReference; lastKnownFileType = "compiled.mach-o.dylib"; name = Plugin_PCZSceneManager.dylib; path = ../../../../OgreSDKOSX/lib/Plugin_PCZSceneManager.dylib; sourceTree = "<group>"; };
		B63D389F17DE895F001A7191 /* RenderSystem_GL.dylib */ = {isa = PBXFileReference; lastKnownFileType = "compiled.mach-o.dylib"; name = RenderSystem_GL.dylib; path = ../../../../OgreSDKOSX/lib/RenderSystem_GL.dylib; sourceTree = "<group>"; };
		B66E71F317DE6B9F0098046E /* Popzors2.0.app */ = {isa = PBXFileReference; explicitFileType = wrapper.application; includeInIndex = 0; path = Popzors2.0.app; sourceTree = BUILT_PRODUCTS_DIR; };
		B66E71F617DE6B9F0098046E /* Carbon.framework */ = {isa = PBXFileReference; lastKnownFileType = wrapper.framework; name = Carbon.framework; path = System/Library/Frameworks/Carbon.framework; sourceTree = SDKROOT; };
		B66E71F817DE6B9F0098046E /* Cocoa.framework */ = {isa = PBXFileReference; lastKnownFileType = wrapper.framework; name = Cocoa.framework; path = System/Library/Frameworks/Cocoa.framework; sourceTree = SDKROOT; };
		B66E71FA17DE6B9F0098046E /* IOKit.framework */ = {isa = PBXFileReference; lastKnownFileType = wrapper.framework; name = IOKit.framework; path = System/Library/Frameworks/IOKit.framework; sourceTree = SDKROOT; };
		B66E71FC17DE6B9F0098046E /* OpenGL.framework */ = {isa = PBXFileReference; lastKnownFileType = wrapper.framework; name = OpenGL.framework; path = System/Library/Frameworks/OpenGL.framework; sourceTree = SDKROOT; };
		B66E71FE17DE6B9F0098046E /* QuartzCore.framework */ = {isa = PBXFileReference; lastKnownFileType = wrapper.framework; name = QuartzCore.framework; path = System/Library/Frameworks/QuartzCore.framework; sourceTree = SDKROOT; };
		B675CFB717E1BF910076BC73 /* Pch.h */ = {isa = PBXFileReference; fileEncoding = 4; lastKnownFileType = sourcecode.c.h; name = Pch.h; path = Popzors2.0/Pch.h; sourceTree = "<group>"; };
		B675CFB817E1BF910076BC73 /* Pch.cpp */ = {isa = PBXFileReference; fileEncoding = 4; lastKnownFileType = sourcecode.cpp.cpp; name = Pch.cpp; path = Popzors2.0/Pch.cpp; sourceTree = "<group>"; };
		B675CFBC17E1C6600076BC73 /* Ground.h */ = {isa = PBXFileReference; fileEncoding = 4; lastKnownFileType = sourcecode.c.h; name = Ground.h; path = Popzors2.0/Ground.h; sourceTree = "<group>"; };
		B675CFBD17E1C6600076BC73 /* Ground.cpp */ = {isa = PBXFileReference; fileEncoding = 4; lastKnownFileType = sourcecode.cpp.cpp; name = Ground.cpp; path = Popzors2.0/Ground.cpp; sourceTree = "<group>"; };
		B675CFBF17E1C6A40076BC73 /* Blinkable.h */ = {isa = PBXFileReference; fileEncoding = 4; lastKnownFileType = sourcecode.c.h; name = Blinkable.h; path = Popzors2.0/Blinkable.h; sourceTree = "<group>"; };
		B675CFC017E1C6A40076BC73 /* Blinkable.cpp */ = {isa = PBXFileReference; fileEncoding = 4; lastKnownFileType = sourcecode.cpp.cpp; name = Blinkable.cpp; path = Popzors2.0/Blinkable.cpp; sourceTree = "<group>"; };
		B675CFC117E1C6A40076BC73 /* Selectable.h */ = {isa = PBXFileReference; fileEncoding = 4; lastKnownFileType = sourcecode.c.h; name = Selectable.h; path = Popzors2.0/Selectable.h; sourceTree = "<group>"; };
		B675CFC217E1C6A40076BC73 /* Selectable.cpp */ = {isa = PBXFileReference; fileEncoding = 4; lastKnownFileType = sourcecode.cpp.cpp; name = Selectable.cpp; path = Popzors2.0/Selectable.cpp; sourceTree = "<group>"; };
		B68EF29717E26AF3001E5950 /* Poppy.h */ = {isa = PBXFileReference; fileEncoding = 4; lastKnownFileType = sourcecode.c.h; name = Poppy.h; path = Popzors2.0/Poppy.h; sourceTree = "<group>"; };
		B68EF29817E26AF3001E5950 /* Poppy.cpp */ = {isa = PBXFileReference; fileEncoding = 4; lastKnownFileType = sourcecode.cpp.cpp; name = Poppy.cpp; path = Popzors2.0/Poppy.cpp; sourceTree = "<group>"; };
		B6DBD06217F4B54500CFDB08 /* Stage.h */ = {isa = PBXFileReference; fileEncoding = 4; lastKnownFileType = sourcecode.c.h; name = Stage.h; path = Popzors2.0/Stage.h; sourceTree = "<group>"; };
		B6DBD06317F4B54500CFDB08 /* Stage.cpp */ = {isa = PBXFileReference; fileEncoding = 4; lastKnownFileType = sourcecode.cpp.cpp; name = Stage.cpp; path = Popzors2.0/Stage.cpp; sourceTree = "<group>"; };
		B6DBD06517F4BE5300CFDB08 /* Player.h */ = {isa = PBXFileReference; fileEncoding = 4; lastKnownFileType = sourcecode.c.h; name = Player.h; path = Popzors2.0/Player.h; sourceTree = "<group>"; };
		B6DBD06617F4BE5300CFDB08 /* Player.cpp */ = {isa = PBXFileReference; fileEncoding = 4; lastKnownFileType = sourcecode.cpp.cpp; name = Player.cpp; path = Popzors2.0/Player.cpp; sourceTree = "<group>"; };
		B6DBD06917F4BFBC00CFDB08 /* Pattern.h */ = {isa = PBXFileReference; fileEncoding = 4; lastKnownFileType = sourcecode.c.h; name = Pattern.h; path = Popzors2.0/Pattern.h; sourceTree = "<group>"; };
		B6DBD06A17F4BFBC00CFDB08 /* Pattern.cpp */ = {isa = PBXFileReference; fileEncoding = 4; lastKnownFileType = sourcecode.cpp.cpp; name = Pattern.cpp; path = Popzors2.0/Pattern.cpp; sourceTree = "<group>"; };
		B6DBD06C17F4C08500CFDB08 /* BaselinePattern.h */ = {isa = PBXFileReference; fileEncoding = 4; lastKnownFileType = sourcecode.c.h; name = BaselinePattern.h; path = Popzors2.0/BaselinePattern.h; sourceTree = "<group>"; };
		B6DBD06D17F4C08500CFDB08 /* BaselinePattern.cpp */ = {isa = PBXFileReference; fileEncoding = 4; lastKnownFileType = sourcecode.cpp.cpp; name = BaselinePattern.cpp; path = Popzors2.0/BaselinePattern.cpp; sourceTree = "<group>"; };
		B6E0946F17E50B87003F63BE /* Pot.h */ = {isa = PBXFileReference; fileEncoding = 4; lastKnownFileType = sourcecode.c.h; name = Pot.h; path = Popzors2.0/Pot.h; sourceTree = "<group>"; };
		B6E0947017E50B87003F63BE /* Pot.cpp */ = {isa = PBXFileReference; fileEncoding = 4; lastKnownFileType = sourcecode.cpp.cpp; name = Pot.cpp; path = Popzors2.0/Pot.cpp; sourceTree = "<group>"; };
/* End PBXFileReference section */

/* Begin PBXFrameworksBuildPhase section */
		B66E71EF17DE6B9F0098046E /* Frameworks */ = {
			isa = PBXFrameworksBuildPhase;
			buildActionMask = 2147483647;
			files = (
				B66E71F717DE6B9F0098046E /* Carbon.framework in Frameworks */,
				B66E71F917DE6B9F0098046E /* Cocoa.framework in Frameworks */,
				B66E71FB17DE6B9F0098046E /* IOKit.framework in Frameworks */,
				B66E71FD17DE6B9F0098046E /* OpenGL.framework in Frameworks */,
				B66E71FF17DE6B9F0098046E /* QuartzCore.framework in Frameworks */,
			);
			runOnlyForDeploymentPostprocessing = 0;
		};
/* End PBXFrameworksBuildPhase section */

/* Begin PBXGroup section */
		5DBCC46517FA24BC00DC9022 /* sounds */ = {
			isa = PBXGroup;
			children = (
				5DBCC46617FA24BC00DC9022 /* floop.wav */,
			);
			path = sounds;
			sourceTree = "<group>";
		};
		B63D375D17DE8601001A7191 /* Popzors2.0 */ = {
			isa = PBXGroup;
			children = (
				B63D375E17DE8616001A7191 /* AppDelegate.h */,
				B675CFBB17E1C5E50076BC73 /* resources */,
				B63D375F17DE8616001A7191 /* en.lproj */,
				B63D376217DE8616001A7191 /* lib */,
				B63D377017DE8616001A7191 /* media */,
				B6DBD06817F4BF9500CFDB08 /* Variants */,
				B675CFBA17E1C5BD0076BC73 /* Entities */,
				B63D376F17DE8616001A7191 /* main.mm */,
				B63D379817DE8616001A7191 /* OgreDemoApp.cpp */,
				B63D379917DE8616001A7191 /* OgreDemoApp.h */,
				B63D379A17DE8616001A7191 /* OgreFramework.cpp */,
				B63D379B17DE8616001A7191 /* OgreFramework.h */,
				B63D37A217DE8616001A7191 /* Util.cpp */,
				B63D37A317DE8616001A7191 /* Util.h */,
				B675CFB817E1BF910076BC73 /* Pch.cpp */,
				B675CFB717E1BF910076BC73 /* Pch.h */,
			);
			name = Popzors2.0;
			sourceTree = "<group>";
		};
		B63D375F17DE8616001A7191 /* en.lproj */ = {
			isa = PBXGroup;
			children = (
				B63D376017DE8616001A7191 /* InfoPlist.strings */,
			);
			name = en.lproj;
			path = Popzors2.0/en.lproj;
			sourceTree = "<group>";
		};
		B63D376217DE8616001A7191 /* lib */ = {
			isa = PBXGroup;
			children = (
				5DBCC45F17F9E86C00DC9022 /* libOgreOggSound.dylib */,
				B63D389517DE895F001A7191 /* libOgrePaging.dylib */,
				B63D389617DE895F001A7191 /* libOgreProperty.dylib */,
				B63D389717DE895F001A7191 /* libOgreRTShaderSystem.dylib */,
				B63D389817DE895F001A7191 /* libOgreTerrain.dylib */,
				B63D389917DE895F001A7191 /* Plugin_BSPSceneManager.dylib */,
				B63D389A17DE895F001A7191 /* Plugin_CgProgramManager.dylib */,
				B63D389B17DE895F001A7191 /* Plugin_OctreeSceneManager.dylib */,
				B63D389C17DE895F001A7191 /* Plugin_OctreeZone.dylib */,
				B63D389D17DE895F001A7191 /* Plugin_ParticleFX.dylib */,
				B63D389E17DE895F001A7191 /* Plugin_PCZSceneManager.dylib */,
				B63D389F17DE895F001A7191 /* RenderSystem_GL.dylib */,
				B63D389117DE8901001A7191 /* Ogre.framework */,
			);
			name = lib;
			path = Popzors2.0/lib;
			sourceTree = "<group>";
		};
		B63D377017DE8616001A7191 /* media */ = {
			isa = PBXGroup;
			children = (
				5DBCC46517FA24BC00DC9022 /* sounds */,
				B63D377117DE8616001A7191 /* fonts */,
				B63D378417DE8616001A7191 /* materials */,
				B63D379017DE8616001A7191 /* models */,
				B63D379217DE8616001A7191 /* packs */,
			);
			name = media;
			path = Popzors2.0/media;
			sourceTree = "<group>";
		};
		B63D377117DE8616001A7191 /* fonts */ = {
			isa = PBXGroup;
			children = (
				B63D377217DE8616001A7191 /* C64_Elite_Mono_v1.0-STYLE.eot */,
				B63D377317DE8616001A7191 /* C64_Elite_Mono_v1.0-STYLE.ttf */,
				B63D377417DE8616001A7191 /* C64_Elite_Mono_v1.0-STYLE.woff */,
				B63D377517DE8616001A7191 /* C64_Pro_Mono_v1.0-STYLE.eot */,
				B63D377617DE8616001A7191 /* C64_Pro_Mono_v1.0-STYLE.ttf */,
				B63D377717DE8616001A7191 /* C64_Pro_Mono_v1.0-STYLE.woff */,
				B63D377817DE8616001A7191 /* C64_Pro_v1.0-STYLE.eot */,
				B63D377917DE8616001A7191 /* C64_Pro_v1.0-STYLE.ttf */,
				B63D377A17DE8616001A7191 /* C64_Pro_v1.0-STYLE.woff */,
				B63D377B17DE8616001A7191 /* C64_User_Mono_v1.0-STYLE.eot */,
				B63D377C17DE8616001A7191 /* C64_User_Mono_v1.0-STYLE.ttf */,
				B63D377D17DE8616001A7191 /* C64_User_Mono_v1.0-STYLE.woff */,
				B63D377E17DE8616001A7191 /* C64_User_v1.0-STYLE.eot */,
				B63D377F17DE8616001A7191 /* C64_User_v1.0-STYLE.ttf */,
				B63D378017DE8616001A7191 /* C64_User_v1.0-STYLE.woff */,
				B63D378117DE8616001A7191 /* test-eot.html */,
				B63D378217DE8616001A7191 /* test-ttf.html */,
				B63D378317DE8616001A7191 /* test-woff.html */,
			);
			path = fonts;
			sourceTree = "<group>";
		};
		B63D378417DE8616001A7191 /* materials */ = {
			isa = PBXGroup;
			children = (
				B63D378517DE8616001A7191 /* scripts */,
				B63D378A17DE8616001A7191 /* textures */,
			);
			path = materials;
			sourceTree = "<group>";
		};
		B63D378517DE8616001A7191 /* scripts */ = {
			isa = PBXGroup;
			children = (
				B63D378617DE8616001A7191 /* Examples.material */,
				B63D378717DE8616001A7191 /* General.material */,
				B63D378817DE8616001A7191 /* Ogre.material */,
				B63D378917DE8616001A7191 /* Space.particle */,
			);
			path = scripts;
			sourceTree = "<group>";
		};
		B63D378A17DE8616001A7191 /* textures */ = {
			isa = PBXGroup;
			children = (
				B63D378B17DE8616001A7191 /* GreenSkin.jpg */,
				B63D378C17DE8616001A7191 /* spheremap.png */,
				B63D378D17DE8616001A7191 /* star.png */,
				B63D378E17DE8616001A7191 /* star2.png */,
				B63D378F17DE8616001A7191 /* tusk.jpg */,
			);
			path = textures;
			sourceTree = "<group>";
		};
		B63D379017DE8616001A7191 /* models */ = {
			isa = PBXGroup;
			children = (
				B63D379117DE8616001A7191 /* ogrehead.mesh */,
			);
			path = models;
			sourceTree = "<group>";
		};
		B63D379217DE8616001A7191 /* packs */ = {
			isa = PBXGroup;
			children = (
				B63D379317DE8616001A7191 /* cubemap.zip */,
				B63D379417DE8616001A7191 /* cubemapsJS.zip */,
				B63D379517DE8616001A7191 /* SdkTrays.zip */,
				B63D379617DE8616001A7191 /* skybox.zip */,
			);
			path = packs;
			sourceTree = "<group>";
		};
		B66E71E917DE6B9F0098046E = {
			isa = PBXGroup;
			children = (
				B63D375D17DE8601001A7191 /* Popzors2.0 */,
				B66E71F517DE6B9F0098046E /* Frameworks */,
				B66E71F417DE6B9F0098046E /* Products */,
			);
			sourceTree = "<group>";
		};
		B66E71F417DE6B9F0098046E /* Products */ = {
			isa = PBXGroup;
			children = (
				B66E71F317DE6B9F0098046E /* Popzors2.0.app */,
			);
			name = Products;
			sourceTree = "<group>";
		};
		B66E71F517DE6B9F0098046E /* Frameworks */ = {
			isa = PBXGroup;
			children = (
				B66E71F617DE6B9F0098046E /* Carbon.framework */,
				B66E71F817DE6B9F0098046E /* Cocoa.framework */,
				B66E71FA17DE6B9F0098046E /* IOKit.framework */,
				B66E71FC17DE6B9F0098046E /* OpenGL.framework */,
				B66E71FE17DE6B9F0098046E /* QuartzCore.framework */,
			);
			name = Frameworks;
			sourceTree = "<group>";
		};
		B675CFBA17E1C5BD0076BC73 /* Entities */ = {
			isa = PBXGroup;
			children = (
				B6DBD06617F4BE5300CFDB08 /* Player.cpp */,
				B6DBD06517F4BE5300CFDB08 /* Player.h */,
				B6DBD06317F4B54500CFDB08 /* Stage.cpp */,
				B6DBD06217F4B54500CFDB08 /* Stage.h */,
				B6E0947017E50B87003F63BE /* Pot.cpp */,
				B6E0946F17E50B87003F63BE /* Pot.h */,
				B68EF29817E26AF3001E5950 /* Poppy.cpp */,
				B68EF29717E26AF3001E5950 /* Poppy.h */,
				B675CFC017E1C6A40076BC73 /* Blinkable.cpp */,
				B675CFBF17E1C6A40076BC73 /* Blinkable.h */,
				B675CFC217E1C6A40076BC73 /* Selectable.cpp */,
				B675CFC117E1C6A40076BC73 /* Selectable.h */,
				B675CFBD17E1C6600076BC73 /* Ground.cpp */,
				B675CFBC17E1C6600076BC73 /* Ground.h */,
				5DD4D6D518079A14009C4190 /* Object.cpp */,
				5DD4D6D618079A14009C4190 /* Object.h */,
			);
			name = Entities;
			sourceTree = "<group>";
		};
		B675CFBB17E1C5E50076BC73 /* resources */ = {
			isa = PBXGroup;
			children = (
				B63D379F17DE8616001A7191 /* Popzors2.0-Info.plist */,
				B63D37A017DE8616001A7191 /* Popzors2.0-Prefix.pch */,
				B63D379717DE8616001A7191 /* ogre.cfg */,
				B63D379C17DE8616001A7191 /* plugins.cfg */,
				B63D37A117DE8616001A7191 /* resources.cfg */,
			);
			name = resources;
			sourceTree = "<group>";
		};
		B6DBD06817F4BF9500CFDB08 /* Variants */ = {
			isa = PBXGroup;
			children = (
				5DE84B0A18048ADF003E31B8 /* PotPattern.mm */,
				5DE84B0918048ADF003E31B8 /* PotPattern.h */,
				B6DBD06D17F4C08500CFDB08 /* BaselinePattern.cpp */,
				B6DBD06C17F4C08500CFDB08 /* BaselinePattern.h */,
				B6DBD06A17F4BFBC00CFDB08 /* Pattern.cpp */,
				B6DBD06917F4BFBC00CFDB08 /* Pattern.h */,
			);
			name = Variants;
			sourceTree = "<group>";
		};
/* End PBXGroup section */

/* Begin PBXNativeTarget section */
		B66E71F217DE6B9F0098046E /* Popzors2.0 */ = {
			isa = PBXNativeTarget;
			buildConfigurationList = B66E722A17DE6B9F0098046E /* Build configuration list for PBXNativeTarget "Popzors2.0" */;
			buildPhases = (
				B66E71EE17DE6B9F0098046E /* Sources */,
				B66E71EF17DE6B9F0098046E /* Frameworks */,
				B66E71F017DE6B9F0098046E /* Resources */,
				B66E71F117DE6B9F0098046E /* ShellScript */,
				B649C79717DE71DB00908625 /* CopyFiles */,
				B649C79817DE71DE00908625 /* CopyFiles */,
				B63D38B217DE8989001A7191 /* Copy Files */,
			);
			buildRules = (
			);
			dependencies = (
			);
			name = Popzors2.0;
			productName = Popzors2.0;
			productReference = B66E71F317DE6B9F0098046E /* Popzors2.0.app */;
			productType = "com.apple.product-type.application";
		};
/* End PBXNativeTarget section */

/* Begin PBXProject section */
		B66E71EA17DE6B9F0098046E /* Project object */ = {
			isa = PBXProject;
			attributes = {
				LastUpgradeCheck = 0460;
			};
			buildConfigurationList = B66E71ED17DE6B9F0098046E /* Build configuration list for PBXProject "Popzors2.0" */;
			compatibilityVersion = "Xcode 3.2";
			developmentRegion = English;
			hasScannedForEncodings = 0;
			knownRegions = (
				en,
			);
			mainGroup = B66E71E917DE6B9F0098046E;
			productRefGroup = B66E71F417DE6B9F0098046E /* Products */;
			projectDirPath = "";
			projectRoot = "";
			targets = (
				B66E71F217DE6B9F0098046E /* Popzors2.0 */,
			);
		};
/* End PBXProject section */

/* Begin PBXResourcesBuildPhase section */
		B66E71F017DE6B9F0098046E /* Resources */ = {
			isa = PBXResourcesBuildPhase;
			buildActionMask = 2147483647;
			files = (
				B63D37A417DE8616001A7191 /* InfoPlist.strings in Resources */,
				B63D37D217DE8616001A7191 /* ogre.cfg in Resources */,
				B63D37D517DE8616001A7191 /* plugins.cfg in Resources */,
				B63D37D817DE8616001A7191 /* resources.cfg in Resources */,
				5DBCC46717FA24BC00DC9022 /* floop.wav in Resources */,
			);
			runOnlyForDeploymentPostprocessing = 0;
		};
/* End PBXResourcesBuildPhase section */

/* Begin PBXShellScriptBuildPhase section */
		B66E71F117DE6B9F0098046E /* ShellScript */ = {
			isa = PBXShellScriptBuildPhase;
			buildActionMask = 2147483647;
			files = (
			);
			inputPaths = (
			);
			outputPaths = (
			);
			runOnlyForDeploymentPostprocessing = 0;
			shellPath = /bin/bash;
			shellScript = "# This shell script simply copies resources into their respective locations\nmkdir -p \"$BUILT_PRODUCTS_DIR/Popzors2.0.app/Contents/Frameworks\"\nmkdir -p \"$BUILT_PRODUCTS_DIR/Popzors2.0.app/Contents/Plugins\"\nditto \"$OGRE_SDK_ROOT/lib/release/Ogre.framework\" \"$BUILT_PRODUCTS_DIR/Popzors2.0.app/Contents/Frameworks/Ogre.framework\"\nditto \"$OGRE_SDK_ROOT/lib/RenderSystem_GL.dylib\" \"$BUILT_PRODUCTS_DIR/Popzors2.0.app/Contents/Plugins/\"\nditto \"$PROJECT_DIR/$PROJECT_NAME/media/\" \"$BUILT_PRODUCTS_DIR/Popzors2.0.app/Contents/Resources/media/\"\nditto $PROJECT_DIR/$PROJECT_NAME/*.cfg \"$BUILT_PRODUCTS_DIR/Popzors2.0.app/Contents/Resources/\"\n";
		};
/* End PBXShellScriptBuildPhase section */

/* Begin PBXSourcesBuildPhase section */
		B66E71EE17DE6B9F0098046E /* Sources */ = {
			isa = PBXSourcesBuildPhase;
			buildActionMask = 2147483647;
			files = (
				B63D37B117DE8616001A7191 /* main.mm in Sources */,
				B63D37D317DE8616001A7191 /* OgreDemoApp.cpp in Sources */,
				B63D37D417DE8616001A7191 /* OgreFramework.cpp in Sources */,
				B63D37D917DE8616001A7191 /* Util.cpp in Sources */,
				B675CFB917E1BF910076BC73 /* Pch.cpp in Sources */,
				B675CFBE17E1C6600076BC73 /* Ground.cpp in Sources */,
				B675CFC317E1C6A40076BC73 /* Blinkable.cpp in Sources */,
				B675CFC417E1C6A40076BC73 /* Selectable.cpp in Sources */,
				B68EF29917E26AF3001E5950 /* Poppy.cpp in Sources */,
				B6E0947117E50B87003F63BE /* Pot.cpp in Sources */,
				B6DBD06417F4B54500CFDB08 /* Stage.cpp in Sources */,
				B6DBD06717F4BE5300CFDB08 /* Player.cpp in Sources */,
				B6DBD06B17F4BFBC00CFDB08 /* Pattern.cpp in Sources */,
				B6DBD06E17F4C08500CFDB08 /* BaselinePattern.cpp in Sources */,
				5DE84B0B18048ADF003E31B8 /* PotPattern.mm in Sources */,
				5DD4D6D718079A14009C4190 /* Object.cpp in Sources */,
			);
			runOnlyForDeploymentPostprocessing = 0;
		};
/* End PBXSourcesBuildPhase section */

/* Begin PBXVariantGroup section */
		B63D376017DE8616001A7191 /* InfoPlist.strings */ = {
			isa = PBXVariantGroup;
			children = (
				B63D376117DE8616001A7191 /* en */,
			);
			name = InfoPlist.strings;
			sourceTree = "<group>";
		};
/* End PBXVariantGroup section */

/* Begin XCBuildConfiguration section */
		B66E722817DE6B9F0098046E /* Debug */ = {
			isa = XCBuildConfiguration;
			buildSettings = {
				ARCHS = "$(ARCHS_STANDARD_32_64_BIT)";
				COPY_PHASE_STRIP = NO;
				FRAMEWORK_SEARCH_PATHS = (
					"\"$(OGRE_SDK_ROOT)/lib/release\"",
					"\"$(OGRE_SDK_ROOT)/Dependencies\"",
				);
				GCC_PRECOMPILE_PREFIX_HEADER = YES;
				GCC_PREFIX_HEADER = "Popzors2.0/Popzors2.0-Prefix.pch";
				HEADER_SEARCH_PATHS = (
					"\"$(OGRE_SDK_ROOT)/include/OGRE\"",
					"\"$(OGRE_SDK_ROOT)/include/OGRE/OSX\"",
					"\"$(OGRE_SDK_ROOT)/include/OIS\"",
					"\"$(OGRE_SDK_ROOT)/Dependencies/include\"",
					"\"$(OGRE_SDK_ROOT)/boost\"",
					"\"$(OGGSOUND_SDK_ROOT)/include\"",
				);
				INFOPLIST_FILE = "Popzors2.0/Popzors2.0-Info.plist";
				LIBRARY_SEARCH_PATHS = (
					"\"$(OGRE_SDK_ROOT)/lib/release\"",
					"\"$(OGRE_SDK_ROOT)/lib\"",
					"\"$(OGRE_SDK_ROOT)/Dependencies\"",
					"\"$(OGGSOUND_SDK_ROOT)/build/Release\"",
				);
				OGGSOUND_SDK_ROOT = "~/ogreoggsound";
				OGRE_SDK_ROOT = "~/OgreSDKOSX";
				OTHER_LDFLAGS = (
					"-lOIS",
					"-framework",
					Ogre,
					"-lOgreOggSound",
				);
				PRODUCT_NAME = "$(TARGET_NAME)";
				SDKROOT = macosx;
				WRAPPER_EXTENSION = app;
			};
			name = Debug;
		};
		B66E722917DE6B9F0098046E /* Release */ = {
			isa = XCBuildConfiguration;
			buildSettings = {
				ARCHS = "$(ARCHS_STANDARD_32_64_BIT)";
				COPY_PHASE_STRIP = YES;
				DEBUG_INFORMATION_FORMAT = "dwarf-with-dsym";
				FRAMEWORK_SEARCH_PATHS = (
					"\"$(OGRE_SDK_ROOT)/lib/release\"",
					"\"$(OGRE_SDK_ROOT)/Dependencies\"",
				);
				GCC_PRECOMPILE_PREFIX_HEADER = YES;
				GCC_PREFIX_HEADER = "Popzors2.0/Popzors2.0-Prefix.pch";
				HEADER_SEARCH_PATHS = (
					"\"$(OGRE_SDK_ROOT)/include/OGRE\"",
					"\"$(OGRE_SDK_ROOT)/include/OGRE/OSX\"",
					"\"$(OGRE_SDK_ROOT)/include/OIS\"",
					"\"$(OGRE_SDK_ROOT)/Dependencies/include\"",
					"\"$(OGRE_SDK_ROOT)/boost\"",
					"\"$(OGGSOUND_SDK_ROOT)/include\"",
				);
				INFOPLIST_FILE = "Popzors2.0/Popzors2.0-Info.plist";
				LIBRARY_SEARCH_PATHS = (
					"\"$(OGRE_SDK_ROOT)/lib/release\"",
					"\"$(OGRE_SDK_ROOT)/lib\"",
					"\"$(OGRE_SDK_ROOT)/Dependencies\"",
					"\"$(OGGSOUND_SDK_ROOT)/build/Release\"",
				);
				OGGSOUND_SDK_ROOT = "~/ogreoggsound";
				OGRE_SDK_ROOT = "~/OgreSDKOSX";
				OTHER_LDFLAGS = (
					"-lOIS",
					"-framework",
					Ogre,
					"-lOgreOggSound",
				);
				PRODUCT_NAME = "$(TARGET_NAME)";
				SDKROOT = macosx;
				WRAPPER_EXTENSION = app;
			};
			name = Release;
		};
		B66E722B17DE6B9F0098046E /* Debug */ = {
			isa = XCBuildConfiguration;
			buildSettings = {
				FRAMEWORK_SEARCH_PATHS = (
					"$(inherited)",
					"\"$(SRCROOT)/Popzors2.0\"",
					"\"$(SRCROOT)/Popzors2.0/lib\"",
				);
				LIBRARY_SEARCH_PATHS = (
					"$(inherited)",
					"\"$(SRCROOT)/Popzors2.0\"",
					"\"$(SRCROOT)/Popzors2.0/lib\"",
					"\"$(SRCROOT)/../../OgreSDKOSX/lib\"",
					"\"$(SRCROOT)/../../ogreoggsound/build/Release\"",
				);
				OTHER_LDFLAGS = (
					"-lOIS",
					"-framework",
					Ogre,
				);
			};
			name = Debug;
		};
		B66E722C17DE6B9F0098046E /* Release */ = {
			isa = XCBuildConfiguration;
			buildSettings = {
				FRAMEWORK_SEARCH_PATHS = (
					"$(inherited)",
					"\"$(SRCROOT)/Popzors2.0\"",
					"\"$(SRCROOT)/Popzors2.0/lib\"",
				);
				LIBRARY_SEARCH_PATHS = (
					"$(inherited)",
					"\"$(SRCROOT)/Popzors2.0\"",
					"\"$(SRCROOT)/Popzors2.0/lib\"",
					"\"$(SRCROOT)/../../OgreSDKOSX/lib\"",
					"\"$(SRCROOT)/../../ogreoggsound/build/Release\"",
				);
				OTHER_LDFLAGS = (
					"-lOIS",
					"-framework",
					Ogre,
				);
			};
			name = Release;
		};
/* End XCBuildConfiguration section */

/* Begin XCConfigurationList section */
		B66E71ED17DE6B9F0098046E /* Build configuration list for PBXProject "Popzors2.0" */ = {
			isa = XCConfigurationList;
			buildConfigurations = (
				B66E722817DE6B9F0098046E /* Debug */,
				B66E722917DE6B9F0098046E /* Release */,
			);
			defaultConfigurationIsVisible = 0;
			defaultConfigurationName = Release;
		};
		B66E722A17DE6B9F0098046E /* Build configuration list for PBXNativeTarget "Popzors2.0" */ = {
			isa = XCConfigurationList;
			buildConfigurations = (
				B66E722B17DE6B9F0098046E /* Debug */,
				B66E722C17DE6B9F0098046E /* Release */,
			);
			defaultConfigurationIsVisible = 0;
			defaultConfigurationName = Release;
		};
/* End XCConfigurationList section */
	};
	rootObject = B66E71EA17DE6B9F0098046E /* Project object */;
}
