// !$*UTF8*$!
{
	archiveVersion = 1;
	classes = {
	};
	objectVersion = 46;
	objects = {

/* Begin PBXBuildFile section */
		3F5A87BA18BE90F0003C6741 /* Images.xcassets in Resources */ = {isa = PBXBuildFile; fileRef = 3F5A87B918BE90F0003C6741 /* Images.xcassets */; };
		5D196F55193D0E920042DEA0 /* EngineControlsSettings.cpp in Sources */ = {isa = PBXBuildFile; fileRef = 5D196F53193D0E920042DEA0 /* EngineControlsSettings.cpp */; };
		5D196F58193D0E990042DEA0 /* HudControlSettings.cpp in Sources */ = {isa = PBXBuildFile; fileRef = 5D196F56193D0E990042DEA0 /* HudControlSettings.cpp */; };
		5D1EAEB31864D54B004C9756 /* Hud.cpp in Sources */ = {isa = PBXBuildFile; fileRef = 5D1EAEB11864D54B004C9756 /* Hud.cpp */; };
		5D2A13B018B82E8E002D8C6F /* Networking.mm in Sources */ = {isa = PBXBuildFile; fileRef = 5D2A13AF18B82E8E002D8C6F /* Networking.mm */; };
		5D2D422F18CE32BA0035786C /* Score.cpp in Sources */ = {isa = PBXBuildFile; fileRef = 5D2D422D18CE32BA0035786C /* Score.cpp */; };
		5D39FA2F182741C0009C8A4C /* SimpleMenu.storyboard in Resources */ = {isa = PBXBuildFile; fileRef = 5D39FA2E182741C0009C8A4C /* SimpleMenu.storyboard */; };
		5D39FA3118274B3F009C8A4C /* Default-568h@2x.png in Resources */ = {isa = PBXBuildFile; fileRef = 5D39FA3018274B3F009C8A4C /* Default-568h@2x.png */; };
		5D39FA341827528A009C8A4C /* SimpleMenuViewController.mm in Sources */ = {isa = PBXBuildFile; fileRef = 5D39FA331827528A009C8A4C /* SimpleMenuViewController.mm */; };
		5D46023619080E7200F73DC3 /* EngineCredits.cpp in Sources */ = {isa = PBXBuildFile; fileRef = 5D46023419080E7200F73DC3 /* EngineCredits.cpp */; };
		5D46023919080E7900F73DC3 /* EngineMainMenu.cpp in Sources */ = {isa = PBXBuildFile; fileRef = 5D46023719080E7900F73DC3 /* EngineMainMenu.cpp */; };
		5D46023C19080E7F00F73DC3 /* EngineStage.cpp in Sources */ = {isa = PBXBuildFile; fileRef = 5D46023A19080E7F00F73DC3 /* EngineStage.cpp */; };
		5D46023F19080E8500F73DC3 /* EngineLevelSelection.cpp in Sources */ = {isa = PBXBuildFile; fileRef = 5D46023D19080E8500F73DC3 /* EngineLevelSelection.cpp */; };
		5D46024419080E8E00F73DC3 /* Engine.cpp in Sources */ = {isa = PBXBuildFile; fileRef = 5D46024019080E8E00F73DC3 /* Engine.cpp */; };
		5D46024519080E8E00F73DC3 /* EngineStateManager.cpp in Sources */ = {isa = PBXBuildFile; fileRef = 5D46024219080E8E00F73DC3 /* EngineStateManager.cpp */; };
		5D46024919080EC100F73DC3 /* HudCredits.cpp in Sources */ = {isa = PBXBuildFile; fileRef = 5D46024719080EC100F73DC3 /* HudCredits.cpp */; };
		5D46024C19080EC900F73DC3 /* HudMainMenu.cpp in Sources */ = {isa = PBXBuildFile; fileRef = 5D46024A19080EC900F73DC3 /* HudMainMenu.cpp */; };
		5D46024F19080ECF00F73DC3 /* HudStage.cpp in Sources */ = {isa = PBXBuildFile; fileRef = 5D46024D19080ECF00F73DC3 /* HudStage.cpp */; };
		5D46025219080ED500F73DC3 /* HudLevelSelection.cpp in Sources */ = {isa = PBXBuildFile; fileRef = 5D46025019080ED500F73DC3 /* HudLevelSelection.cpp */; };
		5D46025719080FEE00F73DC3 /* Powerup.cpp in Sources */ = {isa = PBXBuildFile; fileRef = 5D46025519080FEE00F73DC3 /* Powerup.cpp */; };
		5D709B0619CCF33400A4CEEE /* EngineSchedulerMenu.cpp in Sources */ = {isa = PBXBuildFile; fileRef = 5D709B0219CCF33400A4CEEE /* EngineSchedulerMenu.cpp */; };
		5D709B0719CCF33400A4CEEE /* HudSchedulerMenu.cpp in Sources */ = {isa = PBXBuildFile; fileRef = 5D709B0419CCF33400A4CEEE /* HudSchedulerMenu.cpp */; };
		5DC32AC719D0E91900277C5C /* LevelScheduler.cpp in Sources */ = {isa = PBXBuildFile; fileRef = 5DC32AC519D0E91900277C5C /* LevelScheduler.cpp */; };
		5DCDDD931911719200CF67F1 /* PlayerLevel.cpp in Sources */ = {isa = PBXBuildFile; fileRef = 5DCDDD8F1911719200CF67F1 /* PlayerLevel.cpp */; };
		5DCDDD941911719200CF67F1 /* PlayerProgress.cpp in Sources */ = {isa = PBXBuildFile; fileRef = 5DCDDD911911719200CF67F1 /* PlayerProgress.cpp */; };
		5DDD51D9195CBE5F00F82DBF /* HudMainSettings.cpp in Sources */ = {isa = PBXBuildFile; fileRef = 5DDD51D7195CBE5F00F82DBF /* HudMainSettings.cpp */; };
		5DDD51DC195CBE6A00F82DBF /* EngineMainSettings.cpp in Sources */ = {isa = PBXBuildFile; fileRef = 5DDD51DA195CBE6A00F82DBF /* EngineMainSettings.cpp */; };
		5DE7BCB519F6E6B800FA4EEE /* macPath.mm in Sources */ = {isa = PBXBuildFile; fileRef = 5DE7BCB419F6E6B800FA4EEE /* macPath.mm */; };
		5DF1087218C41BF800FD25E4 /* Player.cpp in Sources */ = {isa = PBXBuildFile; fileRef = 5DF1087118C41BF800FD25E4 /* Player.cpp */; };
		5DF141CE190C8F9500AF2960 /* LevelSet.cpp in Sources */ = {isa = PBXBuildFile; fileRef = 5DF141CC190C8F9500AF2960 /* LevelSet.cpp */; };
		5DF597A818848E0100F85646 /* AppDelegate.mm in Sources */ = {isa = PBXBuildFile; fileRef = 5DF597A718848E0100F85646 /* AppDelegate.mm */; };
		5DF598A918852ADD00F85646 /* OgreView.mm in Sources */ = {isa = PBXBuildFile; fileRef = 5DF598A818852ADD00F85646 /* OgreView.mm */; };
		5DF598AF188537FD00F85646 /* MainViewController.mm in Sources */ = {isa = PBXBuildFile; fileRef = 5DF598AD188537FD00F85646 /* MainViewController.mm */; };
		5DF9407717F4AF360082C239 /* CoreGraphics.framework in Frameworks */ = {isa = PBXBuildFile; fileRef = 5DF9407617F4AF360082C239 /* CoreGraphics.framework */; };
		5DF9407917F4AF360082C239 /* Foundation.framework in Frameworks */ = {isa = PBXBuildFile; fileRef = 5DF9407817F4AF360082C239 /* Foundation.framework */; };
		5DF9407B17F4AF360082C239 /* OpenGLES.framework in Frameworks */ = {isa = PBXBuildFile; fileRef = 5DF9407A17F4AF360082C239 /* OpenGLES.framework */; };
		5DF9407D17F4AF360082C239 /* QuartzCore.framework in Frameworks */ = {isa = PBXBuildFile; fileRef = 5DF9407C17F4AF360082C239 /* QuartzCore.framework */; };
		5DF9407F17F4AF360082C239 /* UIKit.framework in Frameworks */ = {isa = PBXBuildFile; fileRef = 5DF9407E17F4AF360082C239 /* UIKit.framework */; };
		5DF9408617F4AF360082C239 /* InfoPlist.strings in Resources */ = {isa = PBXBuildFile; fileRef = 5DF9408417F4AF360082C239 /* InfoPlist.strings */; };
		5DF9408817F4AF360082C239 /* main.mm in Sources */ = {isa = PBXBuildFile; fileRef = 5DF9408717F4AF360082C239 /* main.mm */; };
		5DF9408C17F4AF360082C239 /* OgreApp.cpp in Sources */ = {isa = PBXBuildFile; fileRef = 5DF9408B17F4AF360082C239 /* OgreApp.cpp */; };
		5DF9408F17F4AF360082C239 /* OgreFramework.cpp in Sources */ = {isa = PBXBuildFile; fileRef = 5DF9408E17F4AF360082C239 /* OgreFramework.cpp */; };
		5DF940D817F4AF370082C239 /* ogre.cfg in Resources */ = {isa = PBXBuildFile; fileRef = 5DF940D717F4AF370082C239 /* ogre.cfg */; };
		5DF940DA17F4AF370082C239 /* plugins.cfg in Resources */ = {isa = PBXBuildFile; fileRef = 5DF940D917F4AF370082C239 /* plugins.cfg */; };
		5DF940DC17F4AF370082C239 /* resources.cfg in Resources */ = {isa = PBXBuildFile; fileRef = 5DF940DB17F4AF370082C239 /* resources.cfg */; };
		5DF940EF17F4B1500082C239 /* Pod.cpp in Sources */ = {isa = PBXBuildFile; fileRef = 5DF940E417F4B14F0082C239 /* Pod.cpp */; };
		5DF940F017F4B1500082C239 /* Tunnel.cpp in Sources */ = {isa = PBXBuildFile; fileRef = 5DF940E617F4B14F0082C239 /* Tunnel.cpp */; };
		5DF940F117F4B1500082C239 /* TunnelSlice.cpp in Sources */ = {isa = PBXBuildFile; fileRef = 5DF940E817F4B14F0082C239 /* TunnelSlice.cpp */; };
		5DF940F217F4B1500082C239 /* Util.cpp in Sources */ = {isa = PBXBuildFile; fileRef = 5DF940EA17F4B14F0082C239 /* Util.cpp */; };
		5DF940F317F4B1500082C239 /* Vine.cpp in Sources */ = {isa = PBXBuildFile; fileRef = 5DF940EC17F4B1500082C239 /* Vine.cpp */; };
		5DF940F617F4B4AF0082C239 /* OpenAL.framework in Frameworks */ = {isa = PBXBuildFile; fileRef = 5DF940F417F4B4A40082C239 /* OpenAL.framework */; };
		5DFB00CF18A15D27005452C6 /* LevelManager.cpp in Sources */ = {isa = PBXBuildFile; fileRef = 5DFB00CD18A15D27005452C6 /* LevelManager.cpp */; };
		5DFB00D518A4F057005452C6 /* MainView.storyboard in Resources */ = {isa = PBXBuildFile; fileRef = 5DFB00D418A4F057005452C6 /* MainView.storyboard */; };
		5DFB685F19297AFB00B07365 /* HudElements.cpp in Sources */ = {isa = PBXBuildFile; fileRef = 5DFB685D19297AFB00B07365 /* HudElements.cpp */; };
		5DFB686219297B0800B07365 /* TutorialManager.cpp in Sources */ = {isa = PBXBuildFile; fileRef = 5DFB686019297B0800B07365 /* TutorialManager.cpp */; };
		C93653AA1ABAA53500AB16B1 /* HudInformation.cpp in Sources */ = {isa = PBXBuildFile; fileRef = C93653A91ABAA53500AB16B1 /* HudInformation.cpp */; };
		C93653AD1ABAA55B00AB16B1 /* EngineInformation.cpp in Sources */ = {isa = PBXBuildFile; fileRef = C93653AB1ABAA55B00AB16B1 /* EngineInformation.cpp */; };
		C95D553E1AB8C77E00589A57 /* EngineStudySettings.cpp in Sources */ = {isa = PBXBuildFile; fileRef = C95D553A1AB8C77E00589A57 /* EngineStudySettings.cpp */; };
		C95D553F1AB8C77E00589A57 /* HudStudySettings.cpp in Sources */ = {isa = PBXBuildFile; fileRef = C95D553C1AB8C77E00589A57 /* HudStudySettings.cpp */; };
		C96089DF1B14FDF4000EF16D /* CoreMotion.framework in Frameworks */ = {isa = PBXBuildFile; fileRef = C96089DE1B14FDF4000EF16D /* CoreMotion.framework */; };
		C964894D1AF0134000157E50 /* EngineTabSettings.cpp in Sources */ = {isa = PBXBuildFile; fileRef = C964894B1AF0134000157E50 /* EngineTabSettings.cpp */; };
		C96489501AF0138A00157E50 /* HudTabSettings.cpp in Sources */ = {isa = PBXBuildFile; fileRef = C964894E1AF0138A00157E50 /* HudTabSettings.cpp */; };
/* End PBXBuildFile section */

/* Begin PBXFileReference section */
		3F5A87B918BE90F0003C6741 /* Images.xcassets */ = {isa = PBXFileReference; lastKnownFileType = folder.assetcatalog; name = Images.xcassets; path = "Vines-Space/Images.xcassets"; sourceTree = "<group>"; };
		5D196F53193D0E920042DEA0 /* EngineControlsSettings.cpp */ = {isa = PBXFileReference; fileEncoding = 4; lastKnownFileType = sourcecode.cpp.cpp; path = EngineControlsSettings.cpp; sourceTree = "<group>"; };
		5D196F54193D0E920042DEA0 /* EngineControlSettings.h */ = {isa = PBXFileReference; fileEncoding = 4; lastKnownFileType = sourcecode.c.h; path = EngineControlSettings.h; sourceTree = "<group>"; };
		5D196F56193D0E990042DEA0 /* HudControlSettings.cpp */ = {isa = PBXFileReference; fileEncoding = 4; lastKnownFileType = sourcecode.cpp.cpp; path = HudControlSettings.cpp; sourceTree = "<group>"; };
		5D196F57193D0E990042DEA0 /* HudControlSettings.h */ = {isa = PBXFileReference; fileEncoding = 4; lastKnownFileType = sourcecode.c.h; path = HudControlSettings.h; sourceTree = "<group>"; };
		5D1EAEB11864D54B004C9756 /* Hud.cpp */ = {isa = PBXFileReference; fileEncoding = 4; lastKnownFileType = sourcecode.cpp.cpp; path = Hud.cpp; sourceTree = "<group>"; };
		5D1EAEB21864D54B004C9756 /* Hud.h */ = {isa = PBXFileReference; fileEncoding = 4; lastKnownFileType = sourcecode.c.h; path = Hud.h; sourceTree = "<group>"; };
		5D2A13AE18B82E8E002D8C6F /* Networking.h */ = {isa = PBXFileReference; fileEncoding = 4; lastKnownFileType = sourcecode.c.h; path = Networking.h; sourceTree = "<group>"; };
		5D2A13AF18B82E8E002D8C6F /* Networking.mm */ = {isa = PBXFileReference; fileEncoding = 4; lastKnownFileType = sourcecode.cpp.objcpp; path = Networking.mm; sourceTree = "<group>"; };
		5D2D422D18CE32BA0035786C /* Score.cpp */ = {isa = PBXFileReference; fileEncoding = 4; lastKnownFileType = sourcecode.cpp.cpp; path = Score.cpp; sourceTree = "<group>"; };
		5D2D422E18CE32BA0035786C /* Score.h */ = {isa = PBXFileReference; fileEncoding = 4; lastKnownFileType = sourcecode.c.h; path = Score.h; sourceTree = "<group>"; };
		5D39FA2E182741C0009C8A4C /* SimpleMenu.storyboard */ = {isa = PBXFileReference; fileEncoding = 4; lastKnownFileType = file.storyboard; path = SimpleMenu.storyboard; sourceTree = "<group>"; };
		5D39FA3018274B3F009C8A4C /* Default-568h@2x.png */ = {isa = PBXFileReference; lastKnownFileType = image.png; path = "Default-568h@2x.png"; sourceTree = "<group>"; };
		5D39FA321827528A009C8A4C /* SimpleMenuViewController.h */ = {isa = PBXFileReference; fileEncoding = 4; lastKnownFileType = sourcecode.c.h; path = SimpleMenuViewController.h; sourceTree = "<group>"; };
		5D39FA331827528A009C8A4C /* SimpleMenuViewController.mm */ = {isa = PBXFileReference; fileEncoding = 4; lastKnownFileType = sourcecode.cpp.objcpp; path = SimpleMenuViewController.mm; sourceTree = "<group>"; };
		5D46023419080E7200F73DC3 /* EngineCredits.cpp */ = {isa = PBXFileReference; fileEncoding = 4; lastKnownFileType = sourcecode.cpp.cpp; path = EngineCredits.cpp; sourceTree = "<group>"; };
		5D46023519080E7200F73DC3 /* EngineCredits.h */ = {isa = PBXFileReference; fileEncoding = 4; lastKnownFileType = sourcecode.c.h; path = EngineCredits.h; sourceTree = "<group>"; };
		5D46023719080E7900F73DC3 /* EngineMainMenu.cpp */ = {isa = PBXFileReference; fileEncoding = 4; lastKnownFileType = sourcecode.cpp.cpp; path = EngineMainMenu.cpp; sourceTree = "<group>"; };
		5D46023819080E7900F73DC3 /* EngineMainMenu.h */ = {isa = PBXFileReference; fileEncoding = 4; lastKnownFileType = sourcecode.c.h; path = EngineMainMenu.h; sourceTree = "<group>"; };
		5D46023A19080E7F00F73DC3 /* EngineStage.cpp */ = {isa = PBXFileReference; fileEncoding = 4; lastKnownFileType = sourcecode.cpp.cpp; path = EngineStage.cpp; sourceTree = "<group>"; };
		5D46023B19080E7F00F73DC3 /* EngineStage.h */ = {isa = PBXFileReference; fileEncoding = 4; lastKnownFileType = sourcecode.c.h; path = EngineStage.h; sourceTree = "<group>"; };
		5D46023D19080E8500F73DC3 /* EngineLevelSelection.cpp */ = {isa = PBXFileReference; fileEncoding = 4; lastKnownFileType = sourcecode.cpp.cpp; path = EngineLevelSelection.cpp; sourceTree = "<group>"; };
		5D46023E19080E8500F73DC3 /* EngineLevelSelection.h */ = {isa = PBXFileReference; fileEncoding = 4; lastKnownFileType = sourcecode.c.h; path = EngineLevelSelection.h; sourceTree = "<group>"; };
		5D46024019080E8E00F73DC3 /* Engine.cpp */ = {isa = PBXFileReference; fileEncoding = 4; lastKnownFileType = sourcecode.cpp.cpp; path = Engine.cpp; sourceTree = "<group>"; };
		5D46024119080E8E00F73DC3 /* Engine.h */ = {isa = PBXFileReference; fileEncoding = 4; lastKnownFileType = sourcecode.c.h; path = Engine.h; sourceTree = "<group>"; };
		5D46024219080E8E00F73DC3 /* EngineStateManager.cpp */ = {isa = PBXFileReference; fileEncoding = 4; lastKnownFileType = sourcecode.cpp.cpp; path = EngineStateManager.cpp; sourceTree = "<group>"; };
		5D46024319080E8E00F73DC3 /* EngineStateManager.h */ = {isa = PBXFileReference; fileEncoding = 4; lastKnownFileType = sourcecode.c.h; path = EngineStateManager.h; sourceTree = "<group>"; };
		5D46024719080EC100F73DC3 /* HudCredits.cpp */ = {isa = PBXFileReference; fileEncoding = 4; lastKnownFileType = sourcecode.cpp.cpp; path = HudCredits.cpp; sourceTree = "<group>"; };
		5D46024819080EC100F73DC3 /* HudCredits.h */ = {isa = PBXFileReference; fileEncoding = 4; lastKnownFileType = sourcecode.c.h; path = HudCredits.h; sourceTree = "<group>"; };
		5D46024A19080EC900F73DC3 /* HudMainMenu.cpp */ = {isa = PBXFileReference; fileEncoding = 4; lastKnownFileType = sourcecode.cpp.cpp; path = HudMainMenu.cpp; sourceTree = "<group>"; };
		5D46024B19080EC900F73DC3 /* HudMainMenu.h */ = {isa = PBXFileReference; fileEncoding = 4; lastKnownFileType = sourcecode.c.h; path = HudMainMenu.h; sourceTree = "<group>"; };
		5D46024D19080ECF00F73DC3 /* HudStage.cpp */ = {isa = PBXFileReference; fileEncoding = 4; lastKnownFileType = sourcecode.cpp.cpp; path = HudStage.cpp; sourceTree = "<group>"; };
		5D46024E19080ECF00F73DC3 /* HudStage.h */ = {isa = PBXFileReference; fileEncoding = 4; lastKnownFileType = sourcecode.c.h; path = HudStage.h; sourceTree = "<group>"; };
		5D46025019080ED500F73DC3 /* HudLevelSelection.cpp */ = {isa = PBXFileReference; fileEncoding = 4; lastKnownFileType = sourcecode.cpp.cpp; path = HudLevelSelection.cpp; sourceTree = "<group>"; };
		5D46025119080ED500F73DC3 /* HudLevelSelection.h */ = {isa = PBXFileReference; fileEncoding = 4; lastKnownFileType = sourcecode.c.h; path = HudLevelSelection.h; sourceTree = "<group>"; };
		5D46025519080FEE00F73DC3 /* Powerup.cpp */ = {isa = PBXFileReference; fileEncoding = 4; lastKnownFileType = sourcecode.cpp.cpp; path = Powerup.cpp; sourceTree = "<group>"; };
		5D46025619080FEE00F73DC3 /* Powerup.h */ = {isa = PBXFileReference; fileEncoding = 4; lastKnownFileType = sourcecode.c.h; path = Powerup.h; sourceTree = "<group>"; };
		5D709B0219CCF33400A4CEEE /* EngineSchedulerMenu.cpp */ = {isa = PBXFileReference; fileEncoding = 4; lastKnownFileType = sourcecode.cpp.cpp; path = EngineSchedulerMenu.cpp; sourceTree = "<group>"; };
		5D709B0319CCF33400A4CEEE /* EngineSchedulerMenu.h */ = {isa = PBXFileReference; fileEncoding = 4; lastKnownFileType = sourcecode.c.h; path = EngineSchedulerMenu.h; sourceTree = "<group>"; };
		5D709B0419CCF33400A4CEEE /* HudSchedulerMenu.cpp */ = {isa = PBXFileReference; fileEncoding = 4; lastKnownFileType = sourcecode.cpp.cpp; path = HudSchedulerMenu.cpp; sourceTree = "<group>"; };
		5D709B0519CCF33400A4CEEE /* HudSchedulerMenu.h */ = {isa = PBXFileReference; fileEncoding = 4; lastKnownFileType = sourcecode.c.h; path = HudSchedulerMenu.h; sourceTree = "<group>"; };
		5DC32AC519D0E91900277C5C /* LevelScheduler.cpp */ = {isa = PBXFileReference; fileEncoding = 4; lastKnownFileType = sourcecode.cpp.cpp; path = LevelScheduler.cpp; sourceTree = "<group>"; };
		5DC32AC619D0E91900277C5C /* LevelScheduler.h */ = {isa = PBXFileReference; fileEncoding = 4; lastKnownFileType = sourcecode.c.h; path = LevelScheduler.h; sourceTree = "<group>"; };
		5DCDDD8F1911719200CF67F1 /* PlayerLevel.cpp */ = {isa = PBXFileReference; fileEncoding = 4; lastKnownFileType = sourcecode.cpp.cpp; path = PlayerLevel.cpp; sourceTree = "<group>"; };
		5DCDDD901911719200CF67F1 /* PlayerLevel.h */ = {isa = PBXFileReference; fileEncoding = 4; lastKnownFileType = sourcecode.c.h; path = PlayerLevel.h; sourceTree = "<group>"; };
		5DCDDD911911719200CF67F1 /* PlayerProgress.cpp */ = {isa = PBXFileReference; fileEncoding = 4; lastKnownFileType = sourcecode.cpp.cpp; path = PlayerProgress.cpp; sourceTree = "<group>"; };
		5DCDDD921911719200CF67F1 /* PlayerProgress.h */ = {isa = PBXFileReference; fileEncoding = 4; lastKnownFileType = sourcecode.c.h; path = PlayerProgress.h; sourceTree = "<group>"; };
		5DDD51D7195CBE5F00F82DBF /* HudMainSettings.cpp */ = {isa = PBXFileReference; fileEncoding = 4; lastKnownFileType = sourcecode.cpp.cpp; path = HudMainSettings.cpp; sourceTree = "<group>"; };
		5DDD51D8195CBE5F00F82DBF /* HudMainSettings.h */ = {isa = PBXFileReference; fileEncoding = 4; lastKnownFileType = sourcecode.c.h; path = HudMainSettings.h; sourceTree = "<group>"; };
		5DDD51DA195CBE6A00F82DBF /* EngineMainSettings.cpp */ = {isa = PBXFileReference; fileEncoding = 4; lastKnownFileType = sourcecode.cpp.cpp; path = EngineMainSettings.cpp; sourceTree = "<group>"; };
		5DDD51DB195CBE6A00F82DBF /* EngineMainSettings.h */ = {isa = PBXFileReference; fileEncoding = 4; lastKnownFileType = sourcecode.c.h; path = EngineMainSettings.h; sourceTree = "<group>"; };
		5DE7BCB419F6E6B800FA4EEE /* macPath.mm */ = {isa = PBXFileReference; fileEncoding = 4; lastKnownFileType = sourcecode.cpp.objcpp; path = macPath.mm; sourceTree = "<group>"; };
		5DE7BCB619F6E6DE00FA4EEE /* macPath.h */ = {isa = PBXFileReference; lastKnownFileType = sourcecode.c.h; path = macPath.h; sourceTree = "<group>"; };
		5DF1087118C41BF800FD25E4 /* Player.cpp */ = {isa = PBXFileReference; fileEncoding = 4; lastKnownFileType = sourcecode.cpp.cpp; path = Player.cpp; sourceTree = "<group>"; };
		5DF141CC190C8F9500AF2960 /* LevelSet.cpp */ = {isa = PBXFileReference; fileEncoding = 4; lastKnownFileType = sourcecode.cpp.cpp; path = LevelSet.cpp; sourceTree = "<group>"; };
		5DF141CD190C8F9500AF2960 /* LevelSet.h */ = {isa = PBXFileReference; fileEncoding = 4; lastKnownFileType = sourcecode.c.h; path = LevelSet.h; sourceTree = "<group>"; };
		5DF597A718848E0100F85646 /* AppDelegate.mm */ = {isa = PBXFileReference; fileEncoding = 4; lastKnownFileType = sourcecode.cpp.objcpp; path = AppDelegate.mm; sourceTree = "<group>"; };
		5DF598A718852ADD00F85646 /* OgreView.h */ = {isa = PBXFileReference; fileEncoding = 4; lastKnownFileType = sourcecode.c.h; path = OgreView.h; sourceTree = "<group>"; };
		5DF598A818852ADD00F85646 /* OgreView.mm */ = {isa = PBXFileReference; fileEncoding = 4; lastKnownFileType = sourcecode.cpp.objcpp; path = OgreView.mm; sourceTree = "<group>"; };
		5DF598AC188537FD00F85646 /* MainViewController.h */ = {isa = PBXFileReference; fileEncoding = 4; lastKnownFileType = sourcecode.c.h; path = MainViewController.h; sourceTree = "<group>"; };
		5DF598AD188537FD00F85646 /* MainViewController.mm */ = {isa = PBXFileReference; fileEncoding = 4; lastKnownFileType = sourcecode.cpp.objcpp; path = MainViewController.mm; sourceTree = "<group>"; };
		5DF9407317F4AF360082C239 /* RecallGame.app */ = {isa = PBXFileReference; explicitFileType = wrapper.application; includeInIndex = 0; path = RecallGame.app; sourceTree = BUILT_PRODUCTS_DIR; };
		5DF9407617F4AF360082C239 /* CoreGraphics.framework */ = {isa = PBXFileReference; lastKnownFileType = wrapper.framework; name = CoreGraphics.framework; path = System/Library/Frameworks/CoreGraphics.framework; sourceTree = SDKROOT; };
		5DF9407817F4AF360082C239 /* Foundation.framework */ = {isa = PBXFileReference; lastKnownFileType = wrapper.framework; name = Foundation.framework; path = System/Library/Frameworks/Foundation.framework; sourceTree = SDKROOT; };
		5DF9407A17F4AF360082C239 /* OpenGLES.framework */ = {isa = PBXFileReference; lastKnownFileType = wrapper.framework; name = OpenGLES.framework; path = System/Library/Frameworks/OpenGLES.framework; sourceTree = SDKROOT; };
		5DF9407C17F4AF360082C239 /* QuartzCore.framework */ = {isa = PBXFileReference; lastKnownFileType = wrapper.framework; name = QuartzCore.framework; path = System/Library/Frameworks/QuartzCore.framework; sourceTree = SDKROOT; };
		5DF9407E17F4AF360082C239 /* UIKit.framework */ = {isa = PBXFileReference; lastKnownFileType = wrapper.framework; name = UIKit.framework; path = System/Library/Frameworks/UIKit.framework; sourceTree = SDKROOT; };
		5DF9408217F4AF360082C239 /* VinezorsiOS-Prefix.pch */ = {isa = PBXFileReference; lastKnownFileType = sourcecode.c.h; path = "VinezorsiOS-Prefix.pch"; sourceTree = "<group>"; };
		5DF9408317F4AF360082C239 /* VinezorsiOS-Info.plist */ = {isa = PBXFileReference; lastKnownFileType = text.plist.xml; path = "VinezorsiOS-Info.plist"; sourceTree = "<group>"; };
		5DF9408517F4AF360082C239 /* en */ = {isa = PBXFileReference; lastKnownFileType = text.plist.strings; name = en; path = en.lproj/InfoPlist.strings; sourceTree = "<group>"; };
		5DF9408717F4AF360082C239 /* main.mm */ = {isa = PBXFileReference; lastKnownFileType = sourcecode.cpp.objcpp; path = main.mm; sourceTree = "<group>"; };
		5DF9408A17F4AF360082C239 /* AppDelegate.h */ = {isa = PBXFileReference; lastKnownFileType = sourcecode.c.h; path = AppDelegate.h; sourceTree = "<group>"; };
		5DF9408B17F4AF360082C239 /* OgreApp.cpp */ = {isa = PBXFileReference; lastKnownFileType = sourcecode.cpp.cpp; path = OgreApp.cpp; sourceTree = "<group>"; };
		5DF9408D17F4AF360082C239 /* OgreApp.h */ = {isa = PBXFileReference; lastKnownFileType = sourcecode.c.h; path = OgreApp.h; sourceTree = "<group>"; };
		5DF9408E17F4AF360082C239 /* OgreFramework.cpp */ = {isa = PBXFileReference; lastKnownFileType = sourcecode.cpp.cpp; path = OgreFramework.cpp; sourceTree = "<group>"; };
		5DF9409017F4AF360082C239 /* OgreFramework.h */ = {isa = PBXFileReference; lastKnownFileType = sourcecode.c.h; path = OgreFramework.h; sourceTree = "<group>"; };
		5DF9409117F4AF360082C239 /* OgreStaticPluginLoader.h */ = {isa = PBXFileReference; lastKnownFileType = sourcecode.c.h; path = OgreStaticPluginLoader.h; sourceTree = "<group>"; };
		5DF940D717F4AF370082C239 /* ogre.cfg */ = {isa = PBXFileReference; lastKnownFileType = text; path = ogre.cfg; sourceTree = "<group>"; };
		5DF940D917F4AF370082C239 /* plugins.cfg */ = {isa = PBXFileReference; lastKnownFileType = text; path = plugins.cfg; sourceTree = "<group>"; };
		5DF940DB17F4AF370082C239 /* resources.cfg */ = {isa = PBXFileReference; lastKnownFileType = text; path = resources.cfg; sourceTree = "<group>"; };
		5DF940E317F4B14F0082C239 /* Player.h */ = {isa = PBXFileReference; fileEncoding = 4; lastKnownFileType = sourcecode.c.h; path = Player.h; sourceTree = "<group>"; };
		5DF940E417F4B14F0082C239 /* Pod.cpp */ = {isa = PBXFileReference; fileEncoding = 4; lastKnownFileType = sourcecode.cpp.cpp; path = Pod.cpp; sourceTree = "<group>"; };
		5DF940E517F4B14F0082C239 /* Pod.h */ = {isa = PBXFileReference; fileEncoding = 4; lastKnownFileType = sourcecode.c.h; path = Pod.h; sourceTree = "<group>"; };
		5DF940E617F4B14F0082C239 /* Tunnel.cpp */ = {isa = PBXFileReference; fileEncoding = 4; lastKnownFileType = sourcecode.cpp.cpp; path = Tunnel.cpp; sourceTree = "<group>"; };
		5DF940E717F4B14F0082C239 /* Tunnel.h */ = {isa = PBXFileReference; fileEncoding = 4; lastKnownFileType = sourcecode.c.h; path = Tunnel.h; sourceTree = "<group>"; };
		5DF940E817F4B14F0082C239 /* TunnelSlice.cpp */ = {isa = PBXFileReference; fileEncoding = 4; lastKnownFileType = sourcecode.cpp.cpp; path = TunnelSlice.cpp; sourceTree = "<group>"; };
		5DF940E917F4B14F0082C239 /* TunnelSlice.h */ = {isa = PBXFileReference; fileEncoding = 4; lastKnownFileType = sourcecode.c.h; path = TunnelSlice.h; sourceTree = "<group>"; };
		5DF940EA17F4B14F0082C239 /* Util.cpp */ = {isa = PBXFileReference; fileEncoding = 4; lastKnownFileType = sourcecode.cpp.cpp; path = Util.cpp; sourceTree = "<group>"; };
		5DF940EB17F4B14F0082C239 /* Util.h */ = {isa = PBXFileReference; fileEncoding = 4; lastKnownFileType = sourcecode.c.h; path = Util.h; sourceTree = "<group>"; };
		5DF940EC17F4B1500082C239 /* Vine.cpp */ = {isa = PBXFileReference; fileEncoding = 4; lastKnownFileType = sourcecode.cpp.cpp; path = Vine.cpp; sourceTree = "<group>"; };
		5DF940ED17F4B1500082C239 /* Vine.h */ = {isa = PBXFileReference; fileEncoding = 4; lastKnownFileType = sourcecode.c.h; path = Vine.h; sourceTree = "<group>"; };
		5DF940F417F4B4A40082C239 /* OpenAL.framework */ = {isa = PBXFileReference; lastKnownFileType = wrapper.framework; name = OpenAL.framework; path = System/Library/Frameworks/OpenAL.framework; sourceTree = SDKROOT; };
		5DFB00CD18A15D27005452C6 /* LevelManager.cpp */ = {isa = PBXFileReference; fileEncoding = 4; lastKnownFileType = sourcecode.cpp.cpp; path = LevelManager.cpp; sourceTree = "<group>"; };
		5DFB00CE18A15D27005452C6 /* LevelManager.h */ = {isa = PBXFileReference; fileEncoding = 4; lastKnownFileType = sourcecode.c.h; path = LevelManager.h; sourceTree = "<group>"; };
		5DFB00D418A4F057005452C6 /* MainView.storyboard */ = {isa = PBXFileReference; fileEncoding = 4; lastKnownFileType = file.storyboard; path = MainView.storyboard; sourceTree = "<group>"; };
		5DFB685D19297AFB00B07365 /* HudElements.cpp */ = {isa = PBXFileReference; fileEncoding = 4; lastKnownFileType = sourcecode.cpp.cpp; path = HudElements.cpp; sourceTree = "<group>"; };
		5DFB685E19297AFB00B07365 /* HudElements.h */ = {isa = PBXFileReference; fileEncoding = 4; lastKnownFileType = sourcecode.c.h; path = HudElements.h; sourceTree = "<group>"; };
		5DFB686019297B0800B07365 /* TutorialManager.cpp */ = {isa = PBXFileReference; fileEncoding = 4; lastKnownFileType = sourcecode.cpp.cpp; path = TutorialManager.cpp; sourceTree = "<group>"; };
		5DFB686119297B0800B07365 /* TutorialManager.h */ = {isa = PBXFileReference; fileEncoding = 4; lastKnownFileType = sourcecode.c.h; path = TutorialManager.h; sourceTree = "<group>"; };
		C93653A81ABAA52400AB16B1 /* HudInformation.h */ = {isa = PBXFileReference; lastKnownFileType = sourcecode.c.h; path = HudInformation.h; sourceTree = "<group>"; };
		C93653A91ABAA53500AB16B1 /* HudInformation.cpp */ = {isa = PBXFileReference; fileEncoding = 4; lastKnownFileType = sourcecode.cpp.cpp; path = HudInformation.cpp; sourceTree = "<group>"; };
		C93653AB1ABAA55B00AB16B1 /* EngineInformation.cpp */ = {isa = PBXFileReference; fileEncoding = 4; lastKnownFileType = sourcecode.cpp.cpp; path = EngineInformation.cpp; sourceTree = "<group>"; };
		C93653AC1ABAA55B00AB16B1 /* EngineInformation.h */ = {isa = PBXFileReference; fileEncoding = 4; lastKnownFileType = sourcecode.c.h; path = EngineInformation.h; sourceTree = "<group>"; };
		C95D553A1AB8C77E00589A57 /* EngineStudySettings.cpp */ = {isa = PBXFileReference; fileEncoding = 4; lastKnownFileType = sourcecode.cpp.cpp; path = EngineStudySettings.cpp; sourceTree = "<group>"; };
		C95D553B1AB8C77E00589A57 /* EngineStudySettings.h */ = {isa = PBXFileReference; fileEncoding = 4; lastKnownFileType = sourcecode.c.h; path = EngineStudySettings.h; sourceTree = "<group>"; };
		C95D553C1AB8C77E00589A57 /* HudStudySettings.cpp */ = {isa = PBXFileReference; fileEncoding = 4; lastKnownFileType = sourcecode.cpp.cpp; path = HudStudySettings.cpp; sourceTree = "<group>"; };
		C95D553D1AB8C77E00589A57 /* HudStudySettings.h */ = {isa = PBXFileReference; fileEncoding = 4; lastKnownFileType = sourcecode.c.h; path = HudStudySettings.h; sourceTree = "<group>"; };
		C96089DE1B14FDF4000EF16D /* CoreMotion.framework */ = {isa = PBXFileReference; lastKnownFileType = wrapper.framework; name = CoreMotion.framework; path = System/Library/Frameworks/CoreMotion.framework; sourceTree = SDKROOT; };
		C964894B1AF0134000157E50 /* EngineTabSettings.cpp */ = {isa = PBXFileReference; fileEncoding = 4; lastKnownFileType = sourcecode.cpp.cpp; path = EngineTabSettings.cpp; sourceTree = "<group>"; };
		C964894C1AF0134000157E50 /* EngineTabSettings.h */ = {isa = PBXFileReference; fileEncoding = 4; lastKnownFileType = sourcecode.c.h; path = EngineTabSettings.h; sourceTree = "<group>"; };
		C964894E1AF0138A00157E50 /* HudTabSettings.cpp */ = {isa = PBXFileReference; fileEncoding = 4; lastKnownFileType = sourcecode.cpp.cpp; path = HudTabSettings.cpp; sourceTree = "<group>"; };
		C964894F1AF0138A00157E50 /* HudTabSettings.h */ = {isa = PBXFileReference; fileEncoding = 4; lastKnownFileType = sourcecode.c.h; path = HudTabSettings.h; sourceTree = "<group>"; };
/* End PBXFileReference section */

/* Begin PBXFrameworksBuildPhase section */
		5DF9406F17F4AF360082C239 /* Frameworks */ = {
			isa = PBXFrameworksBuildPhase;
			buildActionMask = 2147483647;
			files = (
				C96089DF1B14FDF4000EF16D /* CoreMotion.framework in Frameworks */,
				5DF940F617F4B4AF0082C239 /* OpenAL.framework in Frameworks */,
				5DF9407717F4AF360082C239 /* CoreGraphics.framework in Frameworks */,
				5DF9407917F4AF360082C239 /* Foundation.framework in Frameworks */,
				5DF9407B17F4AF360082C239 /* OpenGLES.framework in Frameworks */,
				5DF9407D17F4AF360082C239 /* QuartzCore.framework in Frameworks */,
				5DF9407F17F4AF360082C239 /* UIKit.framework in Frameworks */,
			);
			runOnlyForDeploymentPostprocessing = 0;
		};
/* End PBXFrameworksBuildPhase section */

/* Begin PBXGroup section */
		5D196F52193D0E490042DEA0 /* EngineControlSettings */ = {
			isa = PBXGroup;
			children = (
				5D196F56193D0E990042DEA0 /* HudControlSettings.cpp */,
				5D196F57193D0E990042DEA0 /* HudControlSettings.h */,
				5D196F53193D0E920042DEA0 /* EngineControlsSettings.cpp */,
				5D196F54193D0E920042DEA0 /* EngineControlSettings.h */,
			);
			name = EngineControlSettings;
			sourceTree = "<group>";
		};
		5D260D6D18A9CCC6006C91AC /* Framework */ = {
			isa = PBXGroup;
			children = (
				5DF9409117F4AF360082C239 /* OgreStaticPluginLoader.h */,
				5DF9408E17F4AF360082C239 /* OgreFramework.cpp */,
				5DF9409017F4AF360082C239 /* OgreFramework.h */,
				5DF597A718848E0100F85646 /* AppDelegate.mm */,
				5DF9408A17F4AF360082C239 /* AppDelegate.h */,
				5DF598A818852ADD00F85646 /* OgreView.mm */,
				5DF598A718852ADD00F85646 /* OgreView.h */,
				5DF598AD188537FD00F85646 /* MainViewController.mm */,
				5DF598AC188537FD00F85646 /* MainViewController.h */,
				5DFB00D418A4F057005452C6 /* MainView.storyboard */,
				5D39FA331827528A009C8A4C /* SimpleMenuViewController.mm */,
				5D39FA321827528A009C8A4C /* SimpleMenuViewController.h */,
				5D39FA2E182741C0009C8A4C /* SimpleMenu.storyboard */,
				5DE7BCB419F6E6B800FA4EEE /* macPath.mm */,
				5DE7BCB619F6E6DE00FA4EEE /* macPath.h */,
			);
			name = Framework;
			sourceTree = "<group>";
		};
		5D260D6E18A9CD85006C91AC /* Classes */ = {
			isa = PBXGroup;
			children = (
				5D46025419080F4D00F73DC3 /* Player */,
				5D46023019080E4000F73DC3 /* EngineModes */,
				5D2A13AF18B82E8E002D8C6F /* Networking.mm */,
				5D2A13AE18B82E8E002D8C6F /* Networking.h */,
				5DF141CC190C8F9500AF2960 /* LevelSet.cpp */,
				5DF141CD190C8F9500AF2960 /* LevelSet.h */,
				5DC32AC519D0E91900277C5C /* LevelScheduler.cpp */,
				5DC32AC619D0E91900277C5C /* LevelScheduler.h */,
				5DFB00CD18A15D27005452C6 /* LevelManager.cpp */,
				5DFB00CE18A15D27005452C6 /* LevelManager.h */,
			);
			name = Classes;
			sourceTree = "<group>";
		};
		5D46022F19080E3700F73DC3 /* EngineLevelSelection */ = {
			isa = PBXGroup;
			children = (
				5D46025019080ED500F73DC3 /* HudLevelSelection.cpp */,
				5D46025119080ED500F73DC3 /* HudLevelSelection.h */,
				5D46023D19080E8500F73DC3 /* EngineLevelSelection.cpp */,
				5D46023E19080E8500F73DC3 /* EngineLevelSelection.h */,
			);
			name = EngineLevelSelection;
			sourceTree = "<group>";
		};
		5D46023019080E4000F73DC3 /* EngineModes */ = {
			isa = PBXGroup;
			children = (
				5D46024219080E8E00F73DC3 /* EngineStateManager.cpp */,
				5D46024319080E8E00F73DC3 /* EngineStateManager.h */,
				5D46024619080E9400F73DC3 /* BaseClasses */,
				5D46023319080E6800F73DC3 /* EngineCredits */,
				5D46023219080E5A00F73DC3 /* EngineMainMenu */,
				C93653A71ABAA4DA00AB16B1 /* EngineInformation */,
				5D46023119080E5300F73DC3 /* EngineStage */,
				5D709B0119CCF31F00A4CEEE /* EngineSchedulerMenu */,
				5D46022F19080E3700F73DC3 /* EngineLevelSelection */,
				5D196F52193D0E490042DEA0 /* EngineControlSettings */,
				5DDD51D6195CBE0E00F82DBF /* EngineMainSettings */,
				C95D55391AB8C75500589A57 /* EngineStudySettings */,
				C964894A1AF012EF00157E50 /* EngineTabSettings */,
			);
			name = EngineModes;
			sourceTree = "<group>";
		};
		5D46023119080E5300F73DC3 /* EngineStage */ = {
			isa = PBXGroup;
			children = (
				5D46025319080F3800F73DC3 /* GameObjects */,
				5D46024D19080ECF00F73DC3 /* HudStage.cpp */,
				5D46024E19080ECF00F73DC3 /* HudStage.h */,
				5D46023A19080E7F00F73DC3 /* EngineStage.cpp */,
				5D46023B19080E7F00F73DC3 /* EngineStage.h */,
			);
			name = EngineStage;
			sourceTree = "<group>";
		};
		5D46023219080E5A00F73DC3 /* EngineMainMenu */ = {
			isa = PBXGroup;
			children = (
				5D46024A19080EC900F73DC3 /* HudMainMenu.cpp */,
				5D46024B19080EC900F73DC3 /* HudMainMenu.h */,
				5D46023719080E7900F73DC3 /* EngineMainMenu.cpp */,
				5D46023819080E7900F73DC3 /* EngineMainMenu.h */,
			);
			name = EngineMainMenu;
			sourceTree = "<group>";
		};
		5D46023319080E6800F73DC3 /* EngineCredits */ = {
			isa = PBXGroup;
			children = (
				5D46024719080EC100F73DC3 /* HudCredits.cpp */,
				5D46024819080EC100F73DC3 /* HudCredits.h */,
				5D46023419080E7200F73DC3 /* EngineCredits.cpp */,
				5D46023519080E7200F73DC3 /* EngineCredits.h */,
			);
			name = EngineCredits;
			sourceTree = "<group>";
		};
		5D46024619080E9400F73DC3 /* BaseClasses */ = {
			isa = PBXGroup;
			children = (
				5DFB685D19297AFB00B07365 /* HudElements.cpp */,
				5DFB685E19297AFB00B07365 /* HudElements.h */,
				5D1EAEB11864D54B004C9756 /* Hud.cpp */,
				5D1EAEB21864D54B004C9756 /* Hud.h */,
				5D46024019080E8E00F73DC3 /* Engine.cpp */,
				5D46024119080E8E00F73DC3 /* Engine.h */,
			);
			name = BaseClasses;
			sourceTree = "<group>";
		};
		5D46025319080F3800F73DC3 /* GameObjects */ = {
			isa = PBXGroup;
			children = (
				5D46025519080FEE00F73DC3 /* Powerup.cpp */,
				5D46025619080FEE00F73DC3 /* Powerup.h */,
				5DF940E417F4B14F0082C239 /* Pod.cpp */,
				5DF940E517F4B14F0082C239 /* Pod.h */,
				5DF940E617F4B14F0082C239 /* Tunnel.cpp */,
				5DF940E717F4B14F0082C239 /* Tunnel.h */,
				5DF940E817F4B14F0082C239 /* TunnelSlice.cpp */,
				5DF940E917F4B14F0082C239 /* TunnelSlice.h */,
				5DF940EC17F4B1500082C239 /* Vine.cpp */,
				5DF940ED17F4B1500082C239 /* Vine.h */,
			);
			name = GameObjects;
			sourceTree = "<group>";
		};
		5D46025419080F4D00F73DC3 /* Player */ = {
			isa = PBXGroup;
			children = (
				5DFB686019297B0800B07365 /* TutorialManager.cpp */,
				5DFB686119297B0800B07365 /* TutorialManager.h */,
				5DCDDD8F1911719200CF67F1 /* PlayerLevel.cpp */,
				5DCDDD901911719200CF67F1 /* PlayerLevel.h */,
				5DCDDD911911719200CF67F1 /* PlayerProgress.cpp */,
				5DCDDD921911719200CF67F1 /* PlayerProgress.h */,
				5D2D422D18CE32BA0035786C /* Score.cpp */,
				5D2D422E18CE32BA0035786C /* Score.h */,
				5DF1087118C41BF800FD25E4 /* Player.cpp */,
				5DF940E317F4B14F0082C239 /* Player.h */,
			);
			name = Player;
			sourceTree = "<group>";
		};
		5D709B0119CCF31F00A4CEEE /* EngineSchedulerMenu */ = {
			isa = PBXGroup;
			children = (
				5D709B0419CCF33400A4CEEE /* HudSchedulerMenu.cpp */,
				5D709B0519CCF33400A4CEEE /* HudSchedulerMenu.h */,
				5D709B0219CCF33400A4CEEE /* EngineSchedulerMenu.cpp */,
				5D709B0319CCF33400A4CEEE /* EngineSchedulerMenu.h */,
			);
			name = EngineSchedulerMenu;
			sourceTree = "<group>";
		};
		5DDD51D6195CBE0E00F82DBF /* EngineMainSettings */ = {
			isa = PBXGroup;
			children = (
				5DDD51D7195CBE5F00F82DBF /* HudMainSettings.cpp */,
				5DDD51D8195CBE5F00F82DBF /* HudMainSettings.h */,
				5DDD51DA195CBE6A00F82DBF /* EngineMainSettings.cpp */,
				5DDD51DB195CBE6A00F82DBF /* EngineMainSettings.h */,
			);
			name = EngineMainSettings;
			sourceTree = "<group>";
		};
		5DF9406917F4AF360082C239 = {
			isa = PBXGroup;
			children = (
				3F5A87B918BE90F0003C6741 /* Images.xcassets */,
				5D39FA3018274B3F009C8A4C /* Default-568h@2x.png */,
				5DF9408017F4AF360082C239 /* VinezorsiOS */,
				5DF9407517F4AF360082C239 /* Frameworks */,
				5DF9407417F4AF360082C239 /* Products */,
			);
			sourceTree = "<group>";
		};
		5DF9407417F4AF360082C239 /* Products */ = {
			isa = PBXGroup;
			children = (
				5DF9407317F4AF360082C239 /* RecallGame.app */,
			);
			name = Products;
			sourceTree = "<group>";
		};
		5DF9407517F4AF360082C239 /* Frameworks */ = {
			isa = PBXGroup;
			children = (
				C96089DE1B14FDF4000EF16D /* CoreMotion.framework */,
				5DF940F417F4B4A40082C239 /* OpenAL.framework */,
				5DF9407617F4AF360082C239 /* CoreGraphics.framework */,
				5DF9407817F4AF360082C239 /* Foundation.framework */,
				5DF9407A17F4AF360082C239 /* OpenGLES.framework */,
				5DF9407C17F4AF360082C239 /* QuartzCore.framework */,
				5DF9407E17F4AF360082C239 /* UIKit.framework */,
			);
			name = Frameworks;
			sourceTree = "<group>";
		};
		5DF9408017F4AF360082C239 /* VinezorsiOS */ = {
			isa = PBXGroup;
			children = (
				5DF9408417F4AF360082C239 /* InfoPlist.strings */,
				5DF9408917F4AF360082C239 /* Source */,
				5DF9409217F4AF370082C239 /* Resources */,
				5DF9408117F4AF360082C239 /* Supporting Files */,
			);
			path = VinezorsiOS;
			sourceTree = "<group>";
		};
		5DF9408117F4AF360082C239 /* Supporting Files */ = {
			isa = PBXGroup;
			children = (
				5DF9408217F4AF360082C239 /* VinezorsiOS-Prefix.pch */,
				5DF9408317F4AF360082C239 /* VinezorsiOS-Info.plist */,
			);
			name = "Supporting Files";
			sourceTree = "<group>";
		};
		5DF9408917F4AF360082C239 /* Source */ = {
			isa = PBXGroup;
			children = (
				5DF9408717F4AF360082C239 /* main.mm */,
				5DF9408B17F4AF360082C239 /* OgreApp.cpp */,
				5DF9408D17F4AF360082C239 /* OgreApp.h */,
				5DF940EA17F4B14F0082C239 /* Util.cpp */,
				5DF940EB17F4B14F0082C239 /* Util.h */,
				5D260D6E18A9CD85006C91AC /* Classes */,
				5D260D6D18A9CCC6006C91AC /* Framework */,
			);
			name = Source;
			sourceTree = "<group>";
		};
		5DF9409217F4AF370082C239 /* Resources */ = {
			isa = PBXGroup;
			children = (
				5DF940D717F4AF370082C239 /* ogre.cfg */,
				5DF940D917F4AF370082C239 /* plugins.cfg */,
				5DF940DB17F4AF370082C239 /* resources.cfg */,
			);
			name = Resources;
			sourceTree = "<group>";
		};
		C93653A71ABAA4DA00AB16B1 /* EngineInformation */ = {
			isa = PBXGroup;
			children = (
				C93653A81ABAA52400AB16B1 /* HudInformation.h */,
				C93653A91ABAA53500AB16B1 /* HudInformation.cpp */,
				C93653AB1ABAA55B00AB16B1 /* EngineInformation.cpp */,
				C93653AC1ABAA55B00AB16B1 /* EngineInformation.h */,
			);
			name = EngineInformation;
			sourceTree = "<group>";
		};
		C95D55391AB8C75500589A57 /* EngineStudySettings */ = {
			isa = PBXGroup;
			children = (
				C95D553A1AB8C77E00589A57 /* EngineStudySettings.cpp */,
				C95D553B1AB8C77E00589A57 /* EngineStudySettings.h */,
				C95D553C1AB8C77E00589A57 /* HudStudySettings.cpp */,
				C95D553D1AB8C77E00589A57 /* HudStudySettings.h */,
			);
			name = EngineStudySettings;
			sourceTree = "<group>";
		};
		C964894A1AF012EF00157E50 /* EngineTabSettings */ = {
			isa = PBXGroup;
			children = (
				C964894B1AF0134000157E50 /* EngineTabSettings.cpp */,
				C964894C1AF0134000157E50 /* EngineTabSettings.h */,
				C964894E1AF0138A00157E50 /* HudTabSettings.cpp */,
				C964894F1AF0138A00157E50 /* HudTabSettings.h */,
			);
			name = EngineTabSettings;
			sourceTree = "<group>";
		};
/* End PBXGroup section */

/* Begin PBXNativeTarget section */
		5DF9407217F4AF360082C239 /* RecallGame */ = {
			isa = PBXNativeTarget;
			buildConfigurationList = 5DF940DF17F4AF370082C239 /* Build configuration list for PBXNativeTarget "RecallGame" */;
			buildPhases = (
				5DF9406E17F4AF360082C239 /* Sources */,
				5DF9406F17F4AF360082C239 /* Frameworks */,
				5DF9407017F4AF360082C239 /* Resources */,
				5DF9407117F4AF360082C239 /* ShellScript */,
			);
			buildRules = (
			);
			dependencies = (
			);
			name = RecallGame;
			productName = VinezorsiOS;
			productReference = 5DF9407317F4AF360082C239 /* RecallGame.app */;
			productType = "com.apple.product-type.application";
		};
/* End PBXNativeTarget section */

/* Begin PBXProject section */
		5DF9406A17F4AF360082C239 /* Project object */ = {
			isa = PBXProject;
			attributes = {
				LastUpgradeCheck = 0500;
				TargetAttributes = {
					5DF9407217F4AF360082C239 = {
						DevelopmentTeam = 242KYAS2N4;
						SystemCapabilities = {
							com.apple.DataProtection = {
								enabled = 0;
							};
							com.apple.GameCenter = {
								enabled = 0;
							};
							com.apple.InAppPurchase = {
								enabled = 0;
							};
							com.apple.iCloud = {
								enabled = 0;
							};
						};
					};
				};
			};
			buildConfigurationList = 5DF9406D17F4AF360082C239 /* Build configuration list for PBXProject "VinezorsiOS" */;
			compatibilityVersion = "Xcode 3.2";
			developmentRegion = English;
			hasScannedForEncodings = 0;
			knownRegions = (
				en,
			);
			mainGroup = 5DF9406917F4AF360082C239;
			productRefGroup = 5DF9407417F4AF360082C239 /* Products */;
			projectDirPath = "";
			projectRoot = "";
			targets = (
				5DF9407217F4AF360082C239 /* RecallGame */,
			);
		};
/* End PBXProject section */

/* Begin PBXResourcesBuildPhase section */
		5DF9407017F4AF360082C239 /* Resources */ = {
			isa = PBXResourcesBuildPhase;
			buildActionMask = 2147483647;
			files = (
				5DF9408617F4AF360082C239 /* InfoPlist.strings in Resources */,
				3F5A87BA18BE90F0003C6741 /* Images.xcassets in Resources */,
				5DF940D817F4AF370082C239 /* ogre.cfg in Resources */,
				5DFB00D518A4F057005452C6 /* MainView.storyboard in Resources */,
				5DF940DA17F4AF370082C239 /* plugins.cfg in Resources */,
				5DF940DC17F4AF370082C239 /* resources.cfg in Resources */,
				5D39FA2F182741C0009C8A4C /* SimpleMenu.storyboard in Resources */,
				5D39FA3118274B3F009C8A4C /* Default-568h@2x.png in Resources */,
			);
			runOnlyForDeploymentPostprocessing = 0;
		};
/* End PBXResourcesBuildPhase section */

/* Begin PBXShellScriptBuildPhase section */
		5DF9407117F4AF360082C239 /* ShellScript */ = {
			isa = PBXShellScriptBuildPhase;
			buildActionMask = 2147483647;
			files = (
			);
			inputPaths = (
			);
			outputPaths = (
			);
			runOnlyForDeploymentPostprocessing = 0;
			shellPath = /bin/bash;
			shellScript = "# This shell script simply copies resources into their respective locations\nditto \"$PROJECT_DIR/$PROJECT_NAME/media/\" \"$BUILT_PRODUCTS_DIR/$PRODUCT_NAME.app/media/\"\nditto $PROJECT_DIR/$PROJECT_NAME/*.cfg \"$BUILT_PRODUCTS_DIR/$PRODUCT_NAME.app/\"\n";
		};
/* End PBXShellScriptBuildPhase section */

/* Begin PBXSourcesBuildPhase section */
		5DF9406E17F4AF360082C239 /* Sources */ = {
			isa = PBXSourcesBuildPhase;
			buildActionMask = 2147483647;
			files = (
				5DE7BCB519F6E6B800FA4EEE /* macPath.mm in Sources */,
				5DF598A918852ADD00F85646 /* OgreView.mm in Sources */,
				5DF141CE190C8F9500AF2960 /* LevelSet.cpp in Sources */,
				5D196F58193D0E990042DEA0 /* HudControlSettings.cpp in Sources */,
				C93653AD1ABAA55B00AB16B1 /* EngineInformation.cpp in Sources */,
				5D39FA341827528A009C8A4C /* SimpleMenuViewController.mm in Sources */,
				5DFB685F19297AFB00B07365 /* HudElements.cpp in Sources */,
				5DF9408817F4AF360082C239 /* main.mm in Sources */,
				C96489501AF0138A00157E50 /* HudTabSettings.cpp in Sources */,
				5D46024C19080EC900F73DC3 /* HudMainMenu.cpp in Sources */,
				C95D553E1AB8C77E00589A57 /* EngineStudySettings.cpp in Sources */,
				5DCDDD941911719200CF67F1 /* PlayerProgress.cpp in Sources */,
				5D46024919080EC100F73DC3 /* HudCredits.cpp in Sources */,
				5DDD51DC195CBE6A00F82DBF /* EngineMainSettings.cpp in Sources */,
				5DCDDD931911719200CF67F1 /* PlayerLevel.cpp in Sources */,
				5D46023F19080E8500F73DC3 /* EngineLevelSelection.cpp in Sources */,
				5DF1087218C41BF800FD25E4 /* Player.cpp in Sources */,
				5D2A13B018B82E8E002D8C6F /* Networking.mm in Sources */,
				5D46023C19080E7F00F73DC3 /* EngineStage.cpp in Sources */,
				5DF9408C17F4AF360082C239 /* OgreApp.cpp in Sources */,
				5D2D422F18CE32BA0035786C /* Score.cpp in Sources */,
				5DDD51D9195CBE5F00F82DBF /* HudMainSettings.cpp in Sources */,
				5D709B0719CCF33400A4CEEE /* HudSchedulerMenu.cpp in Sources */,
				5DFB00CF18A15D27005452C6 /* LevelManager.cpp in Sources */,
				5DF9408F17F4AF360082C239 /* OgreFramework.cpp in Sources */,
				C964894D1AF0134000157E50 /* EngineTabSettings.cpp in Sources */,
				5D46025219080ED500F73DC3 /* HudLevelSelection.cpp in Sources */,
				5DF940EF17F4B1500082C239 /* Pod.cpp in Sources */,
				5D46025719080FEE00F73DC3 /* Powerup.cpp in Sources */,
				5DF597A818848E0100F85646 /* AppDelegate.mm in Sources */,
				5D46024F19080ECF00F73DC3 /* HudStage.cpp in Sources */,
				5D46023619080E7200F73DC3 /* EngineCredits.cpp in Sources */,
				5D709B0619CCF33400A4CEEE /* EngineSchedulerMenu.cpp in Sources */,
				5DFB686219297B0800B07365 /* TutorialManager.cpp in Sources */,
				C93653AA1ABAA53500AB16B1 /* HudInformation.cpp in Sources */,
				5DF940F017F4B1500082C239 /* Tunnel.cpp in Sources */,
				5DF940F117F4B1500082C239 /* TunnelSlice.cpp in Sources */,
				5DF598AF188537FD00F85646 /* MainViewController.mm in Sources */,
				5D46024519080E8E00F73DC3 /* EngineStateManager.cpp in Sources */,
				5D196F55193D0E920042DEA0 /* EngineControlsSettings.cpp in Sources */,
				C95D553F1AB8C77E00589A57 /* HudStudySettings.cpp in Sources */,
				5D46023919080E7900F73DC3 /* EngineMainMenu.cpp in Sources */,
				5DF940F217F4B1500082C239 /* Util.cpp in Sources */,
				5DC32AC719D0E91900277C5C /* LevelScheduler.cpp in Sources */,
				5D46024419080E8E00F73DC3 /* Engine.cpp in Sources */,
				5D1EAEB31864D54B004C9756 /* Hud.cpp in Sources */,
				5DF940F317F4B1500082C239 /* Vine.cpp in Sources */,
			);
			runOnlyForDeploymentPostprocessing = 0;
		};
/* End PBXSourcesBuildPhase section */

/* Begin PBXVariantGroup section */
		5DF9408417F4AF360082C239 /* InfoPlist.strings */ = {
			isa = PBXVariantGroup;
			children = (
				5DF9408517F4AF360082C239 /* en */,
			);
			name = InfoPlist.strings;
			sourceTree = "<group>";
		};
/* End PBXVariantGroup section */

/* Begin XCBuildConfiguration section */
		5DF940DD17F4AF370082C239 /* Debug */ = {
			isa = XCBuildConfiguration;
			buildSettings = {
				CLANG_CXX_LANGUAGE_STANDARD = "compiler-default";
				CLANG_CXX_LIBRARY = "compiler-default";
				"CODE_SIGN_IDENTITY[sdk=iphoneos*]" = "iPhone Developer: Calvin Phung (QJ27UTZJS2)";
				COPY_PHASE_STRIP = NO;
				GCC_INLINES_ARE_PRIVATE_EXTERN = No;
				GCC_PRECOMPILE_PREFIX_HEADER = YES;
				GCC_PREFIX_HEADER = "VinezorsiOS/VinezorsiOS-Prefix.pch";
				GCC_SYMBOLS_PRIVATE_EXTERN = No;
				GCC_THUMB_SUPPORT = "";
				HEADER_SEARCH_PATHS = (
					"\"$(OGRE_SDK_ROOT)/include/OGRE\"",
					"\"$(OGRE_SDK_ROOT)/include/OGRE/RenderSystems/GLES2\"",
					"\"$(OGRE_SDK_ROOT)/include/OGRE/Overlay\"",
					"\"$(OGRE_SDK_ROOT)/include/OGRE/RTShaderSystem\"",
					"\"$(OGRE_SDK_ROOT)/include/OGRE/iOS\"",
					"\"$(OGRE_SDK_ROOT)/include\"",
					"\"$(OGRE_SDK_ROOT)/include/OIS\"",
					"\"$(OGRE_SDK_ROOT)/iOSDependencies/include\"",
					"\"$(OGRE_SDK_ROOT)/include/OGRE/Plugins/ParticleFX\"",
					"\"$(OGGSOUND_SDK_ROOT)\"",
					"\"$(OGGSOUND_SDK_ROOT)/include\"",
				);
				INFOPLIST_FILE = "VinezorsiOS/VinezorsiOS-Info.plist";
				IPHONEOS_DEPLOYMENT_TARGET = 6.1;
				LIBRARY_SEARCH_PATHS = (
					"\"$(OGRE_SDK_ROOT)/lib/Release\"",
					"\"$(OGRE_SDK_ROOT)/iOSDependencies/lib/release\"",
					"\"$(OGRE_SDK_ROOT)/iOSDependencies/lib\"",
					"\"$(OGGSOUND_SDK_ROOT)/build/build\"",
				);
				OGGSOUND_SDK_ROOT = "~/OgreOggSound-v1.26";
				OGRE_SDK_ROOT = "~/OgreSDKIOS";
				ONLY_ACTIVE_ARCH = YES;
				PRODUCT_NAME = "$(TARGET_NAME)";
				SDKROOT = iphoneos;
				TARGETED_DEVICE_FAMILY = "1,2";
				VALID_ARCHS = "armv7 armv7s arm64";
				WRAPPER_EXTENSION = app;
			};
			name = Debug;
		};
		5DF940DE17F4AF370082C239 /* Release */ = {
			isa = XCBuildConfiguration;
			buildSettings = {
				CLANG_CXX_LANGUAGE_STANDARD = "compiler-default";
				CLANG_CXX_LIBRARY = "compiler-default";
				"CODE_SIGN_IDENTITY[sdk=iphoneos*]" = "iPhone Developer: Calvin Phung (QJ27UTZJS2)";
				COPY_PHASE_STRIP = YES;
				DEBUG_INFORMATION_FORMAT = "dwarf-with-dsym";
				GCC_INLINES_ARE_PRIVATE_EXTERN = No;
				GCC_PRECOMPILE_PREFIX_HEADER = YES;
				GCC_PREFIX_HEADER = "VinezorsiOS/VinezorsiOS-Prefix.pch";
				GCC_SYMBOLS_PRIVATE_EXTERN = No;
				GCC_THUMB_SUPPORT = "";
				HEADER_SEARCH_PATHS = (
					"\"$(OGRE_SDK_ROOT)/include/OGRE\"",
					"\"$(OGRE_SDK_ROOT)/include/OGRE/RenderSystems/GLES2\"",
					"\"$(OGRE_SDK_ROOT)/include/OGRE/Overlay\"",
					"\"$(OGRE_SDK_ROOT)/include/OGRE/RTShaderSystem\"",
					"\"$(OGRE_SDK_ROOT)/include/OGRE/iOS\"",
					"\"$(OGRE_SDK_ROOT)/include\"",
					"\"$(OGRE_SDK_ROOT)/include/OIS\"",
					"\"$(OGRE_SDK_ROOT)/iOSDependencies/include\"",
					"\"$(OGRE_SDK_ROOT)/include/OGRE/Plugins/ParticleFX\"",
					"\"$(OGGSOUND_SDK_ROOT)\"",
					"\"$(OGGSOUND_SDK_ROOT)/include\"",
				);
				INFOPLIST_FILE = "VinezorsiOS/VinezorsiOS-Info.plist";
				IPHONEOS_DEPLOYMENT_TARGET = 6.1;
				LIBRARY_SEARCH_PATHS = (
					"\"$(OGRE_SDK_ROOT)/lib/Release\"",
					"\"$(OGRE_SDK_ROOT)/iOSDependencies/lib/release\"",
					"\"$(OGRE_SDK_ROOT)/iOSDependencies/lib\"",
					"\"$(OGGSOUND_SDK_ROOT)/build/build\"",
				);
				OGGSOUND_SDK_ROOT = "~/OgreOggSound-v1.26";
				OGRE_SDK_ROOT = "~/OgreSDKIOS";
				PRODUCT_NAME = "$(TARGET_NAME)";
				SDKROOT = iphoneos;
				TARGETED_DEVICE_FAMILY = "1,2";
				VALID_ARCHS = "armv7 armv7s arm64";
				WRAPPER_EXTENSION = app;
			};
			name = Release;
		};
		5DF940E017F4AF370082C239 /* Debug */ = {
			isa = XCBuildConfiguration;
			buildSettings = {
				ASSETCATALOG_COMPILER_APPICON_NAME = AppIcon;
				ASSETCATALOG_COMPILER_LAUNCHIMAGE_NAME = LaunchImage;
				CLANG_CXX_LANGUAGE_STANDARD = "c++0x";
				CLANG_CXX_LIBRARY = "libc++";
				CODE_SIGN_IDENTITY = "iPhone Developer";
				"CODE_SIGN_IDENTITY[sdk=iphoneos*]" = "iPhone Developer";
				HEADER_SEARCH_PATHS = "$(inherited)";
				IPHONEOS_DEPLOYMENT_TARGET = 6.0;
				LIBRARY_SEARCH_PATHS = "$(inherited)";
				ONLY_ACTIVE_ARCH = NO;
				OTHER_CFLAGS = "-DOGRE_USE_GLES2=1";
				OTHER_LDFLAGS = (
					"-lOIS",
					"-lOgreMainStatic",
					"-lOgreOverlayStatic",
					"-lRenderSystem_GLES2Static",
					"-lOgreRTShaderSystemStatic",
					"-lglsl_optimizer",
					"-lboost_system",
					"-lboost_chrono",
					"-lboost_date_time",
					"-lboost_thread",
					"-lboost_atomic",
					"-lFreeType",
					"-lFreeImage",
					"-lzzip",
					"-lz",
					"-lOgreOggSoundiOS",
					"-lPlugin_ParticleFXStatic",
				);
				PROVISIONING_PROFILE = "333ef143-53b4-40e9-a7b6-67334a8f5736";
				TARGETED_DEVICE_FAMILY = 2;
				VALID_ARCHS = "arm64 armv7 armv7s";
			};
			name = Debug;
		};
		5DF940E117F4AF370082C239 /* Release */ = {
			isa = XCBuildConfiguration;
			buildSettings = {
				ASSETCATALOG_COMPILER_APPICON_NAME = AppIcon;
				ASSETCATALOG_COMPILER_LAUNCHIMAGE_NAME = LaunchImage;
				CLANG_CXX_LANGUAGE_STANDARD = "c++0x";
				CLANG_CXX_LIBRARY = "libc++";
				CODE_SIGN_IDENTITY = "iPhone Developer";
				"CODE_SIGN_IDENTITY[sdk=iphoneos*]" = "iPhone Developer";
				HEADER_SEARCH_PATHS = "$(inherited)";
				IPHONEOS_DEPLOYMENT_TARGET = 6.0;
				LIBRARY_SEARCH_PATHS = "$(inherited)";
				OTHER_CFLAGS = "-DOGRE_USE_GLES2=1";
				OTHER_LDFLAGS = (
					"-lOIS",
					"-lOgreMainStatic",
					"-lOgreOverlayStatic",
					"-lRenderSystem_GLES2Static",
					"-lOgreRTShaderSystemStatic",
					"-lglsl_optimizer",
					"-lboost_system",
					"-lboost_chrono",
					"-lboost_date_time",
					"-lboost_thread",
					"-lboost_atomic",
					"-lFreeType",
					"-lFreeImage",
					"-lzzip",
					"-lz",
					"-lOgreOggSoundiOS",
					"-lPlugin_ParticleFXStatic",
				);
				PROVISIONING_PROFILE = "333ef143-53b4-40e9-a7b6-67334a8f5736";
				TARGETED_DEVICE_FAMILY = 2;
				VALID_ARCHS = "arm64 armv7 armv7s";
			};
			name = Release;
		};
/* End XCBuildConfiguration section */

/* Begin XCConfigurationList section */
		5DF9406D17F4AF360082C239 /* Build configuration list for PBXProject "VinezorsiOS" */ = {
			isa = XCConfigurationList;
			buildConfigurations = (
				5DF940DD17F4AF370082C239 /* Debug */,
				5DF940DE17F4AF370082C239 /* Release */,
			);
			defaultConfigurationIsVisible = 0;
			defaultConfigurationName = Release;
		};
		5DF940DF17F4AF370082C239 /* Build configuration list for PBXNativeTarget "RecallGame" */ = {
			isa = XCConfigurationList;
			buildConfigurations = (
				5DF940E017F4AF370082C239 /* Debug */,
				5DF940E117F4AF370082C239 /* Release */,
			);
			defaultConfigurationIsVisible = 0;
			defaultConfigurationName = Release;
		};
/* End XCConfigurationList section */
	};
	rootObject = 5DF9406A17F4AF360082C239 /* Project object */;
}
