// !$*UTF8*$!
{
	archiveVersion = 1;
	classes = {
	};
	objectVersion = 46;
	objects = {

/* Begin PBXBuildFile section */
		5D2D423518CE497F0035786C /* Score.cpp in Sources */ = {isa = PBXBuildFile; fileRef = 5D2D423318CE497F0035786C /* Score.cpp */; };
		5D3041C518431C3800BD26C0 /* Hud.cpp in Sources */ = {isa = PBXBuildFile; fileRef = 5D3041C318431C3800BD26C0 /* Hud.cpp */; };
		5D58C8E81AE069520007B7F5 /* LevelManager.cpp in Sources */ = {isa = PBXBuildFile; fileRef = 5D58C8DE1AE069520007B7F5 /* LevelManager.cpp */; };
		5D58C8E91AE069520007B7F5 /* Pod.cpp in Sources */ = {isa = PBXBuildFile; fileRef = 5D58C8E01AE069520007B7F5 /* Pod.cpp */; };
		5D58C8EA1AE069520007B7F5 /* Tunnel.cpp in Sources */ = {isa = PBXBuildFile; fileRef = 5D58C8E21AE069520007B7F5 /* Tunnel.cpp */; };
		5D58C8EB1AE069520007B7F5 /* TunnelSlice.cpp in Sources */ = {isa = PBXBuildFile; fileRef = 5D58C8E41AE069520007B7F5 /* TunnelSlice.cpp */; };
		5D58C8EC1AE069520007B7F5 /* Vine.cpp in Sources */ = {isa = PBXBuildFile; fileRef = 5D58C8E61AE069520007B7F5 /* Vine.cpp */; };
		5DA3B27418BB10E4001BFBB9 /* Networking.mm in Sources */ = {isa = PBXBuildFile; fileRef = 5DA3B27318BB10E4001BFBB9 /* Networking.mm */; };
		5DD4D66F1AE06DC50052EA72 /* History.cpp in Sources */ = {isa = PBXBuildFile; fileRef = 5DD4D66D1AE06DC50052EA72 /* History.cpp */; };
		5DE122DC17F0DC6700E49916 /* Player.cpp in Sources */ = {isa = PBXBuildFile; fileRef = 5DE122D917F0DC6700E49916 /* Player.cpp */; };
		5DEB28601899AECB003A90EB /* OgreApp.cpp in Sources */ = {isa = PBXBuildFile; fileRef = 5DEB285E1899AECB003A90EB /* OgreApp.cpp */; };
		B63D37F617DE87EB001A7191 /* Carbon.framework in Frameworks */ = {isa = PBXBuildFile; fileRef = B63D37F517DE87EB001A7191 /* Carbon.framework */; };
		B63D37F817DE87EB001A7191 /* Cocoa.framework in Frameworks */ = {isa = PBXBuildFile; fileRef = B63D37F717DE87EB001A7191 /* Cocoa.framework */; };
		B63D37FA17DE87EB001A7191 /* IOKit.framework in Frameworks */ = {isa = PBXBuildFile; fileRef = B63D37F917DE87EB001A7191 /* IOKit.framework */; };
		B63D37FC17DE87EB001A7191 /* OpenGL.framework in Frameworks */ = {isa = PBXBuildFile; fileRef = B63D37FB17DE87EB001A7191 /* OpenGL.framework */; };
		B63D37FE17DE87EB001A7191 /* QuartzCore.framework in Frameworks */ = {isa = PBXBuildFile; fileRef = B63D37FD17DE87EB001A7191 /* QuartzCore.framework */; };
		B6C64C2217DE8C5B0092CA8E /* InfoPlist.strings in Resources */ = {isa = PBXBuildFile; fileRef = B6C64BEA17DE8C5B0092CA8E /* InfoPlist.strings */; };
		B6C64C2317DE8C5B0092CA8E /* main.mm in Sources */ = {isa = PBXBuildFile; fileRef = B6C64BED17DE8C5B0092CA8E /* main.mm */; };
		B6C64C4417DE8C5B0092CA8E /* ogre.cfg in Resources */ = {isa = PBXBuildFile; fileRef = B6C64C1517DE8C5B0092CA8E /* ogre.cfg */; };
		B6C64C4617DE8C5B0092CA8E /* OgreFramework.cpp in Sources */ = {isa = PBXBuildFile; fileRef = B6C64C1817DE8C5B0092CA8E /* OgreFramework.cpp */; };
		B6C64C4717DE8C5B0092CA8E /* plugins.cfg in Resources */ = {isa = PBXBuildFile; fileRef = B6C64C1A17DE8C5B0092CA8E /* plugins.cfg */; };
		B6C64C4917DE8C5B0092CA8E /* resources.cfg in Resources */ = {isa = PBXBuildFile; fileRef = B6C64C1D17DE8C5B0092CA8E /* resources.cfg */; };
		B6C64C4A17DE8C5B0092CA8E /* Util.cpp in Sources */ = {isa = PBXBuildFile; fileRef = B6C64C1E17DE8C5B0092CA8E /* Util.cpp */; };
		C978E9DF1AB7A0AD00AB3A76 /* libOgreOggSound.dylib in CopyFiles */ = {isa = PBXBuildFile; fileRef = C978E9DE1AB7A0AD00AB3A76 /* libOgreOggSound.dylib */; settings = {ATTRIBUTES = (CodeSignOnCopy, ); }; };
		C978E9E11AB7A0BC00AB3A76 /* Plugin_ParticleFX.framework in CopyFiles */ = {isa = PBXBuildFile; fileRef = C978E9E01AB7A0BC00AB3A76 /* Plugin_ParticleFX.framework */; settings = {ATTRIBUTES = (CodeSignOnCopy, RemoveHeadersOnCopy, ); }; };
		C978E9E31AB7A0CF00AB3A76 /* RenderSystem_GL.framework in CopyFiles */ = {isa = PBXBuildFile; fileRef = C978E9E21AB7A0CF00AB3A76 /* RenderSystem_GL.framework */; settings = {ATTRIBUTES = (CodeSignOnCopy, RemoveHeadersOnCopy, ); }; };
		C978E9E51AB7A0EE00AB3A76 /* OgreOverlay.framework in CopyFiles */ = {isa = PBXBuildFile; fileRef = C978E9E41AB7A0EE00AB3A76 /* OgreOverlay.framework */; settings = {ATTRIBUTES = (CodeSignOnCopy, RemoveHeadersOnCopy, ); }; };
		C978E9E71AB7A0FA00AB3A76 /* Ogre.framework in CopyFiles */ = {isa = PBXBuildFile; fileRef = C978E9E61AB7A0FA00AB3A76 /* Ogre.framework */; settings = {ATTRIBUTES = (CodeSignOnCopy, RemoveHeadersOnCopy, ); }; };
/* End PBXBuildFile section */

/* Begin PBXCopyFilesBuildPhase section */
		B6C64C4C17DE8C740092CA8E /* CopyFiles */ = {
			isa = PBXCopyFilesBuildPhase;
			buildActionMask = 2147483647;
			dstPath = "";
			dstSubfolderSpec = 10;
			files = (
				C978E9E71AB7A0FA00AB3A76 /* Ogre.framework in CopyFiles */,
				C978E9E51AB7A0EE00AB3A76 /* OgreOverlay.framework in CopyFiles */,
				C978E9E31AB7A0CF00AB3A76 /* RenderSystem_GL.framework in CopyFiles */,
				C978E9E11AB7A0BC00AB3A76 /* Plugin_ParticleFX.framework in CopyFiles */,
			);
			runOnlyForDeploymentPostprocessing = 0;
		};
		B6C64C4D17DE8C750092CA8E /* CopyFiles */ = {
			isa = PBXCopyFilesBuildPhase;
			buildActionMask = 2147483647;
			dstPath = "";
			dstSubfolderSpec = 13;
			files = (
				C978E9DF1AB7A0AD00AB3A76 /* libOgreOggSound.dylib in CopyFiles */,
			);
			runOnlyForDeploymentPostprocessing = 0;
		};
		B6C64C4E17DE8C760092CA8E /* Copy Files */ = {
			isa = PBXCopyFilesBuildPhase;
			buildActionMask = 2147483647;
			dstPath = ../Components;
			dstSubfolderSpec = 10;
			files = (
			);
			name = "Copy Files";
			runOnlyForDeploymentPostprocessing = 0;
		};
/* End PBXCopyFilesBuildPhase section */

/* Begin PBXFileReference section */
		5D299E3B18A01EE00014CFA9 /* General.particle */ = {isa = PBXFileReference; fileEncoding = 4; lastKnownFileType = text; path = General.particle; sourceTree = "<group>"; };
		5D2D423318CE497F0035786C /* Score.cpp */ = {isa = PBXFileReference; fileEncoding = 4; lastKnownFileType = sourcecode.cpp.cpp; path = Score.cpp; sourceTree = "<group>"; };
		5D2D423418CE497F0035786C /* Score.h */ = {isa = PBXFileReference; fileEncoding = 4; lastKnownFileType = sourcecode.c.h; path = Score.h; sourceTree = "<group>"; };
		5D3041C318431C3800BD26C0 /* Hud.cpp */ = {isa = PBXFileReference; fileEncoding = 4; lastKnownFileType = sourcecode.cpp.cpp; path = Hud.cpp; sourceTree = "<group>"; };
		5D3041C418431C3800BD26C0 /* Hud.h */ = {isa = PBXFileReference; fileEncoding = 4; lastKnownFileType = sourcecode.c.h; path = Hud.h; sourceTree = "<group>"; };
		5D58C8DE1AE069520007B7F5 /* LevelManager.cpp */ = {isa = PBXFileReference; fileEncoding = 4; lastKnownFileType = sourcecode.cpp.cpp; path = LevelManager.cpp; sourceTree = "<group>"; };
		5D58C8DF1AE069520007B7F5 /* LevelManager.h */ = {isa = PBXFileReference; fileEncoding = 4; lastKnownFileType = sourcecode.c.h; path = LevelManager.h; sourceTree = "<group>"; };
		5D58C8E01AE069520007B7F5 /* Pod.cpp */ = {isa = PBXFileReference; fileEncoding = 4; lastKnownFileType = sourcecode.cpp.cpp; path = Pod.cpp; sourceTree = "<group>"; };
		5D58C8E11AE069520007B7F5 /* Pod.h */ = {isa = PBXFileReference; fileEncoding = 4; lastKnownFileType = sourcecode.c.h; path = Pod.h; sourceTree = "<group>"; };
		5D58C8E21AE069520007B7F5 /* Tunnel.cpp */ = {isa = PBXFileReference; fileEncoding = 4; lastKnownFileType = sourcecode.cpp.cpp; path = Tunnel.cpp; sourceTree = "<group>"; };
		5D58C8E31AE069520007B7F5 /* Tunnel.h */ = {isa = PBXFileReference; fileEncoding = 4; lastKnownFileType = sourcecode.c.h; path = Tunnel.h; sourceTree = "<group>"; };
		5D58C8E41AE069520007B7F5 /* TunnelSlice.cpp */ = {isa = PBXFileReference; fileEncoding = 4; lastKnownFileType = sourcecode.cpp.cpp; path = TunnelSlice.cpp; sourceTree = "<group>"; };
		5D58C8E51AE069520007B7F5 /* TunnelSlice.h */ = {isa = PBXFileReference; fileEncoding = 4; lastKnownFileType = sourcecode.c.h; path = TunnelSlice.h; sourceTree = "<group>"; };
		5D58C8E61AE069520007B7F5 /* Vine.cpp */ = {isa = PBXFileReference; fileEncoding = 4; lastKnownFileType = sourcecode.cpp.cpp; path = Vine.cpp; sourceTree = "<group>"; };
		5D58C8E71AE069520007B7F5 /* Vine.h */ = {isa = PBXFileReference; fileEncoding = 4; lastKnownFileType = sourcecode.c.h; path = Vine.h; sourceTree = "<group>"; };
		5DA3B27218BB10E4001BFBB9 /* Networking.h */ = {isa = PBXFileReference; fileEncoding = 4; lastKnownFileType = sourcecode.c.h; path = Networking.h; sourceTree = "<group>"; };
		5DA3B27318BB10E4001BFBB9 /* Networking.mm */ = {isa = PBXFileReference; fileEncoding = 4; lastKnownFileType = sourcecode.cpp.objcpp; path = Networking.mm; sourceTree = "<group>"; };
		5DD4D66D1AE06DC50052EA72 /* History.cpp */ = {isa = PBXFileReference; fileEncoding = 4; lastKnownFileType = sourcecode.cpp.cpp; path = History.cpp; sourceTree = "<group>"; };
		5DD4D66E1AE06DC50052EA72 /* History.h */ = {isa = PBXFileReference; fileEncoding = 4; lastKnownFileType = sourcecode.c.h; path = History.h; sourceTree = "<group>"; };
		5DE1229617F0DA8200E49916 /* General.material */ = {isa = PBXFileReference; fileEncoding = 4; lastKnownFileType = text; path = General.material; sourceTree = "<group>"; };
		5DE122D917F0DC6700E49916 /* Player.cpp */ = {isa = PBXFileReference; fileEncoding = 4; lastKnownFileType = sourcecode.cpp.cpp; path = Player.cpp; sourceTree = "<group>"; };
		5DE122DA17F0DC6700E49916 /* Player.h */ = {isa = PBXFileReference; fileEncoding = 4; lastKnownFileType = sourcecode.c.h; path = Player.h; sourceTree = "<group>"; };
		5DEB285E1899AECB003A90EB /* OgreApp.cpp */ = {isa = PBXFileReference; fileEncoding = 4; lastKnownFileType = sourcecode.cpp.cpp; path = OgreApp.cpp; sourceTree = "<group>"; };
		5DEB285F1899AECB003A90EB /* OgreApp.h */ = {isa = PBXFileReference; fileEncoding = 4; lastKnownFileType = sourcecode.c.h; path = OgreApp.h; sourceTree = "<group>"; };
		B63D37F217DE87EB001A7191 /* Vinezors2.0.app */ = {isa = PBXFileReference; explicitFileType = wrapper.application; includeInIndex = 0; path = Vinezors2.0.app; sourceTree = BUILT_PRODUCTS_DIR; };
		B63D37F517DE87EB001A7191 /* Carbon.framework */ = {isa = PBXFileReference; lastKnownFileType = wrapper.framework; name = Carbon.framework; path = System/Library/Frameworks/Carbon.framework; sourceTree = SDKROOT; };
		B63D37F717DE87EB001A7191 /* Cocoa.framework */ = {isa = PBXFileReference; lastKnownFileType = wrapper.framework; name = Cocoa.framework; path = System/Library/Frameworks/Cocoa.framework; sourceTree = SDKROOT; };
		B63D37F917DE87EB001A7191 /* IOKit.framework */ = {isa = PBXFileReference; lastKnownFileType = wrapper.framework; name = IOKit.framework; path = System/Library/Frameworks/IOKit.framework; sourceTree = SDKROOT; };
		B63D37FB17DE87EB001A7191 /* OpenGL.framework */ = {isa = PBXFileReference; lastKnownFileType = wrapper.framework; name = OpenGL.framework; path = System/Library/Frameworks/OpenGL.framework; sourceTree = SDKROOT; };
		B63D37FD17DE87EB001A7191 /* QuartzCore.framework */ = {isa = PBXFileReference; lastKnownFileType = wrapper.framework; name = QuartzCore.framework; path = System/Library/Frameworks/QuartzCore.framework; sourceTree = SDKROOT; };
		B6C64BE917DE8C5B0092CA8E /* AppDelegate.h */ = {isa = PBXFileReference; fileEncoding = 4; lastKnownFileType = sourcecode.c.h; path = AppDelegate.h; sourceTree = "<group>"; };
		B6C64BEB17DE8C5B0092CA8E /* en */ = {isa = PBXFileReference; lastKnownFileType = text.plist.strings; name = en; path = en.lproj/InfoPlist.strings; sourceTree = "<group>"; };
		B6C64BED17DE8C5B0092CA8E /* main.mm */ = {isa = PBXFileReference; fileEncoding = 4; lastKnownFileType = sourcecode.cpp.objcpp; path = main.mm; sourceTree = "<group>"; };
		B6C64C1517DE8C5B0092CA8E /* ogre.cfg */ = {isa = PBXFileReference; fileEncoding = 4; lastKnownFileType = text; path = ogre.cfg; sourceTree = "<group>"; };
		B6C64C1817DE8C5B0092CA8E /* OgreFramework.cpp */ = {isa = PBXFileReference; fileEncoding = 4; lastKnownFileType = sourcecode.cpp.cpp; path = OgreFramework.cpp; sourceTree = "<group>"; };
		B6C64C1917DE8C5B0092CA8E /* OgreFramework.h */ = {isa = PBXFileReference; fileEncoding = 4; lastKnownFileType = sourcecode.c.h; path = OgreFramework.h; sourceTree = "<group>"; };
		B6C64C1A17DE8C5B0092CA8E /* plugins.cfg */ = {isa = PBXFileReference; fileEncoding = 4; lastKnownFileType = text; path = plugins.cfg; sourceTree = "<group>"; };
		B6C64C1D17DE8C5B0092CA8E /* resources.cfg */ = {isa = PBXFileReference; fileEncoding = 4; lastKnownFileType = text; path = resources.cfg; sourceTree = "<group>"; };
		B6C64C1E17DE8C5B0092CA8E /* Util.cpp */ = {isa = PBXFileReference; fileEncoding = 4; lastKnownFileType = sourcecode.cpp.cpp; path = Util.cpp; sourceTree = "<group>"; };
		B6C64C1F17DE8C5B0092CA8E /* Util.h */ = {isa = PBXFileReference; fileEncoding = 4; lastKnownFileType = sourcecode.c.h; path = Util.h; sourceTree = "<group>"; };
		B6C64C2017DE8C5B0092CA8E /* Vinezors2.0-Info.plist */ = {isa = PBXFileReference; fileEncoding = 4; lastKnownFileType = text.plist.xml; path = "Vinezors2.0-Info.plist"; sourceTree = "<group>"; };
		B6C64C2117DE8C5B0092CA8E /* Vinezors2.0-Prefix.pch */ = {isa = PBXFileReference; fileEncoding = 4; lastKnownFileType = sourcecode.c.h; path = "Vinezors2.0-Prefix.pch"; sourceTree = "<group>"; };
		C978E9DE1AB7A0AD00AB3A76 /* libOgreOggSound.dylib */ = {isa = PBXFileReference; lastKnownFileType = "compiled.mach-o.dylib"; name = libOgreOggSound.dylib; path = "../../OgreOggSound-v1.26/build/Release/libOgreOggSound.dylib"; sourceTree = "<group>"; };
		C978E9E01AB7A0BC00AB3A76 /* Plugin_ParticleFX.framework */ = {isa = PBXFileReference; lastKnownFileType = wrapper.framework; name = Plugin_ParticleFX.framework; path = ../../OgreSDKOSX/lib/macosx/Release/Plugin_ParticleFX.framework; sourceTree = "<group>"; };
		C978E9E21AB7A0CF00AB3A76 /* RenderSystem_GL.framework */ = {isa = PBXFileReference; lastKnownFileType = wrapper.framework; name = RenderSystem_GL.framework; path = ../../OgreSDKOSX/lib/macosx/Release/RenderSystem_GL.framework; sourceTree = "<group>"; };
		C978E9E41AB7A0EE00AB3A76 /* OgreOverlay.framework */ = {isa = PBXFileReference; lastKnownFileType = wrapper.framework; name = OgreOverlay.framework; path = ../../OgreSDKOSX/lib/macosx/Release/OgreOverlay.framework; sourceTree = "<group>"; };
		C978E9E61AB7A0FA00AB3A76 /* Ogre.framework */ = {isa = PBXFileReference; lastKnownFileType = wrapper.framework; name = Ogre.framework; path = ../../OgreSDKOSX/lib/macosx/Release/Ogre.framework; sourceTree = "<group>"; };
/* End PBXFileReference section */

/* Begin PBXFrameworksBuildPhase section */
		B63D37EE17DE87EB001A7191 /* Frameworks */ = {
			isa = PBXFrameworksBuildPhase;
			buildActionMask = 2147483647;
			files = (
				B63D37F617DE87EB001A7191 /* Carbon.framework in Frameworks */,
				B63D37F817DE87EB001A7191 /* Cocoa.framework in Frameworks */,
				B63D37FA17DE87EB001A7191 /* IOKit.framework in Frameworks */,
				B63D37FC17DE87EB001A7191 /* OpenGL.framework in Frameworks */,
				B63D37FE17DE87EB001A7191 /* QuartzCore.framework in Frameworks */,
			);
			runOnlyForDeploymentPostprocessing = 0;
		};
/* End PBXFrameworksBuildPhase section */

/* Begin PBXGroup section */
		5D04AD3219006C0900E0A98B /* Player */ = {
			isa = PBXGroup;
			children = (
				5D2D423318CE497F0035786C /* Score.cpp */,
				5D2D423418CE497F0035786C /* Score.h */,
				5DE122D917F0DC6700E49916 /* Player.cpp */,
				5DE122DA17F0DC6700E49916 /* Player.h */,
			);
			name = Player;
			sourceTree = "<group>";
		};
		5DE1227F17F0DA8200E49916 /* media */ = {
			isa = PBXGroup;
			children = (
				5DE1229317F0DA8200E49916 /* materials */,
			);
			path = media;
			sourceTree = "<group>";
		};
		5DE1229317F0DA8200E49916 /* materials */ = {
			isa = PBXGroup;
			children = (
				5DE1229417F0DA8200E49916 /* scripts */,
			);
			path = materials;
			sourceTree = "<group>";
		};
		5DE1229417F0DA8200E49916 /* scripts */ = {
			isa = PBXGroup;
			children = (
				5D299E3B18A01EE00014CFA9 /* General.particle */,
				5DE1229617F0DA8200E49916 /* General.material */,
			);
			path = scripts;
			sourceTree = "<group>";
		};
		5DE122E517F0DC8400E49916 /* source */ = {
			isa = PBXGroup;
			children = (
				5DD4D66D1AE06DC50052EA72 /* History.cpp */,
				5DD4D66E1AE06DC50052EA72 /* History.h */,
				5D58C8DE1AE069520007B7F5 /* LevelManager.cpp */,
				5D58C8DF1AE069520007B7F5 /* LevelManager.h */,
				5D58C8E01AE069520007B7F5 /* Pod.cpp */,
				5D58C8E11AE069520007B7F5 /* Pod.h */,
				5D58C8E21AE069520007B7F5 /* Tunnel.cpp */,
				5D58C8E31AE069520007B7F5 /* Tunnel.h */,
				5D58C8E41AE069520007B7F5 /* TunnelSlice.cpp */,
				5D58C8E51AE069520007B7F5 /* TunnelSlice.h */,
				5D58C8E61AE069520007B7F5 /* Vine.cpp */,
				5D58C8E71AE069520007B7F5 /* Vine.h */,
				5D3041C318431C3800BD26C0 /* Hud.cpp */,
				5D3041C418431C3800BD26C0 /* Hud.h */,
				5D04AD3219006C0900E0A98B /* Player */,
				5DA3B27318BB10E4001BFBB9 /* Networking.mm */,
				5DA3B27218BB10E4001BFBB9 /* Networking.h */,
				5DEB285E1899AECB003A90EB /* OgreApp.cpp */,
				5DEB285F1899AECB003A90EB /* OgreApp.h */,
				B6C64C1817DE8C5B0092CA8E /* OgreFramework.cpp */,
				B6C64C1917DE8C5B0092CA8E /* OgreFramework.h */,
				B6C64C1E17DE8C5B0092CA8E /* Util.cpp */,
				B6C64C1F17DE8C5B0092CA8E /* Util.h */,
			);
			name = source;
			sourceTree = "<group>";
		};
		5DF9414517F4D4BC0082C239 /* lib */ = {
			isa = PBXGroup;
			children = (
			);
			name = lib;
			path = Vinezors2.0/lib;
			sourceTree = "<group>";
		};
		B63D37E817DE87EB001A7191 = {
			isa = PBXGroup;
			children = (
				C978E9E61AB7A0FA00AB3A76 /* Ogre.framework */,
				C978E9E41AB7A0EE00AB3A76 /* OgreOverlay.framework */,
				C978E9E21AB7A0CF00AB3A76 /* RenderSystem_GL.framework */,
				C978E9E01AB7A0BC00AB3A76 /* Plugin_ParticleFX.framework */,
				C978E9DE1AB7A0AD00AB3A76 /* libOgreOggSound.dylib */,
				5DF9414517F4D4BC0082C239 /* lib */,
				B6C64BE817DE8C5B0092CA8E /* Vinezors2.0 */,
				B63D37F417DE87EB001A7191 /* Frameworks */,
				B63D37F317DE87EB001A7191 /* Products */,
			);
			sourceTree = "<group>";
		};
		B63D37F317DE87EB001A7191 /* Products */ = {
			isa = PBXGroup;
			children = (
				B63D37F217DE87EB001A7191 /* Vinezors2.0.app */,
			);
			name = Products;
			sourceTree = "<group>";
		};
		B63D37F417DE87EB001A7191 /* Frameworks */ = {
			isa = PBXGroup;
			children = (
				B63D37F517DE87EB001A7191 /* Carbon.framework */,
				B63D37F717DE87EB001A7191 /* Cocoa.framework */,
				B63D37F917DE87EB001A7191 /* IOKit.framework */,
				B63D37FB17DE87EB001A7191 /* OpenGL.framework */,
				B63D37FD17DE87EB001A7191 /* QuartzCore.framework */,
			);
			name = Frameworks;
			sourceTree = "<group>";
		};
		B6C64BE817DE8C5B0092CA8E /* Vinezors2.0 */ = {
			isa = PBXGroup;
			children = (
				B6C64BED17DE8C5B0092CA8E /* main.mm */,
				5DE122E517F0DC8400E49916 /* source */,
				5DE1227F17F0DA8200E49916 /* media */,
				B6C64BE917DE8C5B0092CA8E /* AppDelegate.h */,
				B6C64BEA17DE8C5B0092CA8E /* InfoPlist.strings */,
				B6C64C1517DE8C5B0092CA8E /* ogre.cfg */,
				B6C64C1A17DE8C5B0092CA8E /* plugins.cfg */,
				B6C64C1D17DE8C5B0092CA8E /* resources.cfg */,
				B6C64C2017DE8C5B0092CA8E /* Vinezors2.0-Info.plist */,
				B6C64C2117DE8C5B0092CA8E /* Vinezors2.0-Prefix.pch */,
			);
			path = Vinezors2.0;
			sourceTree = "<group>";
		};
/* End PBXGroup section */

/* Begin PBXNativeTarget section */
		B63D37F117DE87EB001A7191 /* Vinezors2.0 */ = {
			isa = PBXNativeTarget;
			buildConfigurationList = B63D382917DE87EB001A7191 /* Build configuration list for PBXNativeTarget "Vinezors2.0" */;
			buildPhases = (
				B63D37ED17DE87EB001A7191 /* Sources */,
				B63D37EE17DE87EB001A7191 /* Frameworks */,
				B63D37EF17DE87EB001A7191 /* Resources */,
				B63D37F017DE87EB001A7191 /* ShellScript */,
				B6C64C4C17DE8C740092CA8E /* CopyFiles */,
				B6C64C4D17DE8C750092CA8E /* CopyFiles */,
				B6C64C4E17DE8C760092CA8E /* Copy Files */,
			);
			buildRules = (
			);
			dependencies = (
			);
			name = Vinezors2.0;
			productName = Vinezors2.0;
			productReference = B63D37F217DE87EB001A7191 /* Vinezors2.0.app */;
			productType = "com.apple.product-type.application";
		};
/* End PBXNativeTarget section */

/* Begin PBXProject section */
		B63D37E917DE87EB001A7191 /* Project object */ = {
			isa = PBXProject;
			attributes = {
				LastUpgradeCheck = 0510;
			};
			buildConfigurationList = B63D37EC17DE87EB001A7191 /* Build configuration list for PBXProject "Vinezors2.0" */;
			compatibilityVersion = "Xcode 3.2";
			developmentRegion = English;
			hasScannedForEncodings = 0;
			knownRegions = (
				en,
			);
			mainGroup = B63D37E817DE87EB001A7191;
			productRefGroup = B63D37F317DE87EB001A7191 /* Products */;
			projectDirPath = "";
			projectRoot = "";
			targets = (
				B63D37F117DE87EB001A7191 /* Vinezors2.0 */,
			);
		};
/* End PBXProject section */

/* Begin PBXResourcesBuildPhase section */
		B63D37EF17DE87EB001A7191 /* Resources */ = {
			isa = PBXResourcesBuildPhase;
			buildActionMask = 2147483647;
			files = (
				B6C64C2217DE8C5B0092CA8E /* InfoPlist.strings in Resources */,
				B6C64C4417DE8C5B0092CA8E /* ogre.cfg in Resources */,
				B6C64C4717DE8C5B0092CA8E /* plugins.cfg in Resources */,
				B6C64C4917DE8C5B0092CA8E /* resources.cfg in Resources */,
			);
			runOnlyForDeploymentPostprocessing = 0;
		};
/* End PBXResourcesBuildPhase section */

/* Begin PBXShellScriptBuildPhase section */
		B63D37F017DE87EB001A7191 /* ShellScript */ = {
			isa = PBXShellScriptBuildPhase;
			buildActionMask = 2147483647;
			files = (
			);
			inputPaths = (
			);
			outputPaths = (
			);
			runOnlyForDeploymentPostprocessing = 0;
			shellPath = /bin/bash;
			shellScript = "# This shell script simply copies resources into their respective locations\nmkdir -p \"$BUILT_PRODUCTS_DIR/Vinezors2.0.app/Contents/Frameworks\"\nmkdir -p \"$BUILT_PRODUCTS_DIR/Vinezors2.0.app/Contents/Plugins\"\nditto \"$PROJECT_DIR/$PROJECT_NAME/media/\" \"$BUILT_PRODUCTS_DIR/Vinezors2.0.app/Contents/Resources/media/\"\nditto $PROJECT_DIR/$PROJECT_NAME/*.cfg \"$BUILT_PRODUCTS_DIR/Vinezors2.0.app/Contents/Resources/\"\n";
		};
/* End PBXShellScriptBuildPhase section */

/* Begin PBXSourcesBuildPhase section */
		B63D37ED17DE87EB001A7191 /* Sources */ = {
			isa = PBXSourcesBuildPhase;
			buildActionMask = 2147483647;
			files = (
				B6C64C2317DE8C5B0092CA8E /* main.mm in Sources */,
				5D58C8EA1AE069520007B7F5 /* Tunnel.cpp in Sources */,
				B6C64C4617DE8C5B0092CA8E /* OgreFramework.cpp in Sources */,
				5D3041C518431C3800BD26C0 /* Hud.cpp in Sources */,
				5D58C8EC1AE069520007B7F5 /* Vine.cpp in Sources */,
				5D58C8E91AE069520007B7F5 /* Pod.cpp in Sources */,
				5DD4D66F1AE06DC50052EA72 /* History.cpp in Sources */,
				5DA3B27418BB10E4001BFBB9 /* Networking.mm in Sources */,
				B6C64C4A17DE8C5B0092CA8E /* Util.cpp in Sources */,
				5D58C8E81AE069520007B7F5 /* LevelManager.cpp in Sources */,
				5D2D423518CE497F0035786C /* Score.cpp in Sources */,
				5DE122DC17F0DC6700E49916 /* Player.cpp in Sources */,
				5D58C8EB1AE069520007B7F5 /* TunnelSlice.cpp in Sources */,
				5DEB28601899AECB003A90EB /* OgreApp.cpp in Sources */,
			);
			runOnlyForDeploymentPostprocessing = 0;
		};
/* End PBXSourcesBuildPhase section */

/* Begin PBXVariantGroup section */
		B6C64BEA17DE8C5B0092CA8E /* InfoPlist.strings */ = {
			isa = PBXVariantGroup;
			children = (
				B6C64BEB17DE8C5B0092CA8E /* en */,
			);
			name = InfoPlist.strings;
			sourceTree = "<group>";
		};
/* End PBXVariantGroup section */

/* Begin XCBuildConfiguration section */
		B63D382717DE87EB001A7191 /* Debug */ = {
			isa = XCBuildConfiguration;
			buildSettings = {
				CLANG_CXX_LANGUAGE_STANDARD = "c++0x";
				CLANG_CXX_LIBRARY = "libc++";
				COPY_PHASE_STRIP = NO;
				FRAMEWORK_SEARCH_PATHS = (
					"\"$(OGRE_SDK_ROOT)/lib/macosx/Release\"",
					"\"$(OGRE_SDK_ROOT)/Dependencies\"",
				);
				GCC_PRECOMPILE_PREFIX_HEADER = YES;
				GCC_PREFIX_HEADER = "Vinezors2.0/Vinezors2.0-Prefix.pch";
				HEADER_SEARCH_PATHS = (
					"\"$(OGRE_SDK_ROOT)/include/OGRE\"",
					"\"$(OGRE_SDK_ROOT)/include/OGRE/OSX\"",
					"\"$(OGRE_SDK_ROOT)/include/OGRE/Overlay\"",
					"\"$(OGRE_SDK_ROOT)/include/OIS\"",
					"\"$(OGRE_SDK_ROOT)/Dependencies/include\"",
					"\"$(OGRE_SDK_ROOT)/boost\"",
					"\"$(OGGSOUND_SDK_ROOT)\"",
					"\"$(OGGSOUND_SDK_ROOT)/include\"",
				);
				INFOPLIST_FILE = "Vinezors2.0/Vinezors2.0-Info.plist";
				INSTALL_PATH = "";
				LIBRARY_SEARCH_PATHS = (
					"\"$(OGRE_SDK_ROOT)/lib/macosx/Release\"",
					"\"$(OGRE_SDK_ROOT)/lib\"",
					"\"$(OGRE_SDK_ROOT)/Dependencies/lib\"",
					"\"$(OGRE_SDK_ROOT)/Dependencies/lib/Release\"",
					"\"$(OGGSOUND_SDK_ROOT)/build/Release\"",
				);
				MACOSX_DEPLOYMENT_TARGET = 10.8;
				OGGSOUND_SDK_ROOT = "~/OgreOggSound-v1.26";
				OGRE_SDK_ROOT = "~/OgreSDKOSX";
				ONLY_ACTIVE_ARCH = YES;
				OTHER_LDFLAGS = (
					"-lOIS",
					"-lboost_system",
					"-framework",
					Ogre,
					"-framework",
					OgreOverlay,
					"-lOgreOggSound",
				);
				PRODUCT_NAME = "$(TARGET_NAME)";
				SDKROOT = macosx;
				WRAPPER_EXTENSION = app;
			};
			name = Debug;
		};
		B63D382817DE87EB001A7191 /* Release */ = {
			isa = XCBuildConfiguration;
			buildSettings = {
				CLANG_CXX_LANGUAGE_STANDARD = "c++0x";
				CLANG_CXX_LIBRARY = "libc++";
				COPY_PHASE_STRIP = YES;
				DEBUG_INFORMATION_FORMAT = "dwarf-with-dsym";
				FRAMEWORK_SEARCH_PATHS = (
					"\"$(OGRE_SDK_ROOT)/lib/macosx/Release\"",
					"\"$(OGRE_SDK_ROOT)/Dependencies\"",
				);
				GCC_PRECOMPILE_PREFIX_HEADER = YES;
				GCC_PREFIX_HEADER = "Vinezors2.0/Vinezors2.0-Prefix.pch";
				HEADER_SEARCH_PATHS = (
					"\"$(OGRE_SDK_ROOT)/include/OGRE\"",
					"\"$(OGRE_SDK_ROOT)/include/OGRE/OSX\"",
					"\"$(OGRE_SDK_ROOT)/include/OGRE/Overlay\"",
					"\"$(OGRE_SDK_ROOT)/include/OIS\"",
					"\"$(OGRE_SDK_ROOT)/Dependencies/include\"",
					"\"$(OGRE_SDK_ROOT)/boost\"",
					"\"$(OGGSOUND_SDK_ROOT)\"",
					"\"$(OGGSOUND_SDK_ROOT)/include\"",
				);
				INFOPLIST_FILE = "Vinezors2.0/Vinezors2.0-Info.plist";
				INSTALL_PATH = "";
				LIBRARY_SEARCH_PATHS = (
					"\"$(OGRE_SDK_ROOT)/lib/macosx/Release\"",
					"\"$(OGRE_SDK_ROOT)/lib\"",
					"\"$(OGRE_SDK_ROOT)/Dependencies/lib\"",
					"\"$(OGRE_SDK_ROOT)/Dependencies/lib/Release\"",
					"\"$(OGGSOUND_SDK_ROOT)/build/Release\"",
				);
				MACOSX_DEPLOYMENT_TARGET = 10.8;
				OGGSOUND_SDK_ROOT = "~/OgreOggSound-v1.26";
				OGRE_SDK_ROOT = "~/OgreSDKOSX";
				OTHER_LDFLAGS = (
					"-lOIS",
					"-lboost_system",
					"-framework",
					Ogre,
					"-framework",
					OgreOverlay,
					"-lOgreOggSound",
				);
				PRODUCT_NAME = "$(TARGET_NAME)";
				SDKROOT = macosx;
				WRAPPER_EXTENSION = app;
			};
			name = Release;
		};
		B63D382A17DE87EB001A7191 /* Debug */ = {
			isa = XCBuildConfiguration;
			buildSettings = {
				COMBINE_HIDPI_IMAGES = YES;
				FRAMEWORK_SEARCH_PATHS = (
					"$(inherited)",
					/Users/phungc/OgreSDKOSX/lib/macosx/Release,
				);
				HEADER_SEARCH_PATHS = "$(inherited)";
				LIBRARY_SEARCH_PATHS = "$(inherited)";
				OGGSOUND_SDK_ROOT = "~/OgreOggSound-v1.26";
				OGRE_SDK_ROOT = "~/OgreSDKOSX";
				OTHER_LDFLAGS = "$(inherited)";
			};
			name = Debug;
		};
		B63D382B17DE87EB001A7191 /* Release */ = {
			isa = XCBuildConfiguration;
			buildSettings = {
				COMBINE_HIDPI_IMAGES = YES;
				FRAMEWORK_SEARCH_PATHS = (
					"$(inherited)",
					/Users/phungc/OgreSDKOSX/lib/macosx/Release,
				);
				HEADER_SEARCH_PATHS = "$(inherited)";
				LIBRARY_SEARCH_PATHS = "$(inherited)";
				OGGSOUND_SDK_ROOT = "~/OgreOggSound-v1.26";
				OGRE_SDK_ROOT = "~/OgreSDKOSX";
				OTHER_LDFLAGS = "$(inherited)";
			};
			name = Release;
		};
/* End XCBuildConfiguration section */

/* Begin XCConfigurationList section */
		B63D37EC17DE87EB001A7191 /* Build configuration list for PBXProject "Vinezors2.0" */ = {
			isa = XCConfigurationList;
			buildConfigurations = (
				B63D382717DE87EB001A7191 /* Debug */,
				B63D382817DE87EB001A7191 /* Release */,
			);
			defaultConfigurationIsVisible = 0;
			defaultConfigurationName = Release;
		};
		B63D382917DE87EB001A7191 /* Build configuration list for PBXNativeTarget "Vinezors2.0" */ = {
			isa = XCConfigurationList;
			buildConfigurations = (
				B63D382A17DE87EB001A7191 /* Debug */,
				B63D382B17DE87EB001A7191 /* Release */,
			);
			defaultConfigurationIsVisible = 0;
			defaultConfigurationName = Release;
		};
/* End XCConfigurationList section */
	};
	rootObject = B63D37E917DE87EB001A7191 /* Project object */;
}
